// !$*UTF8*$!
{
	archiveVersion = 1;
	classes = {
	};
	objectVersion = 50;
	objects = {

/* Begin PBXBuildFile section */
		8D50B8B5251B68CB00116129 /* FriendTableViewCell.xib in Resources */ = {isa = PBXBuildFile; fileRef = 8D50B8B3251B68CB00116129 /* FriendTableViewCell.xib */; };
		8D50B8BD251B693000116129 /* FriendTableViewCell.swift in Sources */ = {isa = PBXBuildFile; fileRef = 8D50B8BC251B693000116129 /* FriendTableViewCell.swift */; };
		8D5C1EAA251B4A8900A0CB69 /* AppDelegate.swift in Sources */ = {isa = PBXBuildFile; fileRef = 8D5C1EA9251B4A8900A0CB69 /* AppDelegate.swift */; };
		8D5C1EAC251B4A8900A0CB69 /* SceneDelegate.swift in Sources */ = {isa = PBXBuildFile; fileRef = 8D5C1EAB251B4A8900A0CB69 /* SceneDelegate.swift */; };
		8D5C1EAE251B4A8900A0CB69 /* ViewController.swift in Sources */ = {isa = PBXBuildFile; fileRef = 8D5C1EAD251B4A8900A0CB69 /* ViewController.swift */; };
		8D5C1EB1251B4A8900A0CB69 /* Main.storyboard in Resources */ = {isa = PBXBuildFile; fileRef = 8D5C1EAF251B4A8900A0CB69 /* Main.storyboard */; };
		8D5C1EB3251B4A8A00A0CB69 /* Assets.xcassets in Resources */ = {isa = PBXBuildFile; fileRef = 8D5C1EB2251B4A8A00A0CB69 /* Assets.xcassets */; };
		8D5C1EB6251B4A8A00A0CB69 /* LaunchScreen.storyboard in Resources */ = {isa = PBXBuildFile; fileRef = 8D5C1EB4251B4A8A00A0CB69 /* LaunchScreen.storyboard */; };
		8D5C1EC1251B4A8A00A0CB69 /* JsonDataControlTests.swift in Sources */ = {isa = PBXBuildFile; fileRef = 8D5C1EC0251B4A8A00A0CB69 /* JsonDataControlTests.swift */; };
		8D5C1ECC251B4A8A00A0CB69 /* JsonDataControlUITests.swift in Sources */ = {isa = PBXBuildFile; fileRef = 8D5C1ECB251B4A8A00A0CB69 /* JsonDataControlUITests.swift */; };
		8D5C1EDD251B4B5500A0CB69 /* FriendModel.swift in Sources */ = {isa = PBXBuildFile; fileRef = 8D5C1EDC251B4B5500A0CB69 /* FriendModel.swift */; };
/* End PBXBuildFile section */

/* Begin PBXContainerItemProxy section */
		8D5C1EBD251B4A8A00A0CB69 /* PBXContainerItemProxy */ = {
			isa = PBXContainerItemProxy;
			containerPortal = 8D5C1E9E251B4A8900A0CB69 /* Project object */;
			proxyType = 1;
			remoteGlobalIDString = 8D5C1EA5251B4A8900A0CB69;
			remoteInfo = JsonDataControl;
		};
		8D5C1EC8251B4A8A00A0CB69 /* PBXContainerItemProxy */ = {
			isa = PBXContainerItemProxy;
			containerPortal = 8D5C1E9E251B4A8900A0CB69 /* Project object */;
			proxyType = 1;
			remoteGlobalIDString = 8D5C1EA5251B4A8900A0CB69;
			remoteInfo = JsonDataControl;
		};
/* End PBXContainerItemProxy section */

/* Begin PBXFileReference section */
		8D50B8B3251B68CB00116129 /* FriendTableViewCell.xib */ = {isa = PBXFileReference; lastKnownFileType = file.xib; path = FriendTableViewCell.xib; sourceTree = "<group>"; };
		8D50B8BC251B693000116129 /* FriendTableViewCell.swift */ = {isa = PBXFileReference; lastKnownFileType = sourcecode.swift; path = FriendTableViewCell.swift; sourceTree = "<group>"; };
		8D5C1EA6251B4A8900A0CB69 /* JsonDataControl.app */ = {isa = PBXFileReference; explicitFileType = wrapper.application; includeInIndex = 0; path = JsonDataControl.app; sourceTree = BUILT_PRODUCTS_DIR; };
		8D5C1EA9251B4A8900A0CB69 /* AppDelegate.swift */ = {isa = PBXFileReference; lastKnownFileType = sourcecode.swift; path = AppDelegate.swift; sourceTree = "<group>"; };
		8D5C1EAB251B4A8900A0CB69 /* SceneDelegate.swift */ = {isa = PBXFileReference; lastKnownFileType = sourcecode.swift; path = SceneDelegate.swift; sourceTree = "<group>"; };
		8D5C1EAD251B4A8900A0CB69 /* ViewController.swift */ = {isa = PBXFileReference; lastKnownFileType = sourcecode.swift; path = ViewController.swift; sourceTree = "<group>"; };
		8D5C1EB0251B4A8900A0CB69 /* Base */ = {isa = PBXFileReference; lastKnownFileType = file.storyboard; name = Base; path = Base.lproj/Main.storyboard; sourceTree = "<group>"; };
		8D5C1EB2251B4A8A00A0CB69 /* Assets.xcassets */ = {isa = PBXFileReference; lastKnownFileType = folder.assetcatalog; path = Assets.xcassets; sourceTree = "<group>"; };
		8D5C1EB5251B4A8A00A0CB69 /* Base */ = {isa = PBXFileReference; lastKnownFileType = file.storyboard; name = Base; path = Base.lproj/LaunchScreen.storyboard; sourceTree = "<group>"; };
		8D5C1EB7251B4A8A00A0CB69 /* Info.plist */ = {isa = PBXFileReference; lastKnownFileType = text.plist.xml; path = Info.plist; sourceTree = "<group>"; };
		8D5C1EBC251B4A8A00A0CB69 /* JsonDataControlTests.xctest */ = {isa = PBXFileReference; explicitFileType = wrapper.cfbundle; includeInIndex = 0; path = JsonDataControlTests.xctest; sourceTree = BUILT_PRODUCTS_DIR; };
		8D5C1EC0251B4A8A00A0CB69 /* JsonDataControlTests.swift */ = {isa = PBXFileReference; lastKnownFileType = sourcecode.swift; path = JsonDataControlTests.swift; sourceTree = "<group>"; };
		8D5C1EC2251B4A8A00A0CB69 /* Info.plist */ = {isa = PBXFileReference; lastKnownFileType = text.plist.xml; path = Info.plist; sourceTree = "<group>"; };
		8D5C1EC7251B4A8A00A0CB69 /* JsonDataControlUITests.xctest */ = {isa = PBXFileReference; explicitFileType = wrapper.cfbundle; includeInIndex = 0; path = JsonDataControlUITests.xctest; sourceTree = BUILT_PRODUCTS_DIR; };
		8D5C1ECB251B4A8A00A0CB69 /* JsonDataControlUITests.swift */ = {isa = PBXFileReference; lastKnownFileType = sourcecode.swift; path = JsonDataControlUITests.swift; sourceTree = "<group>"; };
		8D5C1ECD251B4A8A00A0CB69 /* Info.plist */ = {isa = PBXFileReference; lastKnownFileType = text.plist.xml; path = Info.plist; sourceTree = "<group>"; };
		8D5C1EDC251B4B5500A0CB69 /* FriendModel.swift */ = {isa = PBXFileReference; lastKnownFileType = sourcecode.swift; path = FriendModel.swift; sourceTree = "<group>"; };
/* End PBXFileReference section */

/* Begin PBXFrameworksBuildPhase section */
		8D5C1EA3251B4A8900A0CB69 /* Frameworks */ = {
			isa = PBXFrameworksBuildPhase;
			buildActionMask = 2147483647;
			files = (
			);
			runOnlyForDeploymentPostprocessing = 0;
		};
		8D5C1EB9251B4A8A00A0CB69 /* Frameworks */ = {
			isa = PBXFrameworksBuildPhase;
			buildActionMask = 2147483647;
			files = (
			);
			runOnlyForDeploymentPostprocessing = 0;
		};
		8D5C1EC4251B4A8A00A0CB69 /* Frameworks */ = {
			isa = PBXFrameworksBuildPhase;
			buildActionMask = 2147483647;
			files = (
			);
			runOnlyForDeploymentPostprocessing = 0;
		};
/* End PBXFrameworksBuildPhase section */

/* Begin PBXGroup section */
		8D5C1E9D251B4A8900A0CB69 = {
			isa = PBXGroup;
			children = (
				8D5C1EA8251B4A8900A0CB69 /* JsonDataControl */,
				8D5C1EBF251B4A8A00A0CB69 /* JsonDataControlTests */,
				8D5C1ECA251B4A8A00A0CB69 /* JsonDataControlUITests */,
				8D5C1EA7251B4A8900A0CB69 /* Products */,
			);
			sourceTree = "<group>";
		};
		8D5C1EA7251B4A8900A0CB69 /* Products */ = {
			isa = PBXGroup;
			children = (
				8D5C1EA6251B4A8900A0CB69 /* JsonDataControl.app */,
				8D5C1EBC251B4A8A00A0CB69 /* JsonDataControlTests.xctest */,
				8D5C1EC7251B4A8A00A0CB69 /* JsonDataControlUITests.xctest */,
			);
			name = Products;
			sourceTree = "<group>";
		};
		8D5C1EA8251B4A8900A0CB69 /* JsonDataControl */ = {
			isa = PBXGroup;
			children = (
				8D5C1EA9251B4A8900A0CB69 /* AppDelegate.swift */,
				8D5C1EAB251B4A8900A0CB69 /* SceneDelegate.swift */,
				8D5C1EAD251B4A8900A0CB69 /* ViewController.swift */,
				8D5C1EAF251B4A8900A0CB69 /* Main.storyboard */,
				8D50B8BC251B693000116129 /* FriendTableViewCell.swift */,
				8D50B8B3251B68CB00116129 /* FriendTableViewCell.xib */,
				8D5C1EDC251B4B5500A0CB69 /* FriendModel.swift */,
				8D5C1EB2251B4A8A00A0CB69 /* Assets.xcassets */,
				8D5C1EB4251B4A8A00A0CB69 /* LaunchScreen.storyboard */,
				8D5C1EB7251B4A8A00A0CB69 /* Info.plist */,
			);
			path = JsonDataControl;
			sourceTree = "<group>";
		};
		8D5C1EBF251B4A8A00A0CB69 /* JsonDataControlTests */ = {
			isa = PBXGroup;
			children = (
				8D5C1EC0251B4A8A00A0CB69 /* JsonDataControlTests.swift */,
				8D5C1EC2251B4A8A00A0CB69 /* Info.plist */,
			);
			path = JsonDataControlTests;
			sourceTree = "<group>";
		};
		8D5C1ECA251B4A8A00A0CB69 /* JsonDataControlUITests */ = {
			isa = PBXGroup;
			children = (
				8D5C1ECB251B4A8A00A0CB69 /* JsonDataControlUITests.swift */,
				8D5C1ECD251B4A8A00A0CB69 /* Info.plist */,
			);
			path = JsonDataControlUITests;
			sourceTree = "<group>";
		};
/* End PBXGroup section */

/* Begin PBXNativeTarget section */
		8D5C1EA5251B4A8900A0CB69 /* JsonDataControl */ = {
			isa = PBXNativeTarget;
			buildConfigurationList = 8D5C1ED0251B4A8A00A0CB69 /* Build configuration list for PBXNativeTarget "JsonDataControl" */;
			buildPhases = (
				8D5C1EA2251B4A8900A0CB69 /* Sources */,
				8D5C1EA3251B4A8900A0CB69 /* Frameworks */,
				8D5C1EA4251B4A8900A0CB69 /* Resources */,
			);
			buildRules = (
			);
			dependencies = (
			);
			name = JsonDataControl;
			productName = JsonDataControl;
			productReference = 8D5C1EA6251B4A8900A0CB69 /* JsonDataControl.app */;
			productType = "com.apple.product-type.application";
		};
		8D5C1EBB251B4A8A00A0CB69 /* JsonDataControlTests */ = {
			isa = PBXNativeTarget;
			buildConfigurationList = 8D5C1ED3251B4A8A00A0CB69 /* Build configuration list for PBXNativeTarget "JsonDataControlTests" */;
			buildPhases = (
				8D5C1EB8251B4A8A00A0CB69 /* Sources */,
				8D5C1EB9251B4A8A00A0CB69 /* Frameworks */,
				8D5C1EBA251B4A8A00A0CB69 /* Resources */,
			);
			buildRules = (
			);
			dependencies = (
				8D5C1EBE251B4A8A00A0CB69 /* PBXTargetDependency */,
			);
			name = JsonDataControlTests;
			productName = JsonDataControlTests;
			productReference = 8D5C1EBC251B4A8A00A0CB69 /* JsonDataControlTests.xctest */;
			productType = "com.apple.product-type.bundle.unit-test";
		};
		8D5C1EC6251B4A8A00A0CB69 /* JsonDataControlUITests */ = {
			isa = PBXNativeTarget;
			buildConfigurationList = 8D5C1ED6251B4A8A00A0CB69 /* Build configuration list for PBXNativeTarget "JsonDataControlUITests" */;
			buildPhases = (
				8D5C1EC3251B4A8A00A0CB69 /* Sources */,
				8D5C1EC4251B4A8A00A0CB69 /* Frameworks */,
				8D5C1EC5251B4A8A00A0CB69 /* Resources */,
			);
			buildRules = (
			);
			dependencies = (
				8D5C1EC9251B4A8A00A0CB69 /* PBXTargetDependency */,
			);
			name = JsonDataControlUITests;
			productName = JsonDataControlUITests;
			productReference = 8D5C1EC7251B4A8A00A0CB69 /* JsonDataControlUITests.xctest */;
			productType = "com.apple.product-type.bundle.ui-testing";
		};
/* End PBXNativeTarget section */

/* Begin PBXProject section */
		8D5C1E9E251B4A8900A0CB69 /* Project object */ = {
			isa = PBXProject;
			attributes = {
				LastSwiftUpdateCheck = 1200;
				LastUpgradeCheck = 1200;
				TargetAttributes = {
					8D5C1EA5251B4A8900A0CB69 = {
						CreatedOnToolsVersion = 12.0;
					};
					8D5C1EBB251B4A8A00A0CB69 = {
						CreatedOnToolsVersion = 12.0;
						TestTargetID = 8D5C1EA5251B4A8900A0CB69;
					};
					8D5C1EC6251B4A8A00A0CB69 = {
						CreatedOnToolsVersion = 12.0;
						TestTargetID = 8D5C1EA5251B4A8900A0CB69;
					};
				};
			};
			buildConfigurationList = 8D5C1EA1251B4A8900A0CB69 /* Build configuration list for PBXProject "JsonDataControl" */;
			compatibilityVersion = "Xcode 9.3";
			developmentRegion = en;
			hasScannedForEncodings = 0;
			knownRegions = (
				en,
				Base,
			);
			mainGroup = 8D5C1E9D251B4A8900A0CB69;
			productRefGroup = 8D5C1EA7251B4A8900A0CB69 /* Products */;
			projectDirPath = "";
			projectRoot = "";
			targets = (
				8D5C1EA5251B4A8900A0CB69 /* JsonDataControl */,
				8D5C1EBB251B4A8A00A0CB69 /* JsonDataControlTests */,
				8D5C1EC6251B4A8A00A0CB69 /* JsonDataControlUITests */,
			);
		};
/* End PBXProject section */

/* Begin PBXResourcesBuildPhase section */
		8D5C1EA4251B4A8900A0CB69 /* Resources */ = {
			isa = PBXResourcesBuildPhase;
			buildActionMask = 2147483647;
			files = (
				8D5C1EB6251B4A8A00A0CB69 /* LaunchScreen.storyboard in Resources */,
				8D5C1EB3251B4A8A00A0CB69 /* Assets.xcassets in Resources */,
				8D5C1EB1251B4A8900A0CB69 /* Main.storyboard in Resources */,
				8D50B8B5251B68CB00116129 /* FriendTableViewCell.xib in Resources */,
			);
			runOnlyForDeploymentPostprocessing = 0;
		};
		8D5C1EBA251B4A8A00A0CB69 /* Resources */ = {
			isa = PBXResourcesBuildPhase;
			buildActionMask = 2147483647;
			files = (
			);
			runOnlyForDeploymentPostprocessing = 0;
		};
		8D5C1EC5251B4A8A00A0CB69 /* Resources */ = {
			isa = PBXResourcesBuildPhase;
			buildActionMask = 2147483647;
			files = (
			);
			runOnlyForDeploymentPostprocessing = 0;
		};
/* End PBXResourcesBuildPhase section */

/* Begin PBXSourcesBuildPhase section */
		8D5C1EA2251B4A8900A0CB69 /* Sources */ = {
			isa = PBXSourcesBuildPhase;
			buildActionMask = 2147483647;
			files = (
				8D5C1EAE251B4A8900A0CB69 /* ViewController.swift in Sources */,
				8D5C1EDD251B4B5500A0CB69 /* FriendModel.swift in Sources */,
				8D50B8BD251B693000116129 /* FriendTableViewCell.swift in Sources */,
				8D5C1EAA251B4A8900A0CB69 /* AppDelegate.swift in Sources */,
				8D5C1EAC251B4A8900A0CB69 /* SceneDelegate.swift in Sources */,
			);
			runOnlyForDeploymentPostprocessing = 0;
		};
		8D5C1EB8251B4A8A00A0CB69 /* Sources */ = {
			isa = PBXSourcesBuildPhase;
			buildActionMask = 2147483647;
			files = (
				8D5C1EC1251B4A8A00A0CB69 /* JsonDataControlTests.swift in Sources */,
			);
			runOnlyForDeploymentPostprocessing = 0;
		};
		8D5C1EC3251B4A8A00A0CB69 /* Sources */ = {
			isa = PBXSourcesBuildPhase;
			buildActionMask = 2147483647;
			files = (
				8D5C1ECC251B4A8A00A0CB69 /* JsonDataControlUITests.swift in Sources */,
			);
			runOnlyForDeploymentPostprocessing = 0;
		};
/* End PBXSourcesBuildPhase section */

/* Begin PBXTargetDependency section */
		8D5C1EBE251B4A8A00A0CB69 /* PBXTargetDependency */ = {
			isa = PBXTargetDependency;
			target = 8D5C1EA5251B4A8900A0CB69 /* JsonDataControl */;
			targetProxy = 8D5C1EBD251B4A8A00A0CB69 /* PBXContainerItemProxy */;
		};
		8D5C1EC9251B4A8A00A0CB69 /* PBXTargetDependency */ = {
			isa = PBXTargetDependency;
			target = 8D5C1EA5251B4A8900A0CB69 /* JsonDataControl */;
			targetProxy = 8D5C1EC8251B4A8A00A0CB69 /* PBXContainerItemProxy */;
		};
/* End PBXTargetDependency section */

/* Begin PBXVariantGroup section */
		8D5C1EAF251B4A8900A0CB69 /* Main.storyboard */ = {
			isa = PBXVariantGroup;
			children = (
				8D5C1EB0251B4A8900A0CB69 /* Base */,
			);
			name = Main.storyboard;
			sourceTree = "<group>";
		};
		8D5C1EB4251B4A8A00A0CB69 /* LaunchScreen.storyboard */ = {
			isa = PBXVariantGroup;
			children = (
				8D5C1EB5251B4A8A00A0CB69 /* Base */,
			);
			name = LaunchScreen.storyboard;
			sourceTree = "<group>";
		};
/* End PBXVariantGroup section */

/* Begin XCBuildConfiguration section */
		8D5C1ECE251B4A8A00A0CB69 /* Debug */ = {
			isa = XCBuildConfiguration;
			buildSettings = {
				ALWAYS_SEARCH_USER_PATHS = NO;
				CLANG_ANALYZER_NONNULL = YES;
				CLANG_ANALYZER_NUMBER_OBJECT_CONVERSION = YES_AGGRESSIVE;
				CLANG_CXX_LANGUAGE_STANDARD = "gnu++14";
				CLANG_CXX_LIBRARY = "libc++";
				CLANG_ENABLE_MODULES = YES;
				CLANG_ENABLE_OBJC_ARC = YES;
				CLANG_ENABLE_OBJC_WEAK = YES;
				CLANG_WARN_BLOCK_CAPTURE_AUTORELEASING = YES;
				CLANG_WARN_BOOL_CONVERSION = YES;
				CLANG_WARN_COMMA = YES;
				CLANG_WARN_CONSTANT_CONVERSION = YES;
				CLANG_WARN_DEPRECATED_OBJC_IMPLEMENTATIONS = YES;
				CLANG_WARN_DIRECT_OBJC_ISA_USAGE = YES_ERROR;
				CLANG_WARN_DOCUMENTATION_COMMENTS = YES;
				CLANG_WARN_EMPTY_BODY = YES;
				CLANG_WARN_ENUM_CONVERSION = YES;
				CLANG_WARN_INFINITE_RECURSION = YES;
				CLANG_WARN_INT_CONVERSION = YES;
				CLANG_WARN_NON_LITERAL_NULL_CONVERSION = YES;
				CLANG_WARN_OBJC_IMPLICIT_RETAIN_SELF = YES;
				CLANG_WARN_OBJC_LITERAL_CONVERSION = YES;
				CLANG_WARN_OBJC_ROOT_CLASS = YES_ERROR;
				CLANG_WARN_QUOTED_INCLUDE_IN_FRAMEWORK_HEADER = YES;
				CLANG_WARN_RANGE_LOOP_ANALYSIS = YES;
				CLANG_WARN_STRICT_PROTOTYPES = YES;
				CLANG_WARN_SUSPICIOUS_MOVE = YES;
				CLANG_WARN_UNGUARDED_AVAILABILITY = YES_AGGRESSIVE;
				CLANG_WARN_UNREACHABLE_CODE = YES;
				CLANG_WARN__DUPLICATE_METHOD_MATCH = YES;
				COPY_PHASE_STRIP = NO;
				DEBUG_INFORMATION_FORMAT = dwarf;
				ENABLE_STRICT_OBJC_MSGSEND = YES;
				ENABLE_TESTABILITY = YES;
				GCC_C_LANGUAGE_STANDARD = gnu11;
				GCC_DYNAMIC_NO_PIC = NO;
				GCC_NO_COMMON_BLOCKS = YES;
				GCC_OPTIMIZATION_LEVEL = 0;
				GCC_PREPROCESSOR_DEFINITIONS = (
					"DEBUG=1",
					"$(inherited)",
				);
				GCC_WARN_64_TO_32_BIT_CONVERSION = YES;
				GCC_WARN_ABOUT_RETURN_TYPE = YES_ERROR;
				GCC_WARN_UNDECLARED_SELECTOR = YES;
				GCC_WARN_UNINITIALIZED_AUTOS = YES_AGGRESSIVE;
				GCC_WARN_UNUSED_FUNCTION = YES;
				GCC_WARN_UNUSED_VARIABLE = YES;
				IPHONEOS_DEPLOYMENT_TARGET = 14.0;
				MTL_ENABLE_DEBUG_INFO = INCLUDE_SOURCE;
				MTL_FAST_MATH = YES;
				ONLY_ACTIVE_ARCH = YES;
				SDKROOT = iphoneos;
				SWIFT_ACTIVE_COMPILATION_CONDITIONS = DEBUG;
				SWIFT_OPTIMIZATION_LEVEL = "-Onone";
			};
			name = Debug;
		};
		8D5C1ECF251B4A8A00A0CB69 /* Release */ = {
			isa = XCBuildConfiguration;
			buildSettings = {
				ALWAYS_SEARCH_USER_PATHS = NO;
				CLANG_ANALYZER_NONNULL = YES;
				CLANG_ANALYZER_NUMBER_OBJECT_CONVERSION = YES_AGGRESSIVE;
				CLANG_CXX_LANGUAGE_STANDARD = "gnu++14";
				CLANG_CXX_LIBRARY = "libc++";
				CLANG_ENABLE_MODULES = YES;
				CLANG_ENABLE_OBJC_ARC = YES;
				CLANG_ENABLE_OBJC_WEAK = YES;
				CLANG_WARN_BLOCK_CAPTURE_AUTORELEASING = YES;
				CLANG_WARN_BOOL_CONVERSION = YES;
				CLANG_WARN_COMMA = YES;
				CLANG_WARN_CONSTANT_CONVERSION = YES;
				CLANG_WARN_DEPRECATED_OBJC_IMPLEMENTATIONS = YES;
				CLANG_WARN_DIRECT_OBJC_ISA_USAGE = YES_ERROR;
				CLANG_WARN_DOCUMENTATION_COMMENTS = YES;
				CLANG_WARN_EMPTY_BODY = YES;
				CLANG_WARN_ENUM_CONVERSION = YES;
				CLANG_WARN_INFINITE_RECURSION = YES;
				CLANG_WARN_INT_CONVERSION = YES;
				CLANG_WARN_NON_LITERAL_NULL_CONVERSION = YES;
				CLANG_WARN_OBJC_IMPLICIT_RETAIN_SELF = YES;
				CLANG_WARN_OBJC_LITERAL_CONVERSION = YES;
				CLANG_WARN_OBJC_ROOT_CLASS = YES_ERROR;
				CLANG_WARN_QUOTED_INCLUDE_IN_FRAMEWORK_HEADER = YES;
				CLANG_WARN_RANGE_LOOP_ANALYSIS = YES;
				CLANG_WARN_STRICT_PROTOTYPES = YES;
				CLANG_WARN_SUSPICIOUS_MOVE = YES;
				CLANG_WARN_UNGUARDED_AVAILABILITY = YES_AGGRESSIVE;
				CLANG_WARN_UNREACHABLE_CODE = YES;
				CLANG_WARN__DUPLICATE_METHOD_MATCH = YES;
				COPY_PHASE_STRIP = NO;
				DEBUG_INFORMATION_FORMAT = "dwarf-with-dsym";
				ENABLE_NS_ASSERTIONS = NO;
				ENABLE_STRICT_OBJC_MSGSEND = YES;
				GCC_C_LANGUAGE_STANDARD = gnu11;
				GCC_NO_COMMON_BLOCKS = YES;
				GCC_WARN_64_TO_32_BIT_CONVERSION = YES;
				GCC_WARN_ABOUT_RETURN_TYPE = YES_ERROR;
				GCC_WARN_UNDECLARED_SELECTOR = YES;
				GCC_WARN_UNINITIALIZED_AUTOS = YES_AGGRESSIVE;
				GCC_WARN_UNUSED_FUNCTION = YES;
				GCC_WARN_UNUSED_VARIABLE = YES;
				IPHONEOS_DEPLOYMENT_TARGET = 14.0;
				MTL_ENABLE_DEBUG_INFO = NO;
				MTL_FAST_MATH = YES;
				SDKROOT = iphoneos;
				SWIFT_COMPILATION_MODE = wholemodule;
				SWIFT_OPTIMIZATION_LEVEL = "-O";
				VALIDATE_PRODUCT = YES;
			};
			name = Release;
		};
		8D5C1ED1251B4A8A00A0CB69 /* Debug */ = {
			isa = XCBuildConfiguration;
			buildSettings = {
				ASSETCATALOG_COMPILER_APPICON_NAME = AppIcon;
				ASSETCATALOG_COMPILER_GLOBAL_ACCENT_COLOR_NAME = AccentColor;
				CODE_SIGN_STYLE = Automatic;
				INFOPLIST_FILE = JsonDataControl/Info.plist;
				LD_RUNPATH_SEARCH_PATHS = (
					"$(inherited)",
					"@executable_path/Frameworks",
				);
				PRODUCT_BUNDLE_IDENTIFIER = com.younoah.JsonDataControl;
				PRODUCT_NAME = "$(TARGET_NAME)";
				SWIFT_VERSION = 5.0;
				TARGETED_DEVICE_FAMILY = "1,2";
			};
			name = Debug;
		};
		8D5C1ED2251B4A8A00A0CB69 /* Release */ = {
			isa = XCBuildConfiguration;
			buildSettings = {
				ASSETCATALOG_COMPILER_APPICON_NAME = AppIcon;
				ASSETCATALOG_COMPILER_GLOBAL_ACCENT_COLOR_NAME = AccentColor;
				CODE_SIGN_STYLE = Automatic;
				INFOPLIST_FILE = JsonDataControl/Info.plist;
				LD_RUNPATH_SEARCH_PATHS = (
					"$(inherited)",
					"@executable_path/Frameworks",
				);
				PRODUCT_BUNDLE_IDENTIFIER = com.younoah.JsonDataControl;
				PRODUCT_NAME = "$(TARGET_NAME)";
				SWIFT_VERSION = 5.0;
				TARGETED_DEVICE_FAMILY = "1,2";
			};
			name = Release;
		};
		8D5C1ED4251B4A8A00A0CB69 /* Debug */ = {
			isa = XCBuildConfiguration;
			buildSettings = {
				ALWAYS_EMBED_SWIFT_STANDARD_LIBRARIES = YES;
				BUNDLE_LOADER = "$(TEST_HOST)";
				CODE_SIGN_STYLE = Automatic;
				INFOPLIST_FILE = JsonDataControlTests/Info.plist;
				IPHONEOS_DEPLOYMENT_TARGET = 14.0;
				LD_RUNPATH_SEARCH_PATHS = (
					"$(inherited)",
					"@executable_path/Frameworks",
					"@loader_path/Frameworks",
				);
				PRODUCT_BUNDLE_IDENTIFIER = com.younoah.JsonDataControlTests;
				PRODUCT_NAME = "$(TARGET_NAME)";
				SWIFT_VERSION = 5.0;
				TARGETED_DEVICE_FAMILY = "1,2";
				TEST_HOST = "$(BUILT_PRODUCTS_DIR)/JsonDataControl.app/JsonDataControl";
			};
			name = Debug;
		};
		8D5C1ED5251B4A8A00A0CB69 /* Release */ = {
			isa = XCBuildConfiguration;
			buildSettings = {
				ALWAYS_EMBED_SWIFT_STANDARD_LIBRARIES = YES;
				BUNDLE_LOADER = "$(TEST_HOST)";
				CODE_SIGN_STYLE = Automatic;
				INFOPLIST_FILE = JsonDataControlTests/Info.plist;
				IPHONEOS_DEPLOYMENT_TARGET = 14.0;
				LD_RUNPATH_SEARCH_PATHS = (
					"$(inherited)",
					"@executable_path/Frameworks",
					"@loader_path/Frameworks",
				);
				PRODUCT_BUNDLE_IDENTIFIER = com.younoah.JsonDataControlTests;
				PRODUCT_NAME = "$(TARGET_NAME)";
				SWIFT_VERSION = 5.0;
				TARGETED_DEVICE_FAMILY = "1,2";
				TEST_HOST = "$(BUILT_PRODUCTS_DIR)/JsonDataControl.app/JsonDataControl";
			};
			name = Release;
		};
		8D5C1ED7251B4A8A00A0CB69 /* Debug */ = {
			isa = XCBuildConfiguration;
			buildSettings = {
				ALWAYS_EMBED_SWIFT_STANDARD_LIBRARIES = YES;
				CODE_SIGN_STYLE = Automatic;
				INFOPLIST_FILE = JsonDataControlUITests/Info.plist;
				LD_RUNPATH_SEARCH_PATHS = (
					"$(inherited)",
					"@executable_path/Frameworks",
					"@loader_path/Frameworks",
				);
				PRODUCT_BUNDLE_IDENTIFIER = com.younoah.JsonDataControlUITests;
				PRODUCT_NAME = "$(TARGET_NAME)";
				SWIFT_VERSION = 5.0;
				TARGETED_DEVICE_FAMILY = "1,2";
				TEST_TARGET_NAME = JsonDataControl;
			};
			name = Debug;
		};
		8D5C1ED8251B4A8A00A0CB69 /* Release */ = {
			isa = XCBuildConfiguration;
			buildSettings = {
				ALWAYS_EMBED_SWIFT_STANDARD_LIBRARIES = YES;
				CODE_SIGN_STYLE = Automatic;
				INFOPLIST_FILE = JsonDataControlUITests/Info.plist;
				LD_RUNPATH_SEARCH_PATHS = (
					"$(inherited)",
					"@executable_path/Frameworks",
					"@loader_path/Frameworks",
				);
				PRODUCT_BUNDLE_IDENTIFIER = com.younoah.JsonDataControlUITests;
				PRODUCT_NAME = "$(TARGET_NAME)";
				SWIFT_VERSION = 5.0;
				TARGETED_DEVICE_FAMILY = "1,2";
				TEST_TARGET_NAME = JsonDataControl;
			};
			name = Release;
		};
/* End XCBuildConfiguration section */

/* Begin XCConfigurationList section */
		8D5C1EA1251B4A8900A0CB69 /* Build configuration list for PBXProject "JsonDataControl" */ = {
			isa = XCConfigurationList;
			buildConfigurations = (
				8D5C1ECE251B4A8A00A0CB69 /* Debug */,
				8D5C1ECF251B4A8A00A0CB69 /* Release */,
			);
			defaultConfigurationIsVisible = 0;
			defaultConfigurationName = Release;
		};
		8D5C1ED0251B4A8A00A0CB69 /* Build configuration list for PBXNativeTarget "JsonDataControl" */ = {
			isa = XCConfigurationList;
			buildConfigurations = (
				8D5C1ED1251B4A8A00A0CB69 /* Debug */,
				8D5C1ED2251B4A8A00A0CB69 /* Release */,
			);
			defaultConfigurationIsVisible = 0;
			defaultConfigurationName = Release;
		};
		8D5C1ED3251B4A8A00A0CB69 /* Build configuration list for PBXNativeTarget "JsonDataControlTests" */ = {
			isa = XCConfigurationList;
			buildConfigurations = (
				8D5C1ED4251B4A8A00A0CB69 /* Debug */,
				8D5C1ED5251B4A8A00A0CB69 /* Release */,
			);
			defaultConfigurationIsVisible = 0;
			defaultConfigurationName = Release;
		};
		8D5C1ED6251B4A8A00A0CB69 /* Build configuration list for PBXNativeTarget "JsonDataControlUITests" */ = {
			isa = XCConfigurationList;
			buildConfigurations = (
				8D5C1ED7251B4A8A00A0CB69 /* Debug */,
				8D5C1ED8251B4A8A00A0CB69 /* Release */,
			);
			defaultConfigurationIsVisible = 0;
			defaultConfigurationName = Release;
		};
/* End XCConfigurationList section */
	};
	rootObject = 8D5C1E9E251B4A8900A0CB69 /* Project object */;
}
