// !$*UTF8*$!
{
	archiveVersion = 1;
	classes = {
	};
	objectVersion = 50;
	objects = {

/* Begin PBXBuildFile section */
		8D565CC1251F0B3000425B65 /* AppDelegate.swift in Sources */ = {isa = PBXBuildFile; fileRef = 8D565CC0251F0B3000425B65 /* AppDelegate.swift */; };
		8D565CC3251F0B3000425B65 /* SceneDelegate.swift in Sources */ = {isa = PBXBuildFile; fileRef = 8D565CC2251F0B3000425B65 /* SceneDelegate.swift */; };
		8D565CC5251F0B3000425B65 /* ViewController.swift in Sources */ = {isa = PBXBuildFile; fileRef = 8D565CC4251F0B3000425B65 /* ViewController.swift */; };
		8D565CC8251F0B3000425B65 /* Main.storyboard in Resources */ = {isa = PBXBuildFile; fileRef = 8D565CC6251F0B3000425B65 /* Main.storyboard */; };
		8D565CCA251F0B3000425B65 /* Assets.xcassets in Resources */ = {isa = PBXBuildFile; fileRef = 8D565CC9251F0B3000425B65 /* Assets.xcassets */; };
		8D565CCD251F0B3000425B65 /* LaunchScreen.storyboard in Resources */ = {isa = PBXBuildFile; fileRef = 8D565CCB251F0B3000425B65 /* LaunchScreen.storyboard */; };
		8D565CD8251F0B3100425B65 /* PhotosExampleTests.swift in Sources */ = {isa = PBXBuildFile; fileRef = 8D565CD7251F0B3100425B65 /* PhotosExampleTests.swift */; };
		8D565CE3251F0B3100425B65 /* PhotosExampleUITests.swift in Sources */ = {isa = PBXBuildFile; fileRef = 8D565CE2251F0B3100425B65 /* PhotosExampleUITests.swift */; };
/* End PBXBuildFile section */

/* Begin PBXContainerItemProxy section */
		8D565CD4251F0B3100425B65 /* PBXContainerItemProxy */ = {
			isa = PBXContainerItemProxy;
			containerPortal = 8D565CB5251F0B3000425B65 /* Project object */;
			proxyType = 1;
			remoteGlobalIDString = 8D565CBC251F0B3000425B65;
			remoteInfo = PhotosExample;
		};
		8D565CDF251F0B3100425B65 /* PBXContainerItemProxy */ = {
			isa = PBXContainerItemProxy;
			containerPortal = 8D565CB5251F0B3000425B65 /* Project object */;
			proxyType = 1;
			remoteGlobalIDString = 8D565CBC251F0B3000425B65;
			remoteInfo = PhotosExample;
		};
/* End PBXContainerItemProxy section */

/* Begin PBXFileReference section */
		8D565CBD251F0B3000425B65 /* PhotosExample.app */ = {isa = PBXFileReference; explicitFileType = wrapper.application; includeInIndex = 0; path = PhotosExample.app; sourceTree = BUILT_PRODUCTS_DIR; };
		8D565CC0251F0B3000425B65 /* AppDelegate.swift */ = {isa = PBXFileReference; lastKnownFileType = sourcecode.swift; path = AppDelegate.swift; sourceTree = "<group>"; };
		8D565CC2251F0B3000425B65 /* SceneDelegate.swift */ = {isa = PBXFileReference; lastKnownFileType = sourcecode.swift; path = SceneDelegate.swift; sourceTree = "<group>"; };
		8D565CC4251F0B3000425B65 /* ViewController.swift */ = {isa = PBXFileReference; lastKnownFileType = sourcecode.swift; path = ViewController.swift; sourceTree = "<group>"; };
		8D565CC7251F0B3000425B65 /* Base */ = {isa = PBXFileReference; lastKnownFileType = file.storyboard; name = Base; path = Base.lproj/Main.storyboard; sourceTree = "<group>"; };
		8D565CC9251F0B3000425B65 /* Assets.xcassets */ = {isa = PBXFileReference; lastKnownFileType = folder.assetcatalog; path = Assets.xcassets; sourceTree = "<group>"; };
		8D565CCC251F0B3000425B65 /* Base */ = {isa = PBXFileReference; lastKnownFileType = file.storyboard; name = Base; path = Base.lproj/LaunchScreen.storyboard; sourceTree = "<group>"; };
		8D565CCE251F0B3000425B65 /* Info.plist */ = {isa = PBXFileReference; lastKnownFileType = text.plist.xml; path = Info.plist; sourceTree = "<group>"; };
		8D565CD3251F0B3100425B65 /* PhotosExampleTests.xctest */ = {isa = PBXFileReference; explicitFileType = wrapper.cfbundle; includeInIndex = 0; path = PhotosExampleTests.xctest; sourceTree = BUILT_PRODUCTS_DIR; };
		8D565CD7251F0B3100425B65 /* PhotosExampleTests.swift */ = {isa = PBXFileReference; lastKnownFileType = sourcecode.swift; path = PhotosExampleTests.swift; sourceTree = "<group>"; };
		8D565CD9251F0B3100425B65 /* Info.plist */ = {isa = PBXFileReference; lastKnownFileType = text.plist.xml; path = Info.plist; sourceTree = "<group>"; };
		8D565CDE251F0B3100425B65 /* PhotosExampleUITests.xctest */ = {isa = PBXFileReference; explicitFileType = wrapper.cfbundle; includeInIndex = 0; path = PhotosExampleUITests.xctest; sourceTree = BUILT_PRODUCTS_DIR; };
		8D565CE2251F0B3100425B65 /* PhotosExampleUITests.swift */ = {isa = PBXFileReference; lastKnownFileType = sourcecode.swift; path = PhotosExampleUITests.swift; sourceTree = "<group>"; };
		8D565CE4251F0B3100425B65 /* Info.plist */ = {isa = PBXFileReference; lastKnownFileType = text.plist.xml; path = Info.plist; sourceTree = "<group>"; };
/* End PBXFileReference section */

/* Begin PBXFrameworksBuildPhase section */
		8D565CBA251F0B3000425B65 /* Frameworks */ = {
			isa = PBXFrameworksBuildPhase;
			buildActionMask = 2147483647;
			files = (
			);
			runOnlyForDeploymentPostprocessing = 0;
		};
		8D565CD0251F0B3100425B65 /* Frameworks */ = {
			isa = PBXFrameworksBuildPhase;
			buildActionMask = 2147483647;
			files = (
			);
			runOnlyForDeploymentPostprocessing = 0;
		};
		8D565CDB251F0B3100425B65 /* Frameworks */ = {
			isa = PBXFrameworksBuildPhase;
			buildActionMask = 2147483647;
			files = (
			);
			runOnlyForDeploymentPostprocessing = 0;
		};
/* End PBXFrameworksBuildPhase section */

/* Begin PBXGroup section */
		8D565CB4251F0B3000425B65 = {
			isa = PBXGroup;
			children = (
				8D565CBF251F0B3000425B65 /* PhotosExample */,
				8D565CD6251F0B3100425B65 /* PhotosExampleTests */,
				8D565CE1251F0B3100425B65 /* PhotosExampleUITests */,
				8D565CBE251F0B3000425B65 /* Products */,
			);
			sourceTree = "<group>";
		};
		8D565CBE251F0B3000425B65 /* Products */ = {
			isa = PBXGroup;
			children = (
				8D565CBD251F0B3000425B65 /* PhotosExample.app */,
				8D565CD3251F0B3100425B65 /* PhotosExampleTests.xctest */,
				8D565CDE251F0B3100425B65 /* PhotosExampleUITests.xctest */,
			);
			name = Products;
			sourceTree = "<group>";
		};
		8D565CBF251F0B3000425B65 /* PhotosExample */ = {
			isa = PBXGroup;
			children = (
				8D565CC0251F0B3000425B65 /* AppDelegate.swift */,
				8D565CC2251F0B3000425B65 /* SceneDelegate.swift */,
				8D565CC4251F0B3000425B65 /* ViewController.swift */,
				8D565CC6251F0B3000425B65 /* Main.storyboard */,
				8D565CC9251F0B3000425B65 /* Assets.xcassets */,
				8D565CCB251F0B3000425B65 /* LaunchScreen.storyboard */,
				8D565CCE251F0B3000425B65 /* Info.plist */,
			);
			path = PhotosExample;
			sourceTree = "<group>";
		};
		8D565CD6251F0B3100425B65 /* PhotosExampleTests */ = {
			isa = PBXGroup;
			children = (
				8D565CD7251F0B3100425B65 /* PhotosExampleTests.swift */,
				8D565CD9251F0B3100425B65 /* Info.plist */,
			);
			path = PhotosExampleTests;
			sourceTree = "<group>";
		};
		8D565CE1251F0B3100425B65 /* PhotosExampleUITests */ = {
			isa = PBXGroup;
			children = (
				8D565CE2251F0B3100425B65 /* PhotosExampleUITests.swift */,
				8D565CE4251F0B3100425B65 /* Info.plist */,
			);
			path = PhotosExampleUITests;
			sourceTree = "<group>";
		};
/* End PBXGroup section */

/* Begin PBXNativeTarget section */
		8D565CBC251F0B3000425B65 /* PhotosExample */ = {
			isa = PBXNativeTarget;
			buildConfigurationList = 8D565CE7251F0B3100425B65 /* Build configuration list for PBXNativeTarget "PhotosExample" */;
			buildPhases = (
				8D565CB9251F0B3000425B65 /* Sources */,
				8D565CBA251F0B3000425B65 /* Frameworks */,
				8D565CBB251F0B3000425B65 /* Resources */,
			);
			buildRules = (
			);
			dependencies = (
			);
			name = PhotosExample;
			productName = PhotosExample;
			productReference = 8D565CBD251F0B3000425B65 /* PhotosExample.app */;
			productType = "com.apple.product-type.application";
		};
		8D565CD2251F0B3100425B65 /* PhotosExampleTests */ = {
			isa = PBXNativeTarget;
			buildConfigurationList = 8D565CEA251F0B3100425B65 /* Build configuration list for PBXNativeTarget "PhotosExampleTests" */;
			buildPhases = (
				8D565CCF251F0B3100425B65 /* Sources */,
				8D565CD0251F0B3100425B65 /* Frameworks */,
				8D565CD1251F0B3100425B65 /* Resources */,
			);
			buildRules = (
			);
			dependencies = (
				8D565CD5251F0B3100425B65 /* PBXTargetDependency */,
			);
			name = PhotosExampleTests;
			productName = PhotosExampleTests;
			productReference = 8D565CD3251F0B3100425B65 /* PhotosExampleTests.xctest */;
			productType = "com.apple.product-type.bundle.unit-test";
		};
		8D565CDD251F0B3100425B65 /* PhotosExampleUITests */ = {
			isa = PBXNativeTarget;
			buildConfigurationList = 8D565CED251F0B3100425B65 /* Build configuration list for PBXNativeTarget "PhotosExampleUITests" */;
			buildPhases = (
				8D565CDA251F0B3100425B65 /* Sources */,
				8D565CDB251F0B3100425B65 /* Frameworks */,
				8D565CDC251F0B3100425B65 /* Resources */,
			);
			buildRules = (
			);
			dependencies = (
				8D565CE0251F0B3100425B65 /* PBXTargetDependency */,
			);
			name = PhotosExampleUITests;
			productName = PhotosExampleUITests;
			productReference = 8D565CDE251F0B3100425B65 /* PhotosExampleUITests.xctest */;
			productType = "com.apple.product-type.bundle.ui-testing";
		};
/* End PBXNativeTarget section */

/* Begin PBXProject section */
		8D565CB5251F0B3000425B65 /* Project object */ = {
			isa = PBXProject;
			attributes = {
				LastSwiftUpdateCheck = 1200;
				LastUpgradeCheck = 1200;
				TargetAttributes = {
					8D565CBC251F0B3000425B65 = {
						CreatedOnToolsVersion = 12.0.1;
					};
					8D565CD2251F0B3100425B65 = {
						CreatedOnToolsVersion = 12.0.1;
						TestTargetID = 8D565CBC251F0B3000425B65;
					};
					8D565CDD251F0B3100425B65 = {
						CreatedOnToolsVersion = 12.0.1;
						TestTargetID = 8D565CBC251F0B3000425B65;
					};
				};
			};
			buildConfigurationList = 8D565CB8251F0B3000425B65 /* Build configuration list for PBXProject "PhotosExample" */;
			compatibilityVersion = "Xcode 9.3";
			developmentRegion = en;
			hasScannedForEncodings = 0;
			knownRegions = (
				en,
				Base,
			);
			mainGroup = 8D565CB4251F0B3000425B65;
			productRefGroup = 8D565CBE251F0B3000425B65 /* Products */;
			projectDirPath = "";
			projectRoot = "";
			targets = (
				8D565CBC251F0B3000425B65 /* PhotosExample */,
				8D565CD2251F0B3100425B65 /* PhotosExampleTests */,
				8D565CDD251F0B3100425B65 /* PhotosExampleUITests */,
			);
		};
/* End PBXProject section */

/* Begin PBXResourcesBuildPhase section */
		8D565CBB251F0B3000425B65 /* Resources */ = {
			isa = PBXResourcesBuildPhase;
			buildActionMask = 2147483647;
			files = (
				8D565CCD251F0B3000425B65 /* LaunchScreen.storyboard in Resources */,
				8D565CCA251F0B3000425B65 /* Assets.xcassets in Resources */,
				8D565CC8251F0B3000425B65 /* Main.storyboard in Resources */,
			);
			runOnlyForDeploymentPostprocessing = 0;
		};
		8D565CD1251F0B3100425B65 /* Resources */ = {
			isa = PBXResourcesBuildPhase;
			buildActionMask = 2147483647;
			files = (
			);
			runOnlyForDeploymentPostprocessing = 0;
		};
		8D565CDC251F0B3100425B65 /* Resources */ = {
			isa = PBXResourcesBuildPhase;
			buildActionMask = 2147483647;
			files = (
			);
			runOnlyForDeploymentPostprocessing = 0;
		};
/* End PBXResourcesBuildPhase section */

/* Begin PBXSourcesBuildPhase section */
		8D565CB9251F0B3000425B65 /* Sources */ = {
			isa = PBXSourcesBuildPhase;
			buildActionMask = 2147483647;
			files = (
				8D565CC5251F0B3000425B65 /* ViewController.swift in Sources */,
				8D565CC1251F0B3000425B65 /* AppDelegate.swift in Sources */,
				8D565CC3251F0B3000425B65 /* SceneDelegate.swift in Sources */,
			);
			runOnlyForDeploymentPostprocessing = 0;
		};
		8D565CCF251F0B3100425B65 /* Sources */ = {
			isa = PBXSourcesBuildPhase;
			buildActionMask = 2147483647;
			files = (
				8D565CD8251F0B3100425B65 /* PhotosExampleTests.swift in Sources */,
			);
			runOnlyForDeploymentPostprocessing = 0;
		};
		8D565CDA251F0B3100425B65 /* Sources */ = {
			isa = PBXSourcesBuildPhase;
			buildActionMask = 2147483647;
			files = (
				8D565CE3251F0B3100425B65 /* PhotosExampleUITests.swift in Sources */,
			);
			runOnlyForDeploymentPostprocessing = 0;
		};
/* End PBXSourcesBuildPhase section */

/* Begin PBXTargetDependency section */
		8D565CD5251F0B3100425B65 /* PBXTargetDependency */ = {
			isa = PBXTargetDependency;
			target = 8D565CBC251F0B3000425B65 /* PhotosExample */;
			targetProxy = 8D565CD4251F0B3100425B65 /* PBXContainerItemProxy */;
		};
		8D565CE0251F0B3100425B65 /* PBXTargetDependency */ = {
			isa = PBXTargetDependency;
			target = 8D565CBC251F0B3000425B65 /* PhotosExample */;
			targetProxy = 8D565CDF251F0B3100425B65 /* PBXContainerItemProxy */;
		};
/* End PBXTargetDependency section */

/* Begin PBXVariantGroup section */
		8D565CC6251F0B3000425B65 /* Main.storyboard */ = {
			isa = PBXVariantGroup;
			children = (
				8D565CC7251F0B3000425B65 /* Base */,
			);
			name = Main.storyboard;
			sourceTree = "<group>";
		};
		8D565CCB251F0B3000425B65 /* LaunchScreen.storyboard */ = {
			isa = PBXVariantGroup;
			children = (
				8D565CCC251F0B3000425B65 /* Base */,
			);
			name = LaunchScreen.storyboard;
			sourceTree = "<group>";
		};
/* End PBXVariantGroup section */

/* Begin XCBuildConfiguration section */
		8D565CE5251F0B3100425B65 /* Debug */ = {
			isa = XCBuildConfiguration;
			buildSettings = {
				ALWAYS_SEARCH_USER_PATHS = NO;
				CLANG_ANALYZER_NONNULL = YES;
				CLANG_ANALYZER_NUMBER_OBJECT_CONVERSION = YES_AGGRESSIVE;
				CLANG_CXX_LANGUAGE_STANDARD = "gnu++14";
				CLANG_CXX_LIBRARY = "libc++";
				CLANG_ENABLE_MODULES = YES;
				CLANG_ENABLE_OBJC_ARC = YES;
				CLANG_ENABLE_OBJC_WEAK = YES;
				CLANG_WARN_BLOCK_CAPTURE_AUTORELEASING = YES;
				CLANG_WARN_BOOL_CONVERSION = YES;
				CLANG_WARN_COMMA = YES;
				CLANG_WARN_CONSTANT_CONVERSION = YES;
				CLANG_WARN_DEPRECATED_OBJC_IMPLEMENTATIONS = YES;
				CLANG_WARN_DIRECT_OBJC_ISA_USAGE = YES_ERROR;
				CLANG_WARN_DOCUMENTATION_COMMENTS = YES;
				CLANG_WARN_EMPTY_BODY = YES;
				CLANG_WARN_ENUM_CONVERSION = YES;
				CLANG_WARN_INFINITE_RECURSION = YES;
				CLANG_WARN_INT_CONVERSION = YES;
				CLANG_WARN_NON_LITERAL_NULL_CONVERSION = YES;
				CLANG_WARN_OBJC_IMPLICIT_RETAIN_SELF = YES;
				CLANG_WARN_OBJC_LITERAL_CONVERSION = YES;
				CLANG_WARN_OBJC_ROOT_CLASS = YES_ERROR;
				CLANG_WARN_QUOTED_INCLUDE_IN_FRAMEWORK_HEADER = YES;
				CLANG_WARN_RANGE_LOOP_ANALYSIS = YES;
				CLANG_WARN_STRICT_PROTOTYPES = YES;
				CLANG_WARN_SUSPICIOUS_MOVE = YES;
				CLANG_WARN_UNGUARDED_AVAILABILITY = YES_AGGRESSIVE;
				CLANG_WARN_UNREACHABLE_CODE = YES;
				CLANG_WARN__DUPLICATE_METHOD_MATCH = YES;
				COPY_PHASE_STRIP = NO;
				DEBUG_INFORMATION_FORMAT = dwarf;
				ENABLE_STRICT_OBJC_MSGSEND = YES;
				ENABLE_TESTABILITY = YES;
				GCC_C_LANGUAGE_STANDARD = gnu11;
				GCC_DYNAMIC_NO_PIC = NO;
				GCC_NO_COMMON_BLOCKS = YES;
				GCC_OPTIMIZATION_LEVEL = 0;
				GCC_PREPROCESSOR_DEFINITIONS = (
					"DEBUG=1",
					"$(inherited)",
				);
				GCC_WARN_64_TO_32_BIT_CONVERSION = YES;
				GCC_WARN_ABOUT_RETURN_TYPE = YES_ERROR;
				GCC_WARN_UNDECLARED_SELECTOR = YES;
				GCC_WARN_UNINITIALIZED_AUTOS = YES_AGGRESSIVE;
				GCC_WARN_UNUSED_FUNCTION = YES;
				GCC_WARN_UNUSED_VARIABLE = YES;
				IPHONEOS_DEPLOYMENT_TARGET = 14.0;
				MTL_ENABLE_DEBUG_INFO = INCLUDE_SOURCE;
				MTL_FAST_MATH = YES;
				ONLY_ACTIVE_ARCH = YES;
				SDKROOT = iphoneos;
				SWIFT_ACTIVE_COMPILATION_CONDITIONS = DEBUG;
				SWIFT_OPTIMIZATION_LEVEL = "-Onone";
			};
			name = Debug;
		};
		8D565CE6251F0B3100425B65 /* Release */ = {
			isa = XCBuildConfiguration;
			buildSettings = {
				ALWAYS_SEARCH_USER_PATHS = NO;
				CLANG_ANALYZER_NONNULL = YES;
				CLANG_ANALYZER_NUMBER_OBJECT_CONVERSION = YES_AGGRESSIVE;
				CLANG_CXX_LANGUAGE_STANDARD = "gnu++14";
				CLANG_CXX_LIBRARY = "libc++";
				CLANG_ENABLE_MODULES = YES;
				CLANG_ENABLE_OBJC_ARC = YES;
				CLANG_ENABLE_OBJC_WEAK = YES;
				CLANG_WARN_BLOCK_CAPTURE_AUTORELEASING = YES;
				CLANG_WARN_BOOL_CONVERSION = YES;
				CLANG_WARN_COMMA = YES;
				CLANG_WARN_CONSTANT_CONVERSION = YES;
				CLANG_WARN_DEPRECATED_OBJC_IMPLEMENTATIONS = YES;
				CLANG_WARN_DIRECT_OBJC_ISA_USAGE = YES_ERROR;
				CLANG_WARN_DOCUMENTATION_COMMENTS = YES;
				CLANG_WARN_EMPTY_BODY = YES;
				CLANG_WARN_ENUM_CONVERSION = YES;
				CLANG_WARN_INFINITE_RECURSION = YES;
				CLANG_WARN_INT_CONVERSION = YES;
				CLANG_WARN_NON_LITERAL_NULL_CONVERSION = YES;
				CLANG_WARN_OBJC_IMPLICIT_RETAIN_SELF = YES;
				CLANG_WARN_OBJC_LITERAL_CONVERSION = YES;
				CLANG_WARN_OBJC_ROOT_CLASS = YES_ERROR;
				CLANG_WARN_QUOTED_INCLUDE_IN_FRAMEWORK_HEADER = YES;
				CLANG_WARN_RANGE_LOOP_ANALYSIS = YES;
				CLANG_WARN_STRICT_PROTOTYPES = YES;
				CLANG_WARN_SUSPICIOUS_MOVE = YES;
				CLANG_WARN_UNGUARDED_AVAILABILITY = YES_AGGRESSIVE;
				CLANG_WARN_UNREACHABLE_CODE = YES;
				CLANG_WARN__DUPLICATE_METHOD_MATCH = YES;
				COPY_PHASE_STRIP = NO;
				DEBUG_INFORMATION_FORMAT = "dwarf-with-dsym";
				ENABLE_NS_ASSERTIONS = NO;
				ENABLE_STRICT_OBJC_MSGSEND = YES;
				GCC_C_LANGUAGE_STANDARD = gnu11;
				GCC_NO_COMMON_BLOCKS = YES;
				GCC_WARN_64_TO_32_BIT_CONVERSION = YES;
				GCC_WARN_ABOUT_RETURN_TYPE = YES_ERROR;
				GCC_WARN_UNDECLARED_SELECTOR = YES;
				GCC_WARN_UNINITIALIZED_AUTOS = YES_AGGRESSIVE;
				GCC_WARN_UNUSED_FUNCTION = YES;
				GCC_WARN_UNUSED_VARIABLE = YES;
				IPHONEOS_DEPLOYMENT_TARGET = 14.0;
				MTL_ENABLE_DEBUG_INFO = NO;
				MTL_FAST_MATH = YES;
				SDKROOT = iphoneos;
				SWIFT_COMPILATION_MODE = wholemodule;
				SWIFT_OPTIMIZATION_LEVEL = "-O";
				VALIDATE_PRODUCT = YES;
			};
			name = Release;
		};
		8D565CE8251F0B3100425B65 /* Debug */ = {
			isa = XCBuildConfiguration;
			buildSettings = {
				ASSETCATALOG_COMPILER_APPICON_NAME = AppIcon;
				ASSETCATALOG_COMPILER_GLOBAL_ACCENT_COLOR_NAME = AccentColor;
				CODE_SIGN_STYLE = Automatic;
				DEVELOPMENT_TEAM = K8BMPHTXSP;
				INFOPLIST_FILE = PhotosExample/Info.plist;
				LD_RUNPATH_SEARCH_PATHS = (
					"$(inherited)",
					"@executable_path/Frameworks",
				);
				PRODUCT_BUNDLE_IDENTIFIER = com.younoah.PhotosExample;
				PRODUCT_NAME = "$(TARGET_NAME)";
				SWIFT_VERSION = 5.0;
				TARGETED_DEVICE_FAMILY = "1,2";
			};
			name = Debug;
		};
		8D565CE9251F0B3100425B65 /* Release */ = {
			isa = XCBuildConfiguration;
			buildSettings = {
				ASSETCATALOG_COMPILER_APPICON_NAME = AppIcon;
				ASSETCATALOG_COMPILER_GLOBAL_ACCENT_COLOR_NAME = AccentColor;
				CODE_SIGN_STYLE = Automatic;
				DEVELOPMENT_TEAM = K8BMPHTXSP;
				INFOPLIST_FILE = PhotosExample/Info.plist;
				LD_RUNPATH_SEARCH_PATHS = (
					"$(inherited)",
					"@executable_path/Frameworks",
				);
				PRODUCT_BUNDLE_IDENTIFIER = com.younoah.PhotosExample;
				PRODUCT_NAME = "$(TARGET_NAME)";
				SWIFT_VERSION = 5.0;
				TARGETED_DEVICE_FAMILY = "1,2";
			};
			name = Release;
		};
		8D565CEB251F0B3100425B65 /* Debug */ = {
			isa = XCBuildConfiguration;
			buildSettings = {
				ALWAYS_EMBED_SWIFT_STANDARD_LIBRARIES = YES;
				BUNDLE_LOADER = "$(TEST_HOST)";
				CODE_SIGN_STYLE = Automatic;
				INFOPLIST_FILE = PhotosExampleTests/Info.plist;
				IPHONEOS_DEPLOYMENT_TARGET = 14.0;
				LD_RUNPATH_SEARCH_PATHS = (
					"$(inherited)",
					"@executable_path/Frameworks",
					"@loader_path/Frameworks",
				);
				PRODUCT_BUNDLE_IDENTIFIER = com.younoah.PhotosExampleTests;
				PRODUCT_NAME = "$(TARGET_NAME)";
				SWIFT_VERSION = 5.0;
				TARGETED_DEVICE_FAMILY = "1,2";
				TEST_HOST = "$(BUILT_PRODUCTS_DIR)/PhotosExample.app/PhotosExample";
			};
			name = Debug;
		};
		8D565CEC251F0B3100425B65 /* Release */ = {
			isa = XCBuildConfiguration;
			buildSettings = {
				ALWAYS_EMBED_SWIFT_STANDARD_LIBRARIES = YES;
				BUNDLE_LOADER = "$(TEST_HOST)";
				CODE_SIGN_STYLE = Automatic;
				INFOPLIST_FILE = PhotosExampleTests/Info.plist;
				IPHONEOS_DEPLOYMENT_TARGET = 14.0;
				LD_RUNPATH_SEARCH_PATHS = (
					"$(inherited)",
					"@executable_path/Frameworks",
					"@loader_path/Frameworks",
				);
				PRODUCT_BUNDLE_IDENTIFIER = com.younoah.PhotosExampleTests;
				PRODUCT_NAME = "$(TARGET_NAME)";
				SWIFT_VERSION = 5.0;
				TARGETED_DEVICE_FAMILY = "1,2";
				TEST_HOST = "$(BUILT_PRODUCTS_DIR)/PhotosExample.app/PhotosExample";
			};
			name = Release;
		};
		8D565CEE251F0B3100425B65 /* Debug */ = {
			isa = XCBuildConfiguration;
			buildSettings = {
				ALWAYS_EMBED_SWIFT_STANDARD_LIBRARIES = YES;
				CODE_SIGN_STYLE = Automatic;
				INFOPLIST_FILE = PhotosExampleUITests/Info.plist;
				LD_RUNPATH_SEARCH_PATHS = (
					"$(inherited)",
					"@executable_path/Frameworks",
					"@loader_path/Frameworks",
				);
				PRODUCT_BUNDLE_IDENTIFIER = com.younoah.PhotosExampleUITests;
				PRODUCT_NAME = "$(TARGET_NAME)";
				SWIFT_VERSION = 5.0;
				TARGETED_DEVICE_FAMILY = "1,2";
				TEST_TARGET_NAME = PhotosExample;
			};
			name = Debug;
		};
		8D565CEF251F0B3100425B65 /* Release */ = {
			isa = XCBuildConfiguration;
			buildSettings = {
				ALWAYS_EMBED_SWIFT_STANDARD_LIBRARIES = YES;
				CODE_SIGN_STYLE = Automatic;
				INFOPLIST_FILE = PhotosExampleUITests/Info.plist;
				LD_RUNPATH_SEARCH_PATHS = (
					"$(inherited)",
					"@executable_path/Frameworks",
					"@loader_path/Frameworks",
				);
				PRODUCT_BUNDLE_IDENTIFIER = com.younoah.PhotosExampleUITests;
				PRODUCT_NAME = "$(TARGET_NAME)";
				SWIFT_VERSION = 5.0;
				TARGETED_DEVICE_FAMILY = "1,2";
				TEST_TARGET_NAME = PhotosExample;
			};
			name = Release;
		};
/* End XCBuildConfiguration section */

/* Begin XCConfigurationList section */
		8D565CB8251F0B3000425B65 /* Build configuration list for PBXProject "PhotosExample" */ = {
			isa = XCConfigurationList;
			buildConfigurations = (
				8D565CE5251F0B3100425B65 /* Debug */,
				8D565CE6251F0B3100425B65 /* Release */,
			);
			defaultConfigurationIsVisible = 0;
			defaultConfigurationName = Release;
		};
		8D565CE7251F0B3100425B65 /* Build configuration list for PBXNativeTarget "PhotosExample" */ = {
			isa = XCConfigurationList;
			buildConfigurations = (
				8D565CE8251F0B3100425B65 /* Debug */,
				8D565CE9251F0B3100425B65 /* Release */,
			);
			defaultConfigurationIsVisible = 0;
			defaultConfigurationName = Release;
		};
		8D565CEA251F0B3100425B65 /* Build configuration list for PBXNativeTarget "PhotosExampleTests" */ = {
			isa = XCConfigurationList;
			buildConfigurations = (
				8D565CEB251F0B3100425B65 /* Debug */,
				8D565CEC251F0B3100425B65 /* Release */,
			);
			defaultConfigurationIsVisible = 0;
			defaultConfigurationName = Release;
		};
		8D565CED251F0B3100425B65 /* Build configuration list for PBXNativeTarget "PhotosExampleUITests" */ = {
			isa = XCConfigurationList;
			buildConfigurations = (
				8D565CEE251F0B3100425B65 /* Debug */,
				8D565CEF251F0B3100425B65 /* Release */,
			);
			defaultConfigurationIsVisible = 0;
			defaultConfigurationName = Release;
		};
/* End XCConfigurationList section */
	};
	rootObject = 8D565CB5251F0B3000425B65 /* Project object */;
}
