// !$*UTF8*$!
{
	archiveVersion = 1;
	classes = {
	};
	objectVersion = 50;
	objects = {

/* Begin PBXBuildFile section */
		8D426D2125186D6700B72BD6 /* AppDelegate.swift in Sources */ = {isa = PBXBuildFile; fileRef = 8D426D2025186D6700B72BD6 /* AppDelegate.swift */; };
		8D426D2325186D6700B72BD6 /* SceneDelegate.swift in Sources */ = {isa = PBXBuildFile; fileRef = 8D426D2225186D6700B72BD6 /* SceneDelegate.swift */; };
		8D426D2525186D6700B72BD6 /* ViewController.swift in Sources */ = {isa = PBXBuildFile; fileRef = 8D426D2425186D6700B72BD6 /* ViewController.swift */; };
		8D426D2825186D6700B72BD6 /* Main.storyboard in Resources */ = {isa = PBXBuildFile; fileRef = 8D426D2625186D6700B72BD6 /* Main.storyboard */; };
		8D426D2A25186D6700B72BD6 /* Assets.xcassets in Resources */ = {isa = PBXBuildFile; fileRef = 8D426D2925186D6700B72BD6 /* Assets.xcassets */; };
		8D426D2D25186D6700B72BD6 /* LaunchScreen.storyboard in Resources */ = {isa = PBXBuildFile; fileRef = 8D426D2B25186D6700B72BD6 /* LaunchScreen.storyboard */; };
		8D426D3825186D6800B72BD6 /* MyDatePickerTests.swift in Sources */ = {isa = PBXBuildFile; fileRef = 8D426D3725186D6800B72BD6 /* MyDatePickerTests.swift */; };
		8D426D4325186D6800B72BD6 /* MyDatePickerUITests.swift in Sources */ = {isa = PBXBuildFile; fileRef = 8D426D4225186D6800B72BD6 /* MyDatePickerUITests.swift */; };
/* End PBXBuildFile section */

/* Begin PBXContainerItemProxy section */
		8D426D3425186D6800B72BD6 /* PBXContainerItemProxy */ = {
			isa = PBXContainerItemProxy;
			containerPortal = 8D426D1525186D6700B72BD6 /* Project object */;
			proxyType = 1;
			remoteGlobalIDString = 8D426D1C25186D6700B72BD6;
			remoteInfo = MyDatePicker;
		};
		8D426D3F25186D6800B72BD6 /* PBXContainerItemProxy */ = {
			isa = PBXContainerItemProxy;
			containerPortal = 8D426D1525186D6700B72BD6 /* Project object */;
			proxyType = 1;
			remoteGlobalIDString = 8D426D1C25186D6700B72BD6;
			remoteInfo = MyDatePicker;
		};
/* End PBXContainerItemProxy section */

/* Begin PBXFileReference section */
		8D426D1D25186D6700B72BD6 /* MyDatePicker.app */ = {isa = PBXFileReference; explicitFileType = wrapper.application; includeInIndex = 0; path = MyDatePicker.app; sourceTree = BUILT_PRODUCTS_DIR; };
		8D426D2025186D6700B72BD6 /* AppDelegate.swift */ = {isa = PBXFileReference; lastKnownFileType = sourcecode.swift; path = AppDelegate.swift; sourceTree = "<group>"; };
		8D426D2225186D6700B72BD6 /* SceneDelegate.swift */ = {isa = PBXFileReference; lastKnownFileType = sourcecode.swift; path = SceneDelegate.swift; sourceTree = "<group>"; };
		8D426D2425186D6700B72BD6 /* ViewController.swift */ = {isa = PBXFileReference; lastKnownFileType = sourcecode.swift; path = ViewController.swift; sourceTree = "<group>"; };
		8D426D2725186D6700B72BD6 /* Base */ = {isa = PBXFileReference; lastKnownFileType = file.storyboard; name = Base; path = Base.lproj/Main.storyboard; sourceTree = "<group>"; };
		8D426D2925186D6700B72BD6 /* Assets.xcassets */ = {isa = PBXFileReference; lastKnownFileType = folder.assetcatalog; path = Assets.xcassets; sourceTree = "<group>"; };
		8D426D2C25186D6700B72BD6 /* Base */ = {isa = PBXFileReference; lastKnownFileType = file.storyboard; name = Base; path = Base.lproj/LaunchScreen.storyboard; sourceTree = "<group>"; };
		8D426D2E25186D6700B72BD6 /* Info.plist */ = {isa = PBXFileReference; lastKnownFileType = text.plist.xml; path = Info.plist; sourceTree = "<group>"; };
		8D426D3325186D6800B72BD6 /* MyDatePickerTests.xctest */ = {isa = PBXFileReference; explicitFileType = wrapper.cfbundle; includeInIndex = 0; path = MyDatePickerTests.xctest; sourceTree = BUILT_PRODUCTS_DIR; };
		8D426D3725186D6800B72BD6 /* MyDatePickerTests.swift */ = {isa = PBXFileReference; lastKnownFileType = sourcecode.swift; path = MyDatePickerTests.swift; sourceTree = "<group>"; };
		8D426D3925186D6800B72BD6 /* Info.plist */ = {isa = PBXFileReference; lastKnownFileType = text.plist.xml; path = Info.plist; sourceTree = "<group>"; };
		8D426D3E25186D6800B72BD6 /* MyDatePickerUITests.xctest */ = {isa = PBXFileReference; explicitFileType = wrapper.cfbundle; includeInIndex = 0; path = MyDatePickerUITests.xctest; sourceTree = BUILT_PRODUCTS_DIR; };
		8D426D4225186D6800B72BD6 /* MyDatePickerUITests.swift */ = {isa = PBXFileReference; lastKnownFileType = sourcecode.swift; path = MyDatePickerUITests.swift; sourceTree = "<group>"; };
		8D426D4425186D6800B72BD6 /* Info.plist */ = {isa = PBXFileReference; lastKnownFileType = text.plist.xml; path = Info.plist; sourceTree = "<group>"; };
/* End PBXFileReference section */

/* Begin PBXFrameworksBuildPhase section */
		8D426D1A25186D6700B72BD6 /* Frameworks */ = {
			isa = PBXFrameworksBuildPhase;
			buildActionMask = 2147483647;
			files = (
			);
			runOnlyForDeploymentPostprocessing = 0;
		};
		8D426D3025186D6800B72BD6 /* Frameworks */ = {
			isa = PBXFrameworksBuildPhase;
			buildActionMask = 2147483647;
			files = (
			);
			runOnlyForDeploymentPostprocessing = 0;
		};
		8D426D3B25186D6800B72BD6 /* Frameworks */ = {
			isa = PBXFrameworksBuildPhase;
			buildActionMask = 2147483647;
			files = (
			);
			runOnlyForDeploymentPostprocessing = 0;
		};
/* End PBXFrameworksBuildPhase section */

/* Begin PBXGroup section */
		8D426D1425186D6700B72BD6 = {
			isa = PBXGroup;
			children = (
				8D426D1F25186D6700B72BD6 /* MyDatePicker */,
				8D426D3625186D6800B72BD6 /* MyDatePickerTests */,
				8D426D4125186D6800B72BD6 /* MyDatePickerUITests */,
				8D426D1E25186D6700B72BD6 /* Products */,
			);
			sourceTree = "<group>";
		};
		8D426D1E25186D6700B72BD6 /* Products */ = {
			isa = PBXGroup;
			children = (
				8D426D1D25186D6700B72BD6 /* MyDatePicker.app */,
				8D426D3325186D6800B72BD6 /* MyDatePickerTests.xctest */,
				8D426D3E25186D6800B72BD6 /* MyDatePickerUITests.xctest */,
			);
			name = Products;
			sourceTree = "<group>";
		};
		8D426D1F25186D6700B72BD6 /* MyDatePicker */ = {
			isa = PBXGroup;
			children = (
				8D426D2025186D6700B72BD6 /* AppDelegate.swift */,
				8D426D2225186D6700B72BD6 /* SceneDelegate.swift */,
				8D426D2425186D6700B72BD6 /* ViewController.swift */,
				8D426D2625186D6700B72BD6 /* Main.storyboard */,
				8D426D2925186D6700B72BD6 /* Assets.xcassets */,
				8D426D2B25186D6700B72BD6 /* LaunchScreen.storyboard */,
				8D426D2E25186D6700B72BD6 /* Info.plist */,
			);
			path = MyDatePicker;
			sourceTree = "<group>";
		};
		8D426D3625186D6800B72BD6 /* MyDatePickerTests */ = {
			isa = PBXGroup;
			children = (
				8D426D3725186D6800B72BD6 /* MyDatePickerTests.swift */,
				8D426D3925186D6800B72BD6 /* Info.plist */,
			);
			path = MyDatePickerTests;
			sourceTree = "<group>";
		};
		8D426D4125186D6800B72BD6 /* MyDatePickerUITests */ = {
			isa = PBXGroup;
			children = (
				8D426D4225186D6800B72BD6 /* MyDatePickerUITests.swift */,
				8D426D4425186D6800B72BD6 /* Info.plist */,
			);
			path = MyDatePickerUITests;
			sourceTree = "<group>";
		};
/* End PBXGroup section */

/* Begin PBXNativeTarget section */
		8D426D1C25186D6700B72BD6 /* MyDatePicker */ = {
			isa = PBXNativeTarget;
			buildConfigurationList = 8D426D4725186D6800B72BD6 /* Build configuration list for PBXNativeTarget "MyDatePicker" */;
			buildPhases = (
				8D426D1925186D6700B72BD6 /* Sources */,
				8D426D1A25186D6700B72BD6 /* Frameworks */,
				8D426D1B25186D6700B72BD6 /* Resources */,
			);
			buildRules = (
			);
			dependencies = (
			);
			name = MyDatePicker;
			productName = MyDatePicker;
			productReference = 8D426D1D25186D6700B72BD6 /* MyDatePicker.app */;
			productType = "com.apple.product-type.application";
		};
		8D426D3225186D6800B72BD6 /* MyDatePickerTests */ = {
			isa = PBXNativeTarget;
			buildConfigurationList = 8D426D4A25186D6800B72BD6 /* Build configuration list for PBXNativeTarget "MyDatePickerTests" */;
			buildPhases = (
				8D426D2F25186D6800B72BD6 /* Sources */,
				8D426D3025186D6800B72BD6 /* Frameworks */,
				8D426D3125186D6800B72BD6 /* Resources */,
			);
			buildRules = (
			);
			dependencies = (
				8D426D3525186D6800B72BD6 /* PBXTargetDependency */,
			);
			name = MyDatePickerTests;
			productName = MyDatePickerTests;
			productReference = 8D426D3325186D6800B72BD6 /* MyDatePickerTests.xctest */;
			productType = "com.apple.product-type.bundle.unit-test";
		};
		8D426D3D25186D6800B72BD6 /* MyDatePickerUITests */ = {
			isa = PBXNativeTarget;
			buildConfigurationList = 8D426D4D25186D6800B72BD6 /* Build configuration list for PBXNativeTarget "MyDatePickerUITests" */;
			buildPhases = (
				8D426D3A25186D6800B72BD6 /* Sources */,
				8D426D3B25186D6800B72BD6 /* Frameworks */,
				8D426D3C25186D6800B72BD6 /* Resources */,
			);
			buildRules = (
			);
			dependencies = (
				8D426D4025186D6800B72BD6 /* PBXTargetDependency */,
			);
			name = MyDatePickerUITests;
			productName = MyDatePickerUITests;
			productReference = 8D426D3E25186D6800B72BD6 /* MyDatePickerUITests.xctest */;
			productType = "com.apple.product-type.bundle.ui-testing";
		};
/* End PBXNativeTarget section */

/* Begin PBXProject section */
		8D426D1525186D6700B72BD6 /* Project object */ = {
			isa = PBXProject;
			attributes = {
				LastSwiftUpdateCheck = 1200;
				LastUpgradeCheck = 1200;
				TargetAttributes = {
					8D426D1C25186D6700B72BD6 = {
						CreatedOnToolsVersion = 12.0;
					};
					8D426D3225186D6800B72BD6 = {
						CreatedOnToolsVersion = 12.0;
						TestTargetID = 8D426D1C25186D6700B72BD6;
					};
					8D426D3D25186D6800B72BD6 = {
						CreatedOnToolsVersion = 12.0;
						TestTargetID = 8D426D1C25186D6700B72BD6;
					};
				};
			};
			buildConfigurationList = 8D426D1825186D6700B72BD6 /* Build configuration list for PBXProject "MyDatePicker" */;
			compatibilityVersion = "Xcode 9.3";
			developmentRegion = en;
			hasScannedForEncodings = 0;
			knownRegions = (
				en,
				Base,
			);
			mainGroup = 8D426D1425186D6700B72BD6;
			productRefGroup = 8D426D1E25186D6700B72BD6 /* Products */;
			projectDirPath = "";
			projectRoot = "";
			targets = (
				8D426D1C25186D6700B72BD6 /* MyDatePicker */,
				8D426D3225186D6800B72BD6 /* MyDatePickerTests */,
				8D426D3D25186D6800B72BD6 /* MyDatePickerUITests */,
			);
		};
/* End PBXProject section */

/* Begin PBXResourcesBuildPhase section */
		8D426D1B25186D6700B72BD6 /* Resources */ = {
			isa = PBXResourcesBuildPhase;
			buildActionMask = 2147483647;
			files = (
				8D426D2D25186D6700B72BD6 /* LaunchScreen.storyboard in Resources */,
				8D426D2A25186D6700B72BD6 /* Assets.xcassets in Resources */,
				8D426D2825186D6700B72BD6 /* Main.storyboard in Resources */,
			);
			runOnlyForDeploymentPostprocessing = 0;
		};
		8D426D3125186D6800B72BD6 /* Resources */ = {
			isa = PBXResourcesBuildPhase;
			buildActionMask = 2147483647;
			files = (
			);
			runOnlyForDeploymentPostprocessing = 0;
		};
		8D426D3C25186D6800B72BD6 /* Resources */ = {
			isa = PBXResourcesBuildPhase;
			buildActionMask = 2147483647;
			files = (
			);
			runOnlyForDeploymentPostprocessing = 0;
		};
/* End PBXResourcesBuildPhase section */

/* Begin PBXSourcesBuildPhase section */
		8D426D1925186D6700B72BD6 /* Sources */ = {
			isa = PBXSourcesBuildPhase;
			buildActionMask = 2147483647;
			files = (
				8D426D2525186D6700B72BD6 /* ViewController.swift in Sources */,
				8D426D2125186D6700B72BD6 /* AppDelegate.swift in Sources */,
				8D426D2325186D6700B72BD6 /* SceneDelegate.swift in Sources */,
			);
			runOnlyForDeploymentPostprocessing = 0;
		};
		8D426D2F25186D6800B72BD6 /* Sources */ = {
			isa = PBXSourcesBuildPhase;
			buildActionMask = 2147483647;
			files = (
				8D426D3825186D6800B72BD6 /* MyDatePickerTests.swift in Sources */,
			);
			runOnlyForDeploymentPostprocessing = 0;
		};
		8D426D3A25186D6800B72BD6 /* Sources */ = {
			isa = PBXSourcesBuildPhase;
			buildActionMask = 2147483647;
			files = (
				8D426D4325186D6800B72BD6 /* MyDatePickerUITests.swift in Sources */,
			);
			runOnlyForDeploymentPostprocessing = 0;
		};
/* End PBXSourcesBuildPhase section */

/* Begin PBXTargetDependency section */
		8D426D3525186D6800B72BD6 /* PBXTargetDependency */ = {
			isa = PBXTargetDependency;
			target = 8D426D1C25186D6700B72BD6 /* MyDatePicker */;
			targetProxy = 8D426D3425186D6800B72BD6 /* PBXContainerItemProxy */;
		};
		8D426D4025186D6800B72BD6 /* PBXTargetDependency */ = {
			isa = PBXTargetDependency;
			target = 8D426D1C25186D6700B72BD6 /* MyDatePicker */;
			targetProxy = 8D426D3F25186D6800B72BD6 /* PBXContainerItemProxy */;
		};
/* End PBXTargetDependency section */

/* Begin PBXVariantGroup section */
		8D426D2625186D6700B72BD6 /* Main.storyboard */ = {
			isa = PBXVariantGroup;
			children = (
				8D426D2725186D6700B72BD6 /* Base */,
			);
			name = Main.storyboard;
			sourceTree = "<group>";
		};
		8D426D2B25186D6700B72BD6 /* LaunchScreen.storyboard */ = {
			isa = PBXVariantGroup;
			children = (
				8D426D2C25186D6700B72BD6 /* Base */,
			);
			name = LaunchScreen.storyboard;
			sourceTree = "<group>";
		};
/* End PBXVariantGroup section */

/* Begin XCBuildConfiguration section */
		8D426D4525186D6800B72BD6 /* Debug */ = {
			isa = XCBuildConfiguration;
			buildSettings = {
				ALWAYS_SEARCH_USER_PATHS = NO;
				CLANG_ANALYZER_NONNULL = YES;
				CLANG_ANALYZER_NUMBER_OBJECT_CONVERSION = YES_AGGRESSIVE;
				CLANG_CXX_LANGUAGE_STANDARD = "gnu++14";
				CLANG_CXX_LIBRARY = "libc++";
				CLANG_ENABLE_MODULES = YES;
				CLANG_ENABLE_OBJC_ARC = YES;
				CLANG_ENABLE_OBJC_WEAK = YES;
				CLANG_WARN_BLOCK_CAPTURE_AUTORELEASING = YES;
				CLANG_WARN_BOOL_CONVERSION = YES;
				CLANG_WARN_COMMA = YES;
				CLANG_WARN_CONSTANT_CONVERSION = YES;
				CLANG_WARN_DEPRECATED_OBJC_IMPLEMENTATIONS = YES;
				CLANG_WARN_DIRECT_OBJC_ISA_USAGE = YES_ERROR;
				CLANG_WARN_DOCUMENTATION_COMMENTS = YES;
				CLANG_WARN_EMPTY_BODY = YES;
				CLANG_WARN_ENUM_CONVERSION = YES;
				CLANG_WARN_INFINITE_RECURSION = YES;
				CLANG_WARN_INT_CONVERSION = YES;
				CLANG_WARN_NON_LITERAL_NULL_CONVERSION = YES;
				CLANG_WARN_OBJC_IMPLICIT_RETAIN_SELF = YES;
				CLANG_WARN_OBJC_LITERAL_CONVERSION = YES;
				CLANG_WARN_OBJC_ROOT_CLASS = YES_ERROR;
				CLANG_WARN_QUOTED_INCLUDE_IN_FRAMEWORK_HEADER = YES;
				CLANG_WARN_RANGE_LOOP_ANALYSIS = YES;
				CLANG_WARN_STRICT_PROTOTYPES = YES;
				CLANG_WARN_SUSPICIOUS_MOVE = YES;
				CLANG_WARN_UNGUARDED_AVAILABILITY = YES_AGGRESSIVE;
				CLANG_WARN_UNREACHABLE_CODE = YES;
				CLANG_WARN__DUPLICATE_METHOD_MATCH = YES;
				COPY_PHASE_STRIP = NO;
				DEBUG_INFORMATION_FORMAT = dwarf;
				ENABLE_STRICT_OBJC_MSGSEND = YES;
				ENABLE_TESTABILITY = YES;
				GCC_C_LANGUAGE_STANDARD = gnu11;
				GCC_DYNAMIC_NO_PIC = NO;
				GCC_NO_COMMON_BLOCKS = YES;
				GCC_OPTIMIZATION_LEVEL = 0;
				GCC_PREPROCESSOR_DEFINITIONS = (
					"DEBUG=1",
					"$(inherited)",
				);
				GCC_WARN_64_TO_32_BIT_CONVERSION = YES;
				GCC_WARN_ABOUT_RETURN_TYPE = YES_ERROR;
				GCC_WARN_UNDECLARED_SELECTOR = YES;
				GCC_WARN_UNINITIALIZED_AUTOS = YES_AGGRESSIVE;
				GCC_WARN_UNUSED_FUNCTION = YES;
				GCC_WARN_UNUSED_VARIABLE = YES;
				IPHONEOS_DEPLOYMENT_TARGET = 14.0;
				MTL_ENABLE_DEBUG_INFO = INCLUDE_SOURCE;
				MTL_FAST_MATH = YES;
				ONLY_ACTIVE_ARCH = YES;
				SDKROOT = iphoneos;
				SWIFT_ACTIVE_COMPILATION_CONDITIONS = DEBUG;
				SWIFT_OPTIMIZATION_LEVEL = "-Onone";
			};
			name = Debug;
		};
		8D426D4625186D6800B72BD6 /* Release */ = {
			isa = XCBuildConfiguration;
			buildSettings = {
				ALWAYS_SEARCH_USER_PATHS = NO;
				CLANG_ANALYZER_NONNULL = YES;
				CLANG_ANALYZER_NUMBER_OBJECT_CONVERSION = YES_AGGRESSIVE;
				CLANG_CXX_LANGUAGE_STANDARD = "gnu++14";
				CLANG_CXX_LIBRARY = "libc++";
				CLANG_ENABLE_MODULES = YES;
				CLANG_ENABLE_OBJC_ARC = YES;
				CLANG_ENABLE_OBJC_WEAK = YES;
				CLANG_WARN_BLOCK_CAPTURE_AUTORELEASING = YES;
				CLANG_WARN_BOOL_CONVERSION = YES;
				CLANG_WARN_COMMA = YES;
				CLANG_WARN_CONSTANT_CONVERSION = YES;
				CLANG_WARN_DEPRECATED_OBJC_IMPLEMENTATIONS = YES;
				CLANG_WARN_DIRECT_OBJC_ISA_USAGE = YES_ERROR;
				CLANG_WARN_DOCUMENTATION_COMMENTS = YES;
				CLANG_WARN_EMPTY_BODY = YES;
				CLANG_WARN_ENUM_CONVERSION = YES;
				CLANG_WARN_INFINITE_RECURSION = YES;
				CLANG_WARN_INT_CONVERSION = YES;
				CLANG_WARN_NON_LITERAL_NULL_CONVERSION = YES;
				CLANG_WARN_OBJC_IMPLICIT_RETAIN_SELF = YES;
				CLANG_WARN_OBJC_LITERAL_CONVERSION = YES;
				CLANG_WARN_OBJC_ROOT_CLASS = YES_ERROR;
				CLANG_WARN_QUOTED_INCLUDE_IN_FRAMEWORK_HEADER = YES;
				CLANG_WARN_RANGE_LOOP_ANALYSIS = YES;
				CLANG_WARN_STRICT_PROTOTYPES = YES;
				CLANG_WARN_SUSPICIOUS_MOVE = YES;
				CLANG_WARN_UNGUARDED_AVAILABILITY = YES_AGGRESSIVE;
				CLANG_WARN_UNREACHABLE_CODE = YES;
				CLANG_WARN__DUPLICATE_METHOD_MATCH = YES;
				COPY_PHASE_STRIP = NO;
				DEBUG_INFORMATION_FORMAT = "dwarf-with-dsym";
				ENABLE_NS_ASSERTIONS = NO;
				ENABLE_STRICT_OBJC_MSGSEND = YES;
				GCC_C_LANGUAGE_STANDARD = gnu11;
				GCC_NO_COMMON_BLOCKS = YES;
				GCC_WARN_64_TO_32_BIT_CONVERSION = YES;
				GCC_WARN_ABOUT_RETURN_TYPE = YES_ERROR;
				GCC_WARN_UNDECLARED_SELECTOR = YES;
				GCC_WARN_UNINITIALIZED_AUTOS = YES_AGGRESSIVE;
				GCC_WARN_UNUSED_FUNCTION = YES;
				GCC_WARN_UNUSED_VARIABLE = YES;
				IPHONEOS_DEPLOYMENT_TARGET = 14.0;
				MTL_ENABLE_DEBUG_INFO = NO;
				MTL_FAST_MATH = YES;
				SDKROOT = iphoneos;
				SWIFT_COMPILATION_MODE = wholemodule;
				SWIFT_OPTIMIZATION_LEVEL = "-O";
				VALIDATE_PRODUCT = YES;
			};
			name = Release;
		};
		8D426D4825186D6800B72BD6 /* Debug */ = {
			isa = XCBuildConfiguration;
			buildSettings = {
				ASSETCATALOG_COMPILER_APPICON_NAME = AppIcon;
				ASSETCATALOG_COMPILER_GLOBAL_ACCENT_COLOR_NAME = AccentColor;
				CODE_SIGN_STYLE = Automatic;
				INFOPLIST_FILE = MyDatePicker/Info.plist;
				LD_RUNPATH_SEARCH_PATHS = (
					"$(inherited)",
					"@executable_path/Frameworks",
				);
				PRODUCT_BUNDLE_IDENTIFIER = com.younoah.MyDatePicker;
				PRODUCT_NAME = "$(TARGET_NAME)";
				SWIFT_VERSION = 5.0;
				TARGETED_DEVICE_FAMILY = "1,2";
			};
			name = Debug;
		};
		8D426D4925186D6800B72BD6 /* Release */ = {
			isa = XCBuildConfiguration;
			buildSettings = {
				ASSETCATALOG_COMPILER_APPICON_NAME = AppIcon;
				ASSETCATALOG_COMPILER_GLOBAL_ACCENT_COLOR_NAME = AccentColor;
				CODE_SIGN_STYLE = Automatic;
				INFOPLIST_FILE = MyDatePicker/Info.plist;
				LD_RUNPATH_SEARCH_PATHS = (
					"$(inherited)",
					"@executable_path/Frameworks",
				);
				PRODUCT_BUNDLE_IDENTIFIER = com.younoah.MyDatePicker;
				PRODUCT_NAME = "$(TARGET_NAME)";
				SWIFT_VERSION = 5.0;
				TARGETED_DEVICE_FAMILY = "1,2";
			};
			name = Release;
		};
		8D426D4B25186D6800B72BD6 /* Debug */ = {
			isa = XCBuildConfiguration;
			buildSettings = {
				ALWAYS_EMBED_SWIFT_STANDARD_LIBRARIES = YES;
				BUNDLE_LOADER = "$(TEST_HOST)";
				CODE_SIGN_STYLE = Automatic;
				INFOPLIST_FILE = MyDatePickerTests/Info.plist;
				IPHONEOS_DEPLOYMENT_TARGET = 14.0;
				LD_RUNPATH_SEARCH_PATHS = (
					"$(inherited)",
					"@executable_path/Frameworks",
					"@loader_path/Frameworks",
				);
				PRODUCT_BUNDLE_IDENTIFIER = com.younoah.MyDatePickerTests;
				PRODUCT_NAME = "$(TARGET_NAME)";
				SWIFT_VERSION = 5.0;
				TARGETED_DEVICE_FAMILY = "1,2";
				TEST_HOST = "$(BUILT_PRODUCTS_DIR)/MyDatePicker.app/MyDatePicker";
			};
			name = Debug;
		};
		8D426D4C25186D6800B72BD6 /* Release */ = {
			isa = XCBuildConfiguration;
			buildSettings = {
				ALWAYS_EMBED_SWIFT_STANDARD_LIBRARIES = YES;
				BUNDLE_LOADER = "$(TEST_HOST)";
				CODE_SIGN_STYLE = Automatic;
				INFOPLIST_FILE = MyDatePickerTests/Info.plist;
				IPHONEOS_DEPLOYMENT_TARGET = 14.0;
				LD_RUNPATH_SEARCH_PATHS = (
					"$(inherited)",
					"@executable_path/Frameworks",
					"@loader_path/Frameworks",
				);
				PRODUCT_BUNDLE_IDENTIFIER = com.younoah.MyDatePickerTests;
				PRODUCT_NAME = "$(TARGET_NAME)";
				SWIFT_VERSION = 5.0;
				TARGETED_DEVICE_FAMILY = "1,2";
				TEST_HOST = "$(BUILT_PRODUCTS_DIR)/MyDatePicker.app/MyDatePicker";
			};
			name = Release;
		};
		8D426D4E25186D6800B72BD6 /* Debug */ = {
			isa = XCBuildConfiguration;
			buildSettings = {
				ALWAYS_EMBED_SWIFT_STANDARD_LIBRARIES = YES;
				CODE_SIGN_STYLE = Automatic;
				INFOPLIST_FILE = MyDatePickerUITests/Info.plist;
				LD_RUNPATH_SEARCH_PATHS = (
					"$(inherited)",
					"@executable_path/Frameworks",
					"@loader_path/Frameworks",
				);
				PRODUCT_BUNDLE_IDENTIFIER = com.younoah.MyDatePickerUITests;
				PRODUCT_NAME = "$(TARGET_NAME)";
				SWIFT_VERSION = 5.0;
				TARGETED_DEVICE_FAMILY = "1,2";
				TEST_TARGET_NAME = MyDatePicker;
			};
			name = Debug;
		};
		8D426D4F25186D6800B72BD6 /* Release */ = {
			isa = XCBuildConfiguration;
			buildSettings = {
				ALWAYS_EMBED_SWIFT_STANDARD_LIBRARIES = YES;
				CODE_SIGN_STYLE = Automatic;
				INFOPLIST_FILE = MyDatePickerUITests/Info.plist;
				LD_RUNPATH_SEARCH_PATHS = (
					"$(inherited)",
					"@executable_path/Frameworks",
					"@loader_path/Frameworks",
				);
				PRODUCT_BUNDLE_IDENTIFIER = com.younoah.MyDatePickerUITests;
				PRODUCT_NAME = "$(TARGET_NAME)";
				SWIFT_VERSION = 5.0;
				TARGETED_DEVICE_FAMILY = "1,2";
				TEST_TARGET_NAME = MyDatePicker;
			};
			name = Release;
		};
/* End XCBuildConfiguration section */

/* Begin XCConfigurationList section */
		8D426D1825186D6700B72BD6 /* Build configuration list for PBXProject "MyDatePicker" */ = {
			isa = XCConfigurationList;
			buildConfigurations = (
				8D426D4525186D6800B72BD6 /* Debug */,
				8D426D4625186D6800B72BD6 /* Release */,
			);
			defaultConfigurationIsVisible = 0;
			defaultConfigurationName = Release;
		};
		8D426D4725186D6800B72BD6 /* Build configuration list for PBXNativeTarget "MyDatePicker" */ = {
			isa = XCConfigurationList;
			buildConfigurations = (
				8D426D4825186D6800B72BD6 /* Debug */,
				8D426D4925186D6800B72BD6 /* Release */,
			);
			defaultConfigurationIsVisible = 0;
			defaultConfigurationName = Release;
		};
		8D426D4A25186D6800B72BD6 /* Build configuration list for PBXNativeTarget "MyDatePickerTests" */ = {
			isa = XCConfigurationList;
			buildConfigurations = (
				8D426D4B25186D6800B72BD6 /* Debug */,
				8D426D4C25186D6800B72BD6 /* Release */,
			);
			defaultConfigurationIsVisible = 0;
			defaultConfigurationName = Release;
		};
		8D426D4D25186D6800B72BD6 /* Build configuration list for PBXNativeTarget "MyDatePickerUITests" */ = {
			isa = XCConfigurationList;
			buildConfigurations = (
				8D426D4E25186D6800B72BD6 /* Debug */,
				8D426D4F25186D6800B72BD6 /* Release */,
			);
			defaultConfigurationIsVisible = 0;
			defaultConfigurationName = Release;
		};
/* End XCConfigurationList section */
	};
	rootObject = 8D426D1525186D6700B72BD6 /* Project object */;
}
