// !$*UTF8*$!
{
	archiveVersion = 1;
	classes = {
	};
	objectVersion = 50;
	objects = {

/* Begin PBXBuildFile section */
		8D34A64E251B7112008BCF2E /* AppDelegate.swift in Sources */ = {isa = PBXBuildFile; fileRef = 8D34A64D251B7112008BCF2E /* AppDelegate.swift */; };
		8D34A650251B7112008BCF2E /* SceneDelegate.swift in Sources */ = {isa = PBXBuildFile; fileRef = 8D34A64F251B7112008BCF2E /* SceneDelegate.swift */; };
		8D34A652251B7112008BCF2E /* CountryViewController.swift in Sources */ = {isa = PBXBuildFile; fileRef = 8D34A651251B7112008BCF2E /* CountryViewController.swift */; };
		8D34A655251B7112008BCF2E /* Main.storyboard in Resources */ = {isa = PBXBuildFile; fileRef = 8D34A653251B7112008BCF2E /* Main.storyboard */; };
		8D34A657251B7112008BCF2E /* Assets.xcassets in Resources */ = {isa = PBXBuildFile; fileRef = 8D34A656251B7112008BCF2E /* Assets.xcassets */; };
		8D34A65A251B7112008BCF2E /* LaunchScreen.storyboard in Resources */ = {isa = PBXBuildFile; fileRef = 8D34A658251B7112008BCF2E /* LaunchScreen.storyboard */; };
		8D34A665251B7113008BCF2E /* WeatherTodayTests.swift in Sources */ = {isa = PBXBuildFile; fileRef = 8D34A664251B7113008BCF2E /* WeatherTodayTests.swift */; };
		8D34A670251B7113008BCF2E /* WeatherTodayUITests.swift in Sources */ = {isa = PBXBuildFile; fileRef = 8D34A66F251B7113008BCF2E /* WeatherTodayUITests.swift */; };
		8D34A684251B7210008BCF2E /* CityViewController.swift in Sources */ = {isa = PBXBuildFile; fileRef = 8D34A683251B7210008BCF2E /* CityViewController.swift */; };
		8D34A689251B723A008BCF2E /* DetailViewController.swift in Sources */ = {isa = PBXBuildFile; fileRef = 8D34A688251B723A008BCF2E /* DetailViewController.swift */; };
		8D34A693251B7520008BCF2E /* CountryTableViewCell.swift in Sources */ = {isa = PBXBuildFile; fileRef = 8D34A691251B7520008BCF2E /* CountryTableViewCell.swift */; };
		8D34A694251B7520008BCF2E /* CountryTableViewCell.xib in Resources */ = {isa = PBXBuildFile; fileRef = 8D34A692251B7520008BCF2E /* CountryTableViewCell.xib */; };
		8D34A69A251B778A008BCF2E /* CountryModel.swift in Sources */ = {isa = PBXBuildFile; fileRef = 8D34A699251B778A008BCF2E /* CountryModel.swift */; };
		8D34A69F251B7797008BCF2E /* CityModel.swift in Sources */ = {isa = PBXBuildFile; fileRef = 8D34A69E251B7797008BCF2E /* CityModel.swift */; };
		8D34A6A5251B7F87008BCF2E /* CityTableViewCell.swift in Sources */ = {isa = PBXBuildFile; fileRef = 8D34A6A3251B7F87008BCF2E /* CityTableViewCell.swift */; };
		8D34A6A6251B7F87008BCF2E /* CityTableViewCell.xib in Resources */ = {isa = PBXBuildFile; fileRef = 8D34A6A4251B7F87008BCF2E /* CityTableViewCell.xib */; };
/* End PBXBuildFile section */

/* Begin PBXContainerItemProxy section */
		8D34A661251B7113008BCF2E /* PBXContainerItemProxy */ = {
			isa = PBXContainerItemProxy;
			containerPortal = 8D34A642251B7112008BCF2E /* Project object */;
			proxyType = 1;
			remoteGlobalIDString = 8D34A649251B7112008BCF2E;
			remoteInfo = WeatherToday;
		};
		8D34A66C251B7113008BCF2E /* PBXContainerItemProxy */ = {
			isa = PBXContainerItemProxy;
			containerPortal = 8D34A642251B7112008BCF2E /* Project object */;
			proxyType = 1;
			remoteGlobalIDString = 8D34A649251B7112008BCF2E;
			remoteInfo = WeatherToday;
		};
/* End PBXContainerItemProxy section */

/* Begin PBXFileReference section */
		8D34A64A251B7112008BCF2E /* WeatherToday.app */ = {isa = PBXFileReference; explicitFileType = wrapper.application; includeInIndex = 0; path = WeatherToday.app; sourceTree = BUILT_PRODUCTS_DIR; };
		8D34A64D251B7112008BCF2E /* AppDelegate.swift */ = {isa = PBXFileReference; lastKnownFileType = sourcecode.swift; path = AppDelegate.swift; sourceTree = "<group>"; };
		8D34A64F251B7112008BCF2E /* SceneDelegate.swift */ = {isa = PBXFileReference; lastKnownFileType = sourcecode.swift; path = SceneDelegate.swift; sourceTree = "<group>"; };
		8D34A651251B7112008BCF2E /* CountryViewController.swift */ = {isa = PBXFileReference; lastKnownFileType = sourcecode.swift; path = CountryViewController.swift; sourceTree = "<group>"; };
		8D34A654251B7112008BCF2E /* Base */ = {isa = PBXFileReference; lastKnownFileType = file.storyboard; name = Base; path = Base.lproj/Main.storyboard; sourceTree = "<group>"; };
		8D34A656251B7112008BCF2E /* Assets.xcassets */ = {isa = PBXFileReference; lastKnownFileType = folder.assetcatalog; path = Assets.xcassets; sourceTree = "<group>"; };
		8D34A659251B7112008BCF2E /* Base */ = {isa = PBXFileReference; lastKnownFileType = file.storyboard; name = Base; path = Base.lproj/LaunchScreen.storyboard; sourceTree = "<group>"; };
		8D34A65B251B7112008BCF2E /* Info.plist */ = {isa = PBXFileReference; lastKnownFileType = text.plist.xml; path = Info.plist; sourceTree = "<group>"; };
		8D34A660251B7113008BCF2E /* WeatherTodayTests.xctest */ = {isa = PBXFileReference; explicitFileType = wrapper.cfbundle; includeInIndex = 0; path = WeatherTodayTests.xctest; sourceTree = BUILT_PRODUCTS_DIR; };
		8D34A664251B7113008BCF2E /* WeatherTodayTests.swift */ = {isa = PBXFileReference; lastKnownFileType = sourcecode.swift; path = WeatherTodayTests.swift; sourceTree = "<group>"; };
		8D34A666251B7113008BCF2E /* Info.plist */ = {isa = PBXFileReference; lastKnownFileType = text.plist.xml; path = Info.plist; sourceTree = "<group>"; };
		8D34A66B251B7113008BCF2E /* WeatherTodayUITests.xctest */ = {isa = PBXFileReference; explicitFileType = wrapper.cfbundle; includeInIndex = 0; path = WeatherTodayUITests.xctest; sourceTree = BUILT_PRODUCTS_DIR; };
		8D34A66F251B7113008BCF2E /* WeatherTodayUITests.swift */ = {isa = PBXFileReference; lastKnownFileType = sourcecode.swift; path = WeatherTodayUITests.swift; sourceTree = "<group>"; };
		8D34A671251B7113008BCF2E /* Info.plist */ = {isa = PBXFileReference; lastKnownFileType = text.plist.xml; path = Info.plist; sourceTree = "<group>"; };
		8D34A683251B7210008BCF2E /* CityViewController.swift */ = {isa = PBXFileReference; lastKnownFileType = sourcecode.swift; path = CityViewController.swift; sourceTree = "<group>"; };
		8D34A688251B723A008BCF2E /* DetailViewController.swift */ = {isa = PBXFileReference; lastKnownFileType = sourcecode.swift; path = DetailViewController.swift; sourceTree = "<group>"; };
		8D34A691251B7520008BCF2E /* CountryTableViewCell.swift */ = {isa = PBXFileReference; lastKnownFileType = sourcecode.swift; path = CountryTableViewCell.swift; sourceTree = "<group>"; };
		8D34A692251B7520008BCF2E /* CountryTableViewCell.xib */ = {isa = PBXFileReference; lastKnownFileType = file.xib; path = CountryTableViewCell.xib; sourceTree = "<group>"; };
		8D34A699251B778A008BCF2E /* CountryModel.swift */ = {isa = PBXFileReference; lastKnownFileType = sourcecode.swift; path = CountryModel.swift; sourceTree = "<group>"; };
		8D34A69E251B7797008BCF2E /* CityModel.swift */ = {isa = PBXFileReference; lastKnownFileType = sourcecode.swift; path = CityModel.swift; sourceTree = "<group>"; };
		8D34A6A3251B7F87008BCF2E /* CityTableViewCell.swift */ = {isa = PBXFileReference; lastKnownFileType = sourcecode.swift; path = CityTableViewCell.swift; sourceTree = "<group>"; };
		8D34A6A4251B7F87008BCF2E /* CityTableViewCell.xib */ = {isa = PBXFileReference; lastKnownFileType = file.xib; path = CityTableViewCell.xib; sourceTree = "<group>"; };
/* End PBXFileReference section */

/* Begin PBXFrameworksBuildPhase section */
		8D34A647251B7112008BCF2E /* Frameworks */ = {
			isa = PBXFrameworksBuildPhase;
			buildActionMask = 2147483647;
			files = (
			);
			runOnlyForDeploymentPostprocessing = 0;
		};
		8D34A65D251B7113008BCF2E /* Frameworks */ = {
			isa = PBXFrameworksBuildPhase;
			buildActionMask = 2147483647;
			files = (
			);
			runOnlyForDeploymentPostprocessing = 0;
		};
		8D34A668251B7113008BCF2E /* Frameworks */ = {
			isa = PBXFrameworksBuildPhase;
			buildActionMask = 2147483647;
			files = (
			);
			runOnlyForDeploymentPostprocessing = 0;
		};
/* End PBXFrameworksBuildPhase section */

/* Begin PBXGroup section */
		8D34A641251B7112008BCF2E = {
			isa = PBXGroup;
			children = (
				8D34A64C251B7112008BCF2E /* WeatherToday */,
				8D34A663251B7113008BCF2E /* WeatherTodayTests */,
				8D34A66E251B7113008BCF2E /* WeatherTodayUITests */,
				8D34A64B251B7112008BCF2E /* Products */,
			);
			sourceTree = "<group>";
		};
		8D34A64B251B7112008BCF2E /* Products */ = {
			isa = PBXGroup;
			children = (
				8D34A64A251B7112008BCF2E /* WeatherToday.app */,
				8D34A660251B7113008BCF2E /* WeatherTodayTests.xctest */,
				8D34A66B251B7113008BCF2E /* WeatherTodayUITests.xctest */,
			);
			name = Products;
			sourceTree = "<group>";
		};
		8D34A64C251B7112008BCF2E /* WeatherToday */ = {
			isa = PBXGroup;
			children = (
				8D34A698251B776B008BCF2E /* Models */,
				8D34A64D251B7112008BCF2E /* AppDelegate.swift */,
				8D34A64F251B7112008BCF2E /* SceneDelegate.swift */,
				8D34A651251B7112008BCF2E /* CountryViewController.swift */,
				8D34A691251B7520008BCF2E /* CountryTableViewCell.swift */,
				8D34A692251B7520008BCF2E /* CountryTableViewCell.xib */,
				8D34A683251B7210008BCF2E /* CityViewController.swift */,
				8D34A6A3251B7F87008BCF2E /* CityTableViewCell.swift */,
				8D34A6A4251B7F87008BCF2E /* CityTableViewCell.xib */,
				8D34A688251B723A008BCF2E /* DetailViewController.swift */,
				8D34A653251B7112008BCF2E /* Main.storyboard */,
				8D34A656251B7112008BCF2E /* Assets.xcassets */,
				8D34A658251B7112008BCF2E /* LaunchScreen.storyboard */,
				8D34A65B251B7112008BCF2E /* Info.plist */,
			);
			path = WeatherToday;
			sourceTree = "<group>";
		};
		8D34A663251B7113008BCF2E /* WeatherTodayTests */ = {
			isa = PBXGroup;
			children = (
				8D34A664251B7113008BCF2E /* WeatherTodayTests.swift */,
				8D34A666251B7113008BCF2E /* Info.plist */,
			);
			path = WeatherTodayTests;
			sourceTree = "<group>";
		};
		8D34A66E251B7113008BCF2E /* WeatherTodayUITests */ = {
			isa = PBXGroup;
			children = (
				8D34A66F251B7113008BCF2E /* WeatherTodayUITests.swift */,
				8D34A671251B7113008BCF2E /* Info.plist */,
			);
			path = WeatherTodayUITests;
			sourceTree = "<group>";
		};
		8D34A698251B776B008BCF2E /* Models */ = {
			isa = PBXGroup;
			children = (
				8D34A699251B778A008BCF2E /* CountryModel.swift */,
				8D34A69E251B7797008BCF2E /* CityModel.swift */,
			);
			path = Models;
			sourceTree = "<group>";
		};
/* End PBXGroup section */

/* Begin PBXNativeTarget section */
		8D34A649251B7112008BCF2E /* WeatherToday */ = {
			isa = PBXNativeTarget;
			buildConfigurationList = 8D34A674251B7113008BCF2E /* Build configuration list for PBXNativeTarget "WeatherToday" */;
			buildPhases = (
				8D34A646251B7112008BCF2E /* Sources */,
				8D34A647251B7112008BCF2E /* Frameworks */,
				8D34A648251B7112008BCF2E /* Resources */,
			);
			buildRules = (
			);
			dependencies = (
			);
			name = WeatherToday;
			productName = WeatherToday;
			productReference = 8D34A64A251B7112008BCF2E /* WeatherToday.app */;
			productType = "com.apple.product-type.application";
		};
		8D34A65F251B7113008BCF2E /* WeatherTodayTests */ = {
			isa = PBXNativeTarget;
			buildConfigurationList = 8D34A677251B7113008BCF2E /* Build configuration list for PBXNativeTarget "WeatherTodayTests" */;
			buildPhases = (
				8D34A65C251B7113008BCF2E /* Sources */,
				8D34A65D251B7113008BCF2E /* Frameworks */,
				8D34A65E251B7113008BCF2E /* Resources */,
			);
			buildRules = (
			);
			dependencies = (
				8D34A662251B7113008BCF2E /* PBXTargetDependency */,
			);
			name = WeatherTodayTests;
			productName = WeatherTodayTests;
			productReference = 8D34A660251B7113008BCF2E /* WeatherTodayTests.xctest */;
			productType = "com.apple.product-type.bundle.unit-test";
		};
		8D34A66A251B7113008BCF2E /* WeatherTodayUITests */ = {
			isa = PBXNativeTarget;
			buildConfigurationList = 8D34A67A251B7113008BCF2E /* Build configuration list for PBXNativeTarget "WeatherTodayUITests" */;
			buildPhases = (
				8D34A667251B7113008BCF2E /* Sources */,
				8D34A668251B7113008BCF2E /* Frameworks */,
				8D34A669251B7113008BCF2E /* Resources */,
			);
			buildRules = (
			);
			dependencies = (
				8D34A66D251B7113008BCF2E /* PBXTargetDependency */,
			);
			name = WeatherTodayUITests;
			productName = WeatherTodayUITests;
			productReference = 8D34A66B251B7113008BCF2E /* WeatherTodayUITests.xctest */;
			productType = "com.apple.product-type.bundle.ui-testing";
		};
/* End PBXNativeTarget section */

/* Begin PBXProject section */
		8D34A642251B7112008BCF2E /* Project object */ = {
			isa = PBXProject;
			attributes = {
				LastSwiftUpdateCheck = 1200;
				LastUpgradeCheck = 1200;
				TargetAttributes = {
					8D34A649251B7112008BCF2E = {
						CreatedOnToolsVersion = 12.0;
					};
					8D34A65F251B7113008BCF2E = {
						CreatedOnToolsVersion = 12.0;
						TestTargetID = 8D34A649251B7112008BCF2E;
					};
					8D34A66A251B7113008BCF2E = {
						CreatedOnToolsVersion = 12.0;
						TestTargetID = 8D34A649251B7112008BCF2E;
					};
				};
			};
			buildConfigurationList = 8D34A645251B7112008BCF2E /* Build configuration list for PBXProject "WeatherToday" */;
			compatibilityVersion = "Xcode 9.3";
			developmentRegion = en;
			hasScannedForEncodings = 0;
			knownRegions = (
				en,
				Base,
			);
			mainGroup = 8D34A641251B7112008BCF2E;
			productRefGroup = 8D34A64B251B7112008BCF2E /* Products */;
			projectDirPath = "";
			projectRoot = "";
			targets = (
				8D34A649251B7112008BCF2E /* WeatherToday */,
				8D34A65F251B7113008BCF2E /* WeatherTodayTests */,
				8D34A66A251B7113008BCF2E /* WeatherTodayUITests */,
			);
		};
/* End PBXProject section */

/* Begin PBXResourcesBuildPhase section */
		8D34A648251B7112008BCF2E /* Resources */ = {
			isa = PBXResourcesBuildPhase;
			buildActionMask = 2147483647;
			files = (
				8D34A6A6251B7F87008BCF2E /* CityTableViewCell.xib in Resources */,
				8D34A694251B7520008BCF2E /* CountryTableViewCell.xib in Resources */,
				8D34A65A251B7112008BCF2E /* LaunchScreen.storyboard in Resources */,
				8D34A657251B7112008BCF2E /* Assets.xcassets in Resources */,
				8D34A655251B7112008BCF2E /* Main.storyboard in Resources */,
			);
			runOnlyForDeploymentPostprocessing = 0;
		};
		8D34A65E251B7113008BCF2E /* Resources */ = {
			isa = PBXResourcesBuildPhase;
			buildActionMask = 2147483647;
			files = (
			);
			runOnlyForDeploymentPostprocessing = 0;
		};
		8D34A669251B7113008BCF2E /* Resources */ = {
			isa = PBXResourcesBuildPhase;
			buildActionMask = 2147483647;
			files = (
			);
			runOnlyForDeploymentPostprocessing = 0;
		};
/* End PBXResourcesBuildPhase section */

/* Begin PBXSourcesBuildPhase section */
		8D34A646251B7112008BCF2E /* Sources */ = {
			isa = PBXSourcesBuildPhase;
			buildActionMask = 2147483647;
			files = (
				8D34A6A5251B7F87008BCF2E /* CityTableViewCell.swift in Sources */,
				8D34A69A251B778A008BCF2E /* CountryModel.swift in Sources */,
				8D34A693251B7520008BCF2E /* CountryTableViewCell.swift in Sources */,
				8D34A652251B7112008BCF2E /* CountryViewController.swift in Sources */,
				8D34A64E251B7112008BCF2E /* AppDelegate.swift in Sources */,
				8D34A69F251B7797008BCF2E /* CityModel.swift in Sources */,
				8D34A689251B723A008BCF2E /* DetailViewController.swift in Sources */,
				8D34A650251B7112008BCF2E /* SceneDelegate.swift in Sources */,
				8D34A684251B7210008BCF2E /* CityViewController.swift in Sources */,
			);
			runOnlyForDeploymentPostprocessing = 0;
		};
		8D34A65C251B7113008BCF2E /* Sources */ = {
			isa = PBXSourcesBuildPhase;
			buildActionMask = 2147483647;
			files = (
				8D34A665251B7113008BCF2E /* WeatherTodayTests.swift in Sources */,
			);
			runOnlyForDeploymentPostprocessing = 0;
		};
		8D34A667251B7113008BCF2E /* Sources */ = {
			isa = PBXSourcesBuildPhase;
			buildActionMask = 2147483647;
			files = (
				8D34A670251B7113008BCF2E /* WeatherTodayUITests.swift in Sources */,
			);
			runOnlyForDeploymentPostprocessing = 0;
		};
/* End PBXSourcesBuildPhase section */

/* Begin PBXTargetDependency section */
		8D34A662251B7113008BCF2E /* PBXTargetDependency */ = {
			isa = PBXTargetDependency;
			target = 8D34A649251B7112008BCF2E /* WeatherToday */;
			targetProxy = 8D34A661251B7113008BCF2E /* PBXContainerItemProxy */;
		};
		8D34A66D251B7113008BCF2E /* PBXTargetDependency */ = {
			isa = PBXTargetDependency;
			target = 8D34A649251B7112008BCF2E /* WeatherToday */;
			targetProxy = 8D34A66C251B7113008BCF2E /* PBXContainerItemProxy */;
		};
/* End PBXTargetDependency section */

/* Begin PBXVariantGroup section */
		8D34A653251B7112008BCF2E /* Main.storyboard */ = {
			isa = PBXVariantGroup;
			children = (
				8D34A654251B7112008BCF2E /* Base */,
			);
			name = Main.storyboard;
			sourceTree = "<group>";
		};
		8D34A658251B7112008BCF2E /* LaunchScreen.storyboard */ = {
			isa = PBXVariantGroup;
			children = (
				8D34A659251B7112008BCF2E /* Base */,
			);
			name = LaunchScreen.storyboard;
			sourceTree = "<group>";
		};
/* End PBXVariantGroup section */

/* Begin XCBuildConfiguration section */
		8D34A672251B7113008BCF2E /* Debug */ = {
			isa = XCBuildConfiguration;
			buildSettings = {
				ALWAYS_SEARCH_USER_PATHS = NO;
				CLANG_ANALYZER_NONNULL = YES;
				CLANG_ANALYZER_NUMBER_OBJECT_CONVERSION = YES_AGGRESSIVE;
				CLANG_CXX_LANGUAGE_STANDARD = "gnu++14";
				CLANG_CXX_LIBRARY = "libc++";
				CLANG_ENABLE_MODULES = YES;
				CLANG_ENABLE_OBJC_ARC = YES;
				CLANG_ENABLE_OBJC_WEAK = YES;
				CLANG_WARN_BLOCK_CAPTURE_AUTORELEASING = YES;
				CLANG_WARN_BOOL_CONVERSION = YES;
				CLANG_WARN_COMMA = YES;
				CLANG_WARN_CONSTANT_CONVERSION = YES;
				CLANG_WARN_DEPRECATED_OBJC_IMPLEMENTATIONS = YES;
				CLANG_WARN_DIRECT_OBJC_ISA_USAGE = YES_ERROR;
				CLANG_WARN_DOCUMENTATION_COMMENTS = YES;
				CLANG_WARN_EMPTY_BODY = YES;
				CLANG_WARN_ENUM_CONVERSION = YES;
				CLANG_WARN_INFINITE_RECURSION = YES;
				CLANG_WARN_INT_CONVERSION = YES;
				CLANG_WARN_NON_LITERAL_NULL_CONVERSION = YES;
				CLANG_WARN_OBJC_IMPLICIT_RETAIN_SELF = YES;
				CLANG_WARN_OBJC_LITERAL_CONVERSION = YES;
				CLANG_WARN_OBJC_ROOT_CLASS = YES_ERROR;
				CLANG_WARN_QUOTED_INCLUDE_IN_FRAMEWORK_HEADER = YES;
				CLANG_WARN_RANGE_LOOP_ANALYSIS = YES;
				CLANG_WARN_STRICT_PROTOTYPES = YES;
				CLANG_WARN_SUSPICIOUS_MOVE = YES;
				CLANG_WARN_UNGUARDED_AVAILABILITY = YES_AGGRESSIVE;
				CLANG_WARN_UNREACHABLE_CODE = YES;
				CLANG_WARN__DUPLICATE_METHOD_MATCH = YES;
				COPY_PHASE_STRIP = NO;
				DEBUG_INFORMATION_FORMAT = dwarf;
				ENABLE_STRICT_OBJC_MSGSEND = YES;
				ENABLE_TESTABILITY = YES;
				GCC_C_LANGUAGE_STANDARD = gnu11;
				GCC_DYNAMIC_NO_PIC = NO;
				GCC_NO_COMMON_BLOCKS = YES;
				GCC_OPTIMIZATION_LEVEL = 0;
				GCC_PREPROCESSOR_DEFINITIONS = (
					"DEBUG=1",
					"$(inherited)",
				);
				GCC_WARN_64_TO_32_BIT_CONVERSION = YES;
				GCC_WARN_ABOUT_RETURN_TYPE = YES_ERROR;
				GCC_WARN_UNDECLARED_SELECTOR = YES;
				GCC_WARN_UNINITIALIZED_AUTOS = YES_AGGRESSIVE;
				GCC_WARN_UNUSED_FUNCTION = YES;
				GCC_WARN_UNUSED_VARIABLE = YES;
				IPHONEOS_DEPLOYMENT_TARGET = 14.0;
				MTL_ENABLE_DEBUG_INFO = INCLUDE_SOURCE;
				MTL_FAST_MATH = YES;
				ONLY_ACTIVE_ARCH = YES;
				SDKROOT = iphoneos;
				SWIFT_ACTIVE_COMPILATION_CONDITIONS = DEBUG;
				SWIFT_OPTIMIZATION_LEVEL = "-Onone";
			};
			name = Debug;
		};
		8D34A673251B7113008BCF2E /* Release */ = {
			isa = XCBuildConfiguration;
			buildSettings = {
				ALWAYS_SEARCH_USER_PATHS = NO;
				CLANG_ANALYZER_NONNULL = YES;
				CLANG_ANALYZER_NUMBER_OBJECT_CONVERSION = YES_AGGRESSIVE;
				CLANG_CXX_LANGUAGE_STANDARD = "gnu++14";
				CLANG_CXX_LIBRARY = "libc++";
				CLANG_ENABLE_MODULES = YES;
				CLANG_ENABLE_OBJC_ARC = YES;
				CLANG_ENABLE_OBJC_WEAK = YES;
				CLANG_WARN_BLOCK_CAPTURE_AUTORELEASING = YES;
				CLANG_WARN_BOOL_CONVERSION = YES;
				CLANG_WARN_COMMA = YES;
				CLANG_WARN_CONSTANT_CONVERSION = YES;
				CLANG_WARN_DEPRECATED_OBJC_IMPLEMENTATIONS = YES;
				CLANG_WARN_DIRECT_OBJC_ISA_USAGE = YES_ERROR;
				CLANG_WARN_DOCUMENTATION_COMMENTS = YES;
				CLANG_WARN_EMPTY_BODY = YES;
				CLANG_WARN_ENUM_CONVERSION = YES;
				CLANG_WARN_INFINITE_RECURSION = YES;
				CLANG_WARN_INT_CONVERSION = YES;
				CLANG_WARN_NON_LITERAL_NULL_CONVERSION = YES;
				CLANG_WARN_OBJC_IMPLICIT_RETAIN_SELF = YES;
				CLANG_WARN_OBJC_LITERAL_CONVERSION = YES;
				CLANG_WARN_OBJC_ROOT_CLASS = YES_ERROR;
				CLANG_WARN_QUOTED_INCLUDE_IN_FRAMEWORK_HEADER = YES;
				CLANG_WARN_RANGE_LOOP_ANALYSIS = YES;
				CLANG_WARN_STRICT_PROTOTYPES = YES;
				CLANG_WARN_SUSPICIOUS_MOVE = YES;
				CLANG_WARN_UNGUARDED_AVAILABILITY = YES_AGGRESSIVE;
				CLANG_WARN_UNREACHABLE_CODE = YES;
				CLANG_WARN__DUPLICATE_METHOD_MATCH = YES;
				COPY_PHASE_STRIP = NO;
				DEBUG_INFORMATION_FORMAT = "dwarf-with-dsym";
				ENABLE_NS_ASSERTIONS = NO;
				ENABLE_STRICT_OBJC_MSGSEND = YES;
				GCC_C_LANGUAGE_STANDARD = gnu11;
				GCC_NO_COMMON_BLOCKS = YES;
				GCC_WARN_64_TO_32_BIT_CONVERSION = YES;
				GCC_WARN_ABOUT_RETURN_TYPE = YES_ERROR;
				GCC_WARN_UNDECLARED_SELECTOR = YES;
				GCC_WARN_UNINITIALIZED_AUTOS = YES_AGGRESSIVE;
				GCC_WARN_UNUSED_FUNCTION = YES;
				GCC_WARN_UNUSED_VARIABLE = YES;
				IPHONEOS_DEPLOYMENT_TARGET = 14.0;
				MTL_ENABLE_DEBUG_INFO = NO;
				MTL_FAST_MATH = YES;
				SDKROOT = iphoneos;
				SWIFT_COMPILATION_MODE = wholemodule;
				SWIFT_OPTIMIZATION_LEVEL = "-O";
				VALIDATE_PRODUCT = YES;
			};
			name = Release;
		};
		8D34A675251B7113008BCF2E /* Debug */ = {
			isa = XCBuildConfiguration;
			buildSettings = {
				ASSETCATALOG_COMPILER_APPICON_NAME = AppIcon;
				ASSETCATALOG_COMPILER_GLOBAL_ACCENT_COLOR_NAME = AccentColor;
				CODE_SIGN_STYLE = Automatic;
				INFOPLIST_FILE = WeatherToday/Info.plist;
				LD_RUNPATH_SEARCH_PATHS = (
					"$(inherited)",
					"@executable_path/Frameworks",
				);
				PRODUCT_BUNDLE_IDENTIFIER = com.younoah.WeatherToday;
				PRODUCT_NAME = "$(TARGET_NAME)";
				SWIFT_VERSION = 5.0;
				TARGETED_DEVICE_FAMILY = "1,2";
			};
			name = Debug;
		};
		8D34A676251B7113008BCF2E /* Release */ = {
			isa = XCBuildConfiguration;
			buildSettings = {
				ASSETCATALOG_COMPILER_APPICON_NAME = AppIcon;
				ASSETCATALOG_COMPILER_GLOBAL_ACCENT_COLOR_NAME = AccentColor;
				CODE_SIGN_STYLE = Automatic;
				INFOPLIST_FILE = WeatherToday/Info.plist;
				LD_RUNPATH_SEARCH_PATHS = (
					"$(inherited)",
					"@executable_path/Frameworks",
				);
				PRODUCT_BUNDLE_IDENTIFIER = com.younoah.WeatherToday;
				PRODUCT_NAME = "$(TARGET_NAME)";
				SWIFT_VERSION = 5.0;
				TARGETED_DEVICE_FAMILY = "1,2";
			};
			name = Release;
		};
		8D34A678251B7113008BCF2E /* Debug */ = {
			isa = XCBuildConfiguration;
			buildSettings = {
				ALWAYS_EMBED_SWIFT_STANDARD_LIBRARIES = YES;
				BUNDLE_LOADER = "$(TEST_HOST)";
				CODE_SIGN_STYLE = Automatic;
				INFOPLIST_FILE = WeatherTodayTests/Info.plist;
				IPHONEOS_DEPLOYMENT_TARGET = 14.0;
				LD_RUNPATH_SEARCH_PATHS = (
					"$(inherited)",
					"@executable_path/Frameworks",
					"@loader_path/Frameworks",
				);
				PRODUCT_BUNDLE_IDENTIFIER = com.younoah.WeatherTodayTests;
				PRODUCT_NAME = "$(TARGET_NAME)";
				SWIFT_VERSION = 5.0;
				TARGETED_DEVICE_FAMILY = "1,2";
				TEST_HOST = "$(BUILT_PRODUCTS_DIR)/WeatherToday.app/WeatherToday";
			};
			name = Debug;
		};
		8D34A679251B7113008BCF2E /* Release */ = {
			isa = XCBuildConfiguration;
			buildSettings = {
				ALWAYS_EMBED_SWIFT_STANDARD_LIBRARIES = YES;
				BUNDLE_LOADER = "$(TEST_HOST)";
				CODE_SIGN_STYLE = Automatic;
				INFOPLIST_FILE = WeatherTodayTests/Info.plist;
				IPHONEOS_DEPLOYMENT_TARGET = 14.0;
				LD_RUNPATH_SEARCH_PATHS = (
					"$(inherited)",
					"@executable_path/Frameworks",
					"@loader_path/Frameworks",
				);
				PRODUCT_BUNDLE_IDENTIFIER = com.younoah.WeatherTodayTests;
				PRODUCT_NAME = "$(TARGET_NAME)";
				SWIFT_VERSION = 5.0;
				TARGETED_DEVICE_FAMILY = "1,2";
				TEST_HOST = "$(BUILT_PRODUCTS_DIR)/WeatherToday.app/WeatherToday";
			};
			name = Release;
		};
		8D34A67B251B7113008BCF2E /* Debug */ = {
			isa = XCBuildConfiguration;
			buildSettings = {
				ALWAYS_EMBED_SWIFT_STANDARD_LIBRARIES = YES;
				CODE_SIGN_STYLE = Automatic;
				INFOPLIST_FILE = WeatherTodayUITests/Info.plist;
				LD_RUNPATH_SEARCH_PATHS = (
					"$(inherited)",
					"@executable_path/Frameworks",
					"@loader_path/Frameworks",
				);
				PRODUCT_BUNDLE_IDENTIFIER = com.younoah.WeatherTodayUITests;
				PRODUCT_NAME = "$(TARGET_NAME)";
				SWIFT_VERSION = 5.0;
				TARGETED_DEVICE_FAMILY = "1,2";
				TEST_TARGET_NAME = WeatherToday;
			};
			name = Debug;
		};
		8D34A67C251B7113008BCF2E /* Release */ = {
			isa = XCBuildConfiguration;
			buildSettings = {
				ALWAYS_EMBED_SWIFT_STANDARD_LIBRARIES = YES;
				CODE_SIGN_STYLE = Automatic;
				INFOPLIST_FILE = WeatherTodayUITests/Info.plist;
				LD_RUNPATH_SEARCH_PATHS = (
					"$(inherited)",
					"@executable_path/Frameworks",
					"@loader_path/Frameworks",
				);
				PRODUCT_BUNDLE_IDENTIFIER = com.younoah.WeatherTodayUITests;
				PRODUCT_NAME = "$(TARGET_NAME)";
				SWIFT_VERSION = 5.0;
				TARGETED_DEVICE_FAMILY = "1,2";
				TEST_TARGET_NAME = WeatherToday;
			};
			name = Release;
		};
/* End XCBuildConfiguration section */

/* Begin XCConfigurationList section */
		8D34A645251B7112008BCF2E /* Build configuration list for PBXProject "WeatherToday" */ = {
			isa = XCConfigurationList;
			buildConfigurations = (
				8D34A672251B7113008BCF2E /* Debug */,
				8D34A673251B7113008BCF2E /* Release */,
			);
			defaultConfigurationIsVisible = 0;
			defaultConfigurationName = Release;
		};
		8D34A674251B7113008BCF2E /* Build configuration list for PBXNativeTarget "WeatherToday" */ = {
			isa = XCConfigurationList;
			buildConfigurations = (
				8D34A675251B7113008BCF2E /* Debug */,
				8D34A676251B7113008BCF2E /* Release */,
			);
			defaultConfigurationIsVisible = 0;
			defaultConfigurationName = Release;
		};
		8D34A677251B7113008BCF2E /* Build configuration list for PBXNativeTarget "WeatherTodayTests" */ = {
			isa = XCConfigurationList;
			buildConfigurations = (
				8D34A678251B7113008BCF2E /* Debug */,
				8D34A679251B7113008BCF2E /* Release */,
			);
			defaultConfigurationIsVisible = 0;
			defaultConfigurationName = Release;
		};
		8D34A67A251B7113008BCF2E /* Build configuration list for PBXNativeTarget "WeatherTodayUITests" */ = {
			isa = XCConfigurationList;
			buildConfigurations = (
				8D34A67B251B7113008BCF2E /* Debug */,
				8D34A67C251B7113008BCF2E /* Release */,
			);
			defaultConfigurationIsVisible = 0;
			defaultConfigurationName = Release;
		};
/* End XCConfigurationList section */
	};
	rootObject = 8D34A642251B7112008BCF2E /* Project object */;
}
