// !$*UTF8*$!
{
	archiveVersion = 1;
	classes = {
	};
	objectVersion = 50;
	objects = {

/* Begin PBXBuildFile section */
		8D76F6AF2524A5FB00333085 /* AppDelegate.swift in Sources */ = {isa = PBXBuildFile; fileRef = 8D76F6AE2524A5FB00333085 /* AppDelegate.swift */; };
		8D76F6B12524A5FB00333085 /* SceneDelegate.swift in Sources */ = {isa = PBXBuildFile; fileRef = 8D76F6B02524A5FB00333085 /* SceneDelegate.swift */; };
		8D76F6B32524A5FB00333085 /* ViewController.swift in Sources */ = {isa = PBXBuildFile; fileRef = 8D76F6B22524A5FB00333085 /* ViewController.swift */; };
		8D76F6B62524A5FB00333085 /* Main.storyboard in Resources */ = {isa = PBXBuildFile; fileRef = 8D76F6B42524A5FB00333085 /* Main.storyboard */; };
		8D76F6B82524A5FC00333085 /* Assets.xcassets in Resources */ = {isa = PBXBuildFile; fileRef = 8D76F6B72524A5FC00333085 /* Assets.xcassets */; };
		8D76F6BB2524A5FC00333085 /* LaunchScreen.storyboard in Resources */ = {isa = PBXBuildFile; fileRef = 8D76F6B92524A5FC00333085 /* LaunchScreen.storyboard */; };
		8D76F6C62524A5FC00333085 /* FriendsCollectionTests.swift in Sources */ = {isa = PBXBuildFile; fileRef = 8D76F6C52524A5FC00333085 /* FriendsCollectionTests.swift */; };
		8D76F6D12524A5FC00333085 /* FriendsCollectionUITests.swift in Sources */ = {isa = PBXBuildFile; fileRef = 8D76F6D02524A5FC00333085 /* FriendsCollectionUITests.swift */; };
		8D76F6E32524A87500333085 /* FriendCollectionViewCell.swift in Sources */ = {isa = PBXBuildFile; fileRef = 8D76F6E12524A87500333085 /* FriendCollectionViewCell.swift */; };
		8D76F6E42524A87500333085 /* FriendCollectionViewCell.xib in Resources */ = {isa = PBXBuildFile; fileRef = 8D76F6E22524A87500333085 /* FriendCollectionViewCell.xib */; };
		8D76F6EE2524B2D900333085 /* FriendModel.swift in Sources */ = {isa = PBXBuildFile; fileRef = 8D76F6ED2524B2D900333085 /* FriendModel.swift */; };
		8D76F6F52524C97F00333085 /* HeaderCollectionReusableView.swift in Sources */ = {isa = PBXBuildFile; fileRef = 8D76F6F32524C97F00333085 /* HeaderCollectionReusableView.swift */; };
		8D76F6F62524C97F00333085 /* HeaderCollectionReusableView.xib in Resources */ = {isa = PBXBuildFile; fileRef = 8D76F6F42524C97F00333085 /* HeaderCollectionReusableView.xib */; };
/* End PBXBuildFile section */

/* Begin PBXContainerItemProxy section */
		8D76F6C22524A5FC00333085 /* PBXContainerItemProxy */ = {
			isa = PBXContainerItemProxy;
			containerPortal = 8D76F6A32524A5FB00333085 /* Project object */;
			proxyType = 1;
			remoteGlobalIDString = 8D76F6AA2524A5FB00333085;
			remoteInfo = FriendsCollection;
		};
		8D76F6CD2524A5FC00333085 /* PBXContainerItemProxy */ = {
			isa = PBXContainerItemProxy;
			containerPortal = 8D76F6A32524A5FB00333085 /* Project object */;
			proxyType = 1;
			remoteGlobalIDString = 8D76F6AA2524A5FB00333085;
			remoteInfo = FriendsCollection;
		};
/* End PBXContainerItemProxy section */

/* Begin PBXFileReference section */
		8D76F6AB2524A5FB00333085 /* FriendsCollection.app */ = {isa = PBXFileReference; explicitFileType = wrapper.application; includeInIndex = 0; path = FriendsCollection.app; sourceTree = BUILT_PRODUCTS_DIR; };
		8D76F6AE2524A5FB00333085 /* AppDelegate.swift */ = {isa = PBXFileReference; lastKnownFileType = sourcecode.swift; path = AppDelegate.swift; sourceTree = "<group>"; };
		8D76F6B02524A5FB00333085 /* SceneDelegate.swift */ = {isa = PBXFileReference; lastKnownFileType = sourcecode.swift; path = SceneDelegate.swift; sourceTree = "<group>"; };
		8D76F6B22524A5FB00333085 /* ViewController.swift */ = {isa = PBXFileReference; lastKnownFileType = sourcecode.swift; path = ViewController.swift; sourceTree = "<group>"; };
		8D76F6B52524A5FB00333085 /* Base */ = {isa = PBXFileReference; lastKnownFileType = file.storyboard; name = Base; path = Base.lproj/Main.storyboard; sourceTree = "<group>"; };
		8D76F6B72524A5FC00333085 /* Assets.xcassets */ = {isa = PBXFileReference; lastKnownFileType = folder.assetcatalog; path = Assets.xcassets; sourceTree = "<group>"; };
		8D76F6BA2524A5FC00333085 /* Base */ = {isa = PBXFileReference; lastKnownFileType = file.storyboard; name = Base; path = Base.lproj/LaunchScreen.storyboard; sourceTree = "<group>"; };
		8D76F6BC2524A5FC00333085 /* Info.plist */ = {isa = PBXFileReference; lastKnownFileType = text.plist.xml; path = Info.plist; sourceTree = "<group>"; };
		8D76F6C12524A5FC00333085 /* FriendsCollectionTests.xctest */ = {isa = PBXFileReference; explicitFileType = wrapper.cfbundle; includeInIndex = 0; path = FriendsCollectionTests.xctest; sourceTree = BUILT_PRODUCTS_DIR; };
		8D76F6C52524A5FC00333085 /* FriendsCollectionTests.swift */ = {isa = PBXFileReference; lastKnownFileType = sourcecode.swift; path = FriendsCollectionTests.swift; sourceTree = "<group>"; };
		8D76F6C72524A5FC00333085 /* Info.plist */ = {isa = PBXFileReference; lastKnownFileType = text.plist.xml; path = Info.plist; sourceTree = "<group>"; };
		8D76F6CC2524A5FC00333085 /* FriendsCollectionUITests.xctest */ = {isa = PBXFileReference; explicitFileType = wrapper.cfbundle; includeInIndex = 0; path = FriendsCollectionUITests.xctest; sourceTree = BUILT_PRODUCTS_DIR; };
		8D76F6D02524A5FC00333085 /* FriendsCollectionUITests.swift */ = {isa = PBXFileReference; lastKnownFileType = sourcecode.swift; path = FriendsCollectionUITests.swift; sourceTree = "<group>"; };
		8D76F6D22524A5FC00333085 /* Info.plist */ = {isa = PBXFileReference; lastKnownFileType = text.plist.xml; path = Info.plist; sourceTree = "<group>"; };
		8D76F6E12524A87500333085 /* FriendCollectionViewCell.swift */ = {isa = PBXFileReference; lastKnownFileType = sourcecode.swift; path = FriendCollectionViewCell.swift; sourceTree = "<group>"; };
		8D76F6E22524A87500333085 /* FriendCollectionViewCell.xib */ = {isa = PBXFileReference; lastKnownFileType = file.xib; path = FriendCollectionViewCell.xib; sourceTree = "<group>"; };
		8D76F6ED2524B2D900333085 /* FriendModel.swift */ = {isa = PBXFileReference; fileEncoding = 4; lastKnownFileType = sourcecode.swift; name = FriendModel.swift; path = ../../../week3/JsonDataControl/JsonDataControl/FriendModel.swift; sourceTree = "<group>"; };
		8D76F6F32524C97F00333085 /* HeaderCollectionReusableView.swift */ = {isa = PBXFileReference; lastKnownFileType = sourcecode.swift; path = HeaderCollectionReusableView.swift; sourceTree = "<group>"; };
		8D76F6F42524C97F00333085 /* HeaderCollectionReusableView.xib */ = {isa = PBXFileReference; lastKnownFileType = file.xib; path = HeaderCollectionReusableView.xib; sourceTree = "<group>"; };
/* End PBXFileReference section */

/* Begin PBXFrameworksBuildPhase section */
		8D76F6A82524A5FB00333085 /* Frameworks */ = {
			isa = PBXFrameworksBuildPhase;
			buildActionMask = 2147483647;
			files = (
			);
			runOnlyForDeploymentPostprocessing = 0;
		};
		8D76F6BE2524A5FC00333085 /* Frameworks */ = {
			isa = PBXFrameworksBuildPhase;
			buildActionMask = 2147483647;
			files = (
			);
			runOnlyForDeploymentPostprocessing = 0;
		};
		8D76F6C92524A5FC00333085 /* Frameworks */ = {
			isa = PBXFrameworksBuildPhase;
			buildActionMask = 2147483647;
			files = (
			);
			runOnlyForDeploymentPostprocessing = 0;
		};
/* End PBXFrameworksBuildPhase section */

/* Begin PBXGroup section */
		8D76F6A22524A5FB00333085 = {
			isa = PBXGroup;
			children = (
				8D76F6AD2524A5FB00333085 /* FriendsCollection */,
				8D76F6C42524A5FC00333085 /* FriendsCollectionTests */,
				8D76F6CF2524A5FC00333085 /* FriendsCollectionUITests */,
				8D76F6AC2524A5FB00333085 /* Products */,
			);
			sourceTree = "<group>";
		};
		8D76F6AC2524A5FB00333085 /* Products */ = {
			isa = PBXGroup;
			children = (
				8D76F6AB2524A5FB00333085 /* FriendsCollection.app */,
				8D76F6C12524A5FC00333085 /* FriendsCollectionTests.xctest */,
				8D76F6CC2524A5FC00333085 /* FriendsCollectionUITests.xctest */,
			);
			name = Products;
			sourceTree = "<group>";
		};
		8D76F6AD2524A5FB00333085 /* FriendsCollection */ = {
			isa = PBXGroup;
			children = (
				8D76F6ED2524B2D900333085 /* FriendModel.swift */,
				8D76F6AE2524A5FB00333085 /* AppDelegate.swift */,
				8D76F6B02524A5FB00333085 /* SceneDelegate.swift */,
				8D76F6B22524A5FB00333085 /* ViewController.swift */,
				8D76F6E12524A87500333085 /* FriendCollectionViewCell.swift */,
				8D76F6E22524A87500333085 /* FriendCollectionViewCell.xib */,
				8D76F6F32524C97F00333085 /* HeaderCollectionReusableView.swift */,
				8D76F6F42524C97F00333085 /* HeaderCollectionReusableView.xib */,
				8D76F6B42524A5FB00333085 /* Main.storyboard */,
				8D76F6B72524A5FC00333085 /* Assets.xcassets */,
				8D76F6B92524A5FC00333085 /* LaunchScreen.storyboard */,
				8D76F6BC2524A5FC00333085 /* Info.plist */,
			);
			path = FriendsCollection;
			sourceTree = "<group>";
		};
		8D76F6C42524A5FC00333085 /* FriendsCollectionTests */ = {
			isa = PBXGroup;
			children = (
				8D76F6C52524A5FC00333085 /* FriendsCollectionTests.swift */,
				8D76F6C72524A5FC00333085 /* Info.plist */,
			);
			path = FriendsCollectionTests;
			sourceTree = "<group>";
		};
		8D76F6CF2524A5FC00333085 /* FriendsCollectionUITests */ = {
			isa = PBXGroup;
			children = (
				8D76F6D02524A5FC00333085 /* FriendsCollectionUITests.swift */,
				8D76F6D22524A5FC00333085 /* Info.plist */,
			);
			path = FriendsCollectionUITests;
			sourceTree = "<group>";
		};
/* End PBXGroup section */

/* Begin PBXNativeTarget section */
		8D76F6AA2524A5FB00333085 /* FriendsCollection */ = {
			isa = PBXNativeTarget;
			buildConfigurationList = 8D76F6D52524A5FC00333085 /* Build configuration list for PBXNativeTarget "FriendsCollection" */;
			buildPhases = (
				8D76F6A72524A5FB00333085 /* Sources */,
				8D76F6A82524A5FB00333085 /* Frameworks */,
				8D76F6A92524A5FB00333085 /* Resources */,
			);
			buildRules = (
			);
			dependencies = (
			);
			name = FriendsCollection;
			productName = FriendsCollection;
			productReference = 8D76F6AB2524A5FB00333085 /* FriendsCollection.app */;
			productType = "com.apple.product-type.application";
		};
		8D76F6C02524A5FC00333085 /* FriendsCollectionTests */ = {
			isa = PBXNativeTarget;
			buildConfigurationList = 8D76F6D82524A5FC00333085 /* Build configuration list for PBXNativeTarget "FriendsCollectionTests" */;
			buildPhases = (
				8D76F6BD2524A5FC00333085 /* Sources */,
				8D76F6BE2524A5FC00333085 /* Frameworks */,
				8D76F6BF2524A5FC00333085 /* Resources */,
			);
			buildRules = (
			);
			dependencies = (
				8D76F6C32524A5FC00333085 /* PBXTargetDependency */,
			);
			name = FriendsCollectionTests;
			productName = FriendsCollectionTests;
			productReference = 8D76F6C12524A5FC00333085 /* FriendsCollectionTests.xctest */;
			productType = "com.apple.product-type.bundle.unit-test";
		};
		8D76F6CB2524A5FC00333085 /* FriendsCollectionUITests */ = {
			isa = PBXNativeTarget;
			buildConfigurationList = 8D76F6DB2524A5FC00333085 /* Build configuration list for PBXNativeTarget "FriendsCollectionUITests" */;
			buildPhases = (
				8D76F6C82524A5FC00333085 /* Sources */,
				8D76F6C92524A5FC00333085 /* Frameworks */,
				8D76F6CA2524A5FC00333085 /* Resources */,
			);
			buildRules = (
			);
			dependencies = (
				8D76F6CE2524A5FC00333085 /* PBXTargetDependency */,
			);
			name = FriendsCollectionUITests;
			productName = FriendsCollectionUITests;
			productReference = 8D76F6CC2524A5FC00333085 /* FriendsCollectionUITests.xctest */;
			productType = "com.apple.product-type.bundle.ui-testing";
		};
/* End PBXNativeTarget section */

/* Begin PBXProject section */
		8D76F6A32524A5FB00333085 /* Project object */ = {
			isa = PBXProject;
			attributes = {
				LastSwiftUpdateCheck = 1200;
				LastUpgradeCheck = 1200;
				TargetAttributes = {
					8D76F6AA2524A5FB00333085 = {
						CreatedOnToolsVersion = 12.0.1;
					};
					8D76F6C02524A5FC00333085 = {
						CreatedOnToolsVersion = 12.0.1;
						TestTargetID = 8D76F6AA2524A5FB00333085;
					};
					8D76F6CB2524A5FC00333085 = {
						CreatedOnToolsVersion = 12.0.1;
						TestTargetID = 8D76F6AA2524A5FB00333085;
					};
				};
			};
			buildConfigurationList = 8D76F6A62524A5FB00333085 /* Build configuration list for PBXProject "FriendsCollection" */;
			compatibilityVersion = "Xcode 9.3";
			developmentRegion = en;
			hasScannedForEncodings = 0;
			knownRegions = (
				en,
				Base,
			);
			mainGroup = 8D76F6A22524A5FB00333085;
			productRefGroup = 8D76F6AC2524A5FB00333085 /* Products */;
			projectDirPath = "";
			projectRoot = "";
			targets = (
				8D76F6AA2524A5FB00333085 /* FriendsCollection */,
				8D76F6C02524A5FC00333085 /* FriendsCollectionTests */,
				8D76F6CB2524A5FC00333085 /* FriendsCollectionUITests */,
			);
		};
/* End PBXProject section */

/* Begin PBXResourcesBuildPhase section */
		8D76F6A92524A5FB00333085 /* Resources */ = {
			isa = PBXResourcesBuildPhase;
			buildActionMask = 2147483647;
			files = (
				8D76F6E42524A87500333085 /* FriendCollectionViewCell.xib in Resources */,
				8D76F6F62524C97F00333085 /* HeaderCollectionReusableView.xib in Resources */,
				8D76F6BB2524A5FC00333085 /* LaunchScreen.storyboard in Resources */,
				8D76F6B82524A5FC00333085 /* Assets.xcassets in Resources */,
				8D76F6B62524A5FB00333085 /* Main.storyboard in Resources */,
			);
			runOnlyForDeploymentPostprocessing = 0;
		};
		8D76F6BF2524A5FC00333085 /* Resources */ = {
			isa = PBXResourcesBuildPhase;
			buildActionMask = 2147483647;
			files = (
			);
			runOnlyForDeploymentPostprocessing = 0;
		};
		8D76F6CA2524A5FC00333085 /* Resources */ = {
			isa = PBXResourcesBuildPhase;
			buildActionMask = 2147483647;
			files = (
			);
			runOnlyForDeploymentPostprocessing = 0;
		};
/* End PBXResourcesBuildPhase section */

/* Begin PBXSourcesBuildPhase section */
		8D76F6A72524A5FB00333085 /* Sources */ = {
			isa = PBXSourcesBuildPhase;
			buildActionMask = 2147483647;
			files = (
				8D76F6EE2524B2D900333085 /* FriendModel.swift in Sources */,
				8D76F6E32524A87500333085 /* FriendCollectionViewCell.swift in Sources */,
				8D76F6B32524A5FB00333085 /* ViewController.swift in Sources */,
				8D76F6AF2524A5FB00333085 /* AppDelegate.swift in Sources */,
				8D76F6F52524C97F00333085 /* HeaderCollectionReusableView.swift in Sources */,
				8D76F6B12524A5FB00333085 /* SceneDelegate.swift in Sources */,
			);
			runOnlyForDeploymentPostprocessing = 0;
		};
		8D76F6BD2524A5FC00333085 /* Sources */ = {
			isa = PBXSourcesBuildPhase;
			buildActionMask = 2147483647;
			files = (
				8D76F6C62524A5FC00333085 /* FriendsCollectionTests.swift in Sources */,
			);
			runOnlyForDeploymentPostprocessing = 0;
		};
		8D76F6C82524A5FC00333085 /* Sources */ = {
			isa = PBXSourcesBuildPhase;
			buildActionMask = 2147483647;
			files = (
				8D76F6D12524A5FC00333085 /* FriendsCollectionUITests.swift in Sources */,
			);
			runOnlyForDeploymentPostprocessing = 0;
		};
/* End PBXSourcesBuildPhase section */

/* Begin PBXTargetDependency section */
		8D76F6C32524A5FC00333085 /* PBXTargetDependency */ = {
			isa = PBXTargetDependency;
			target = 8D76F6AA2524A5FB00333085 /* FriendsCollection */;
			targetProxy = 8D76F6C22524A5FC00333085 /* PBXContainerItemProxy */;
		};
		8D76F6CE2524A5FC00333085 /* PBXTargetDependency */ = {
			isa = PBXTargetDependency;
			target = 8D76F6AA2524A5FB00333085 /* FriendsCollection */;
			targetProxy = 8D76F6CD2524A5FC00333085 /* PBXContainerItemProxy */;
		};
/* End PBXTargetDependency section */

/* Begin PBXVariantGroup section */
		8D76F6B42524A5FB00333085 /* Main.storyboard */ = {
			isa = PBXVariantGroup;
			children = (
				8D76F6B52524A5FB00333085 /* Base */,
			);
			name = Main.storyboard;
			sourceTree = "<group>";
		};
		8D76F6B92524A5FC00333085 /* LaunchScreen.storyboard */ = {
			isa = PBXVariantGroup;
			children = (
				8D76F6BA2524A5FC00333085 /* Base */,
			);
			name = LaunchScreen.storyboard;
			sourceTree = "<group>";
		};
/* End PBXVariantGroup section */

/* Begin XCBuildConfiguration section */
		8D76F6D32524A5FC00333085 /* Debug */ = {
			isa = XCBuildConfiguration;
			buildSettings = {
				ALWAYS_SEARCH_USER_PATHS = NO;
				CLANG_ANALYZER_NONNULL = YES;
				CLANG_ANALYZER_NUMBER_OBJECT_CONVERSION = YES_AGGRESSIVE;
				CLANG_CXX_LANGUAGE_STANDARD = "gnu++14";
				CLANG_CXX_LIBRARY = "libc++";
				CLANG_ENABLE_MODULES = YES;
				CLANG_ENABLE_OBJC_ARC = YES;
				CLANG_ENABLE_OBJC_WEAK = YES;
				CLANG_WARN_BLOCK_CAPTURE_AUTORELEASING = YES;
				CLANG_WARN_BOOL_CONVERSION = YES;
				CLANG_WARN_COMMA = YES;
				CLANG_WARN_CONSTANT_CONVERSION = YES;
				CLANG_WARN_DEPRECATED_OBJC_IMPLEMENTATIONS = YES;
				CLANG_WARN_DIRECT_OBJC_ISA_USAGE = YES_ERROR;
				CLANG_WARN_DOCUMENTATION_COMMENTS = YES;
				CLANG_WARN_EMPTY_BODY = YES;
				CLANG_WARN_ENUM_CONVERSION = YES;
				CLANG_WARN_INFINITE_RECURSION = YES;
				CLANG_WARN_INT_CONVERSION = YES;
				CLANG_WARN_NON_LITERAL_NULL_CONVERSION = YES;
				CLANG_WARN_OBJC_IMPLICIT_RETAIN_SELF = YES;
				CLANG_WARN_OBJC_LITERAL_CONVERSION = YES;
				CLANG_WARN_OBJC_ROOT_CLASS = YES_ERROR;
				CLANG_WARN_QUOTED_INCLUDE_IN_FRAMEWORK_HEADER = YES;
				CLANG_WARN_RANGE_LOOP_ANALYSIS = YES;
				CLANG_WARN_STRICT_PROTOTYPES = YES;
				CLANG_WARN_SUSPICIOUS_MOVE = YES;
				CLANG_WARN_UNGUARDED_AVAILABILITY = YES_AGGRESSIVE;
				CLANG_WARN_UNREACHABLE_CODE = YES;
				CLANG_WARN__DUPLICATE_METHOD_MATCH = YES;
				COPY_PHASE_STRIP = NO;
				DEBUG_INFORMATION_FORMAT = dwarf;
				ENABLE_STRICT_OBJC_MSGSEND = YES;
				ENABLE_TESTABILITY = YES;
				GCC_C_LANGUAGE_STANDARD = gnu11;
				GCC_DYNAMIC_NO_PIC = NO;
				GCC_NO_COMMON_BLOCKS = YES;
				GCC_OPTIMIZATION_LEVEL = 0;
				GCC_PREPROCESSOR_DEFINITIONS = (
					"DEBUG=1",
					"$(inherited)",
				);
				GCC_WARN_64_TO_32_BIT_CONVERSION = YES;
				GCC_WARN_ABOUT_RETURN_TYPE = YES_ERROR;
				GCC_WARN_UNDECLARED_SELECTOR = YES;
				GCC_WARN_UNINITIALIZED_AUTOS = YES_AGGRESSIVE;
				GCC_WARN_UNUSED_FUNCTION = YES;
				GCC_WARN_UNUSED_VARIABLE = YES;
				IPHONEOS_DEPLOYMENT_TARGET = 14.0;
				MTL_ENABLE_DEBUG_INFO = INCLUDE_SOURCE;
				MTL_FAST_MATH = YES;
				ONLY_ACTIVE_ARCH = YES;
				SDKROOT = iphoneos;
				SWIFT_ACTIVE_COMPILATION_CONDITIONS = DEBUG;
				SWIFT_OPTIMIZATION_LEVEL = "-Onone";
			};
			name = Debug;
		};
		8D76F6D42524A5FC00333085 /* Release */ = {
			isa = XCBuildConfiguration;
			buildSettings = {
				ALWAYS_SEARCH_USER_PATHS = NO;
				CLANG_ANALYZER_NONNULL = YES;
				CLANG_ANALYZER_NUMBER_OBJECT_CONVERSION = YES_AGGRESSIVE;
				CLANG_CXX_LANGUAGE_STANDARD = "gnu++14";
				CLANG_CXX_LIBRARY = "libc++";
				CLANG_ENABLE_MODULES = YES;
				CLANG_ENABLE_OBJC_ARC = YES;
				CLANG_ENABLE_OBJC_WEAK = YES;
				CLANG_WARN_BLOCK_CAPTURE_AUTORELEASING = YES;
				CLANG_WARN_BOOL_CONVERSION = YES;
				CLANG_WARN_COMMA = YES;
				CLANG_WARN_CONSTANT_CONVERSION = YES;
				CLANG_WARN_DEPRECATED_OBJC_IMPLEMENTATIONS = YES;
				CLANG_WARN_DIRECT_OBJC_ISA_USAGE = YES_ERROR;
				CLANG_WARN_DOCUMENTATION_COMMENTS = YES;
				CLANG_WARN_EMPTY_BODY = YES;
				CLANG_WARN_ENUM_CONVERSION = YES;
				CLANG_WARN_INFINITE_RECURSION = YES;
				CLANG_WARN_INT_CONVERSION = YES;
				CLANG_WARN_NON_LITERAL_NULL_CONVERSION = YES;
				CLANG_WARN_OBJC_IMPLICIT_RETAIN_SELF = YES;
				CLANG_WARN_OBJC_LITERAL_CONVERSION = YES;
				CLANG_WARN_OBJC_ROOT_CLASS = YES_ERROR;
				CLANG_WARN_QUOTED_INCLUDE_IN_FRAMEWORK_HEADER = YES;
				CLANG_WARN_RANGE_LOOP_ANALYSIS = YES;
				CLANG_WARN_STRICT_PROTOTYPES = YES;
				CLANG_WARN_SUSPICIOUS_MOVE = YES;
				CLANG_WARN_UNGUARDED_AVAILABILITY = YES_AGGRESSIVE;
				CLANG_WARN_UNREACHABLE_CODE = YES;
				CLANG_WARN__DUPLICATE_METHOD_MATCH = YES;
				COPY_PHASE_STRIP = NO;
				DEBUG_INFORMATION_FORMAT = "dwarf-with-dsym";
				ENABLE_NS_ASSERTIONS = NO;
				ENABLE_STRICT_OBJC_MSGSEND = YES;
				GCC_C_LANGUAGE_STANDARD = gnu11;
				GCC_NO_COMMON_BLOCKS = YES;
				GCC_WARN_64_TO_32_BIT_CONVERSION = YES;
				GCC_WARN_ABOUT_RETURN_TYPE = YES_ERROR;
				GCC_WARN_UNDECLARED_SELECTOR = YES;
				GCC_WARN_UNINITIALIZED_AUTOS = YES_AGGRESSIVE;
				GCC_WARN_UNUSED_FUNCTION = YES;
				GCC_WARN_UNUSED_VARIABLE = YES;
				IPHONEOS_DEPLOYMENT_TARGET = 14.0;
				MTL_ENABLE_DEBUG_INFO = NO;
				MTL_FAST_MATH = YES;
				SDKROOT = iphoneos;
				SWIFT_COMPILATION_MODE = wholemodule;
				SWIFT_OPTIMIZATION_LEVEL = "-O";
				VALIDATE_PRODUCT = YES;
			};
			name = Release;
		};
		8D76F6D62524A5FC00333085 /* Debug */ = {
			isa = XCBuildConfiguration;
			buildSettings = {
				ASSETCATALOG_COMPILER_APPICON_NAME = AppIcon;
				ASSETCATALOG_COMPILER_GLOBAL_ACCENT_COLOR_NAME = AccentColor;
				CODE_SIGN_STYLE = Automatic;
				INFOPLIST_FILE = FriendsCollection/Info.plist;
				LD_RUNPATH_SEARCH_PATHS = (
					"$(inherited)",
					"@executable_path/Frameworks",
				);
				PRODUCT_BUNDLE_IDENTIFIER = com.younoah.FriendsCollection;
				PRODUCT_NAME = "$(TARGET_NAME)";
				SWIFT_VERSION = 5.0;
				TARGETED_DEVICE_FAMILY = "1,2";
			};
			name = Debug;
		};
		8D76F6D72524A5FC00333085 /* Release */ = {
			isa = XCBuildConfiguration;
			buildSettings = {
				ASSETCATALOG_COMPILER_APPICON_NAME = AppIcon;
				ASSETCATALOG_COMPILER_GLOBAL_ACCENT_COLOR_NAME = AccentColor;
				CODE_SIGN_STYLE = Automatic;
				INFOPLIST_FILE = FriendsCollection/Info.plist;
				LD_RUNPATH_SEARCH_PATHS = (
					"$(inherited)",
					"@executable_path/Frameworks",
				);
				PRODUCT_BUNDLE_IDENTIFIER = com.younoah.FriendsCollection;
				PRODUCT_NAME = "$(TARGET_NAME)";
				SWIFT_VERSION = 5.0;
				TARGETED_DEVICE_FAMILY = "1,2";
			};
			name = Release;
		};
		8D76F6D92524A5FC00333085 /* Debug */ = {
			isa = XCBuildConfiguration;
			buildSettings = {
				ALWAYS_EMBED_SWIFT_STANDARD_LIBRARIES = YES;
				BUNDLE_LOADER = "$(TEST_HOST)";
				CODE_SIGN_STYLE = Automatic;
				INFOPLIST_FILE = FriendsCollectionTests/Info.plist;
				IPHONEOS_DEPLOYMENT_TARGET = 14.0;
				LD_RUNPATH_SEARCH_PATHS = (
					"$(inherited)",
					"@executable_path/Frameworks",
					"@loader_path/Frameworks",
				);
				PRODUCT_BUNDLE_IDENTIFIER = com.younoah.FriendsCollectionTests;
				PRODUCT_NAME = "$(TARGET_NAME)";
				SWIFT_VERSION = 5.0;
				TARGETED_DEVICE_FAMILY = "1,2";
				TEST_HOST = "$(BUILT_PRODUCTS_DIR)/FriendsCollection.app/FriendsCollection";
			};
			name = Debug;
		};
		8D76F6DA2524A5FC00333085 /* Release */ = {
			isa = XCBuildConfiguration;
			buildSettings = {
				ALWAYS_EMBED_SWIFT_STANDARD_LIBRARIES = YES;
				BUNDLE_LOADER = "$(TEST_HOST)";
				CODE_SIGN_STYLE = Automatic;
				INFOPLIST_FILE = FriendsCollectionTests/Info.plist;
				IPHONEOS_DEPLOYMENT_TARGET = 14.0;
				LD_RUNPATH_SEARCH_PATHS = (
					"$(inherited)",
					"@executable_path/Frameworks",
					"@loader_path/Frameworks",
				);
				PRODUCT_BUNDLE_IDENTIFIER = com.younoah.FriendsCollectionTests;
				PRODUCT_NAME = "$(TARGET_NAME)";
				SWIFT_VERSION = 5.0;
				TARGETED_DEVICE_FAMILY = "1,2";
				TEST_HOST = "$(BUILT_PRODUCTS_DIR)/FriendsCollection.app/FriendsCollection";
			};
			name = Release;
		};
		8D76F6DC2524A5FC00333085 /* Debug */ = {
			isa = XCBuildConfiguration;
			buildSettings = {
				ALWAYS_EMBED_SWIFT_STANDARD_LIBRARIES = YES;
				CODE_SIGN_STYLE = Automatic;
				INFOPLIST_FILE = FriendsCollectionUITests/Info.plist;
				LD_RUNPATH_SEARCH_PATHS = (
					"$(inherited)",
					"@executable_path/Frameworks",
					"@loader_path/Frameworks",
				);
				PRODUCT_BUNDLE_IDENTIFIER = com.younoah.FriendsCollectionUITests;
				PRODUCT_NAME = "$(TARGET_NAME)";
				SWIFT_VERSION = 5.0;
				TARGETED_DEVICE_FAMILY = "1,2";
				TEST_TARGET_NAME = FriendsCollection;
			};
			name = Debug;
		};
		8D76F6DD2524A5FC00333085 /* Release */ = {
			isa = XCBuildConfiguration;
			buildSettings = {
				ALWAYS_EMBED_SWIFT_STANDARD_LIBRARIES = YES;
				CODE_SIGN_STYLE = Automatic;
				INFOPLIST_FILE = FriendsCollectionUITests/Info.plist;
				LD_RUNPATH_SEARCH_PATHS = (
					"$(inherited)",
					"@executable_path/Frameworks",
					"@loader_path/Frameworks",
				);
				PRODUCT_BUNDLE_IDENTIFIER = com.younoah.FriendsCollectionUITests;
				PRODUCT_NAME = "$(TARGET_NAME)";
				SWIFT_VERSION = 5.0;
				TARGETED_DEVICE_FAMILY = "1,2";
				TEST_TARGET_NAME = FriendsCollection;
			};
			name = Release;
		};
/* End XCBuildConfiguration section */

/* Begin XCConfigurationList section */
		8D76F6A62524A5FB00333085 /* Build configuration list for PBXProject "FriendsCollection" */ = {
			isa = XCConfigurationList;
			buildConfigurations = (
				8D76F6D32524A5FC00333085 /* Debug */,
				8D76F6D42524A5FC00333085 /* Release */,
			);
			defaultConfigurationIsVisible = 0;
			defaultConfigurationName = Release;
		};
		8D76F6D52524A5FC00333085 /* Build configuration list for PBXNativeTarget "FriendsCollection" */ = {
			isa = XCConfigurationList;
			buildConfigurations = (
				8D76F6D62524A5FC00333085 /* Debug */,
				8D76F6D72524A5FC00333085 /* Release */,
			);
			defaultConfigurationIsVisible = 0;
			defaultConfigurationName = Release;
		};
		8D76F6D82524A5FC00333085 /* Build configuration list for PBXNativeTarget "FriendsCollectionTests" */ = {
			isa = XCConfigurationList;
			buildConfigurations = (
				8D76F6D92524A5FC00333085 /* Debug */,
				8D76F6DA2524A5FC00333085 /* Release */,
			);
			defaultConfigurationIsVisible = 0;
			defaultConfigurationName = Release;
		};
		8D76F6DB2524A5FC00333085 /* Build configuration list for PBXNativeTarget "FriendsCollectionUITests" */ = {
			isa = XCConfigurationList;
			buildConfigurations = (
				8D76F6DC2524A5FC00333085 /* Debug */,
				8D76F6DD2524A5FC00333085 /* Release */,
			);
			defaultConfigurationIsVisible = 0;
			defaultConfigurationName = Release;
		};
/* End XCConfigurationList section */
	};
	rootObject = 8D76F6A32524A5FB00333085 /* Project object */;
}
