// !$*UTF8*$!
{
	archiveVersion = 1;
	classes = {
	};
	objectVersion = 50;
	objects = {

/* Begin PBXBuildFile section */
		8D0EE7A32539F698004DC044 /* MovieDetailInfomationTableViewCell.swift in Sources */ = {isa = PBXBuildFile; fileRef = 8D0EE7A12539F698004DC044 /* MovieDetailInfomationTableViewCell.swift */; };
		8D0EE7A42539F698004DC044 /* MovieDetailInfomationTableViewCell.xib in Resources */ = {isa = PBXBuildFile; fileRef = 8D0EE7A22539F698004DC044 /* MovieDetailInfomationTableViewCell.xib */; };
		8D0EE7AA2539F6BD004DC044 /* MovieSynopsisTableViewCell.swift in Sources */ = {isa = PBXBuildFile; fileRef = 8D0EE7A82539F6BD004DC044 /* MovieSynopsisTableViewCell.swift */; };
		8D0EE7AB2539F6BD004DC044 /* MovieSynopsisTableViewCell.xib in Resources */ = {isa = PBXBuildFile; fileRef = 8D0EE7A92539F6BD004DC044 /* MovieSynopsisTableViewCell.xib */; };
		8D0EE7C12539F787004DC044 /* MovieDirectorTableViewCell.swift in Sources */ = {isa = PBXBuildFile; fileRef = 8D0EE7BF2539F787004DC044 /* MovieDirectorTableViewCell.swift */; };
		8D0EE7C22539F787004DC044 /* MovieDirectorTableViewCell.xib in Resources */ = {isa = PBXBuildFile; fileRef = 8D0EE7C02539F787004DC044 /* MovieDirectorTableViewCell.xib */; };
		8D0EE7C92539FFC1004DC044 /* CommentTableViewCell.swift in Sources */ = {isa = PBXBuildFile; fileRef = 8D0EE7C72539FFC1004DC044 /* CommentTableViewCell.swift */; };
		8D0EE7CA2539FFC1004DC044 /* CommentTableViewCell.xib in Resources */ = {isa = PBXBuildFile; fileRef = 8D0EE7C82539FFC1004DC044 /* CommentTableViewCell.xib */; };
		8D0EE7D0253A0470004DC044 /* CommentSectionHeader.swift in Sources */ = {isa = PBXBuildFile; fileRef = 8D0EE7CE253A0470004DC044 /* CommentSectionHeader.swift */; };
		8D0EE7D1253A0470004DC044 /* CommentSectionHeader.xib in Resources */ = {isa = PBXBuildFile; fileRef = 8D0EE7CF253A0470004DC044 /* CommentSectionHeader.xib */; };
		8D1F68FF252D8EEA00A2E094 /* Comment.swift in Sources */ = {isa = PBXBuildFile; fileRef = 8D1F68FE252D8EEA00A2E094 /* Comment.swift */; };
		8D5262C3252C94A30025FA69 /* AppDelegate.swift in Sources */ = {isa = PBXBuildFile; fileRef = 8D5262C2252C94A30025FA69 /* AppDelegate.swift */; };
		8D5262C5252C94A30025FA69 /* SceneDelegate.swift in Sources */ = {isa = PBXBuildFile; fileRef = 8D5262C4252C94A30025FA69 /* SceneDelegate.swift */; };
		8D5262C7252C94A30025FA69 /* MovieTableViewController.swift in Sources */ = {isa = PBXBuildFile; fileRef = 8D5262C6252C94A30025FA69 /* MovieTableViewController.swift */; };
		8D5262CA252C94A30025FA69 /* Main.storyboard in Resources */ = {isa = PBXBuildFile; fileRef = 8D5262C8252C94A30025FA69 /* Main.storyboard */; };
		8D5262CC252C94A60025FA69 /* Assets.xcassets in Resources */ = {isa = PBXBuildFile; fileRef = 8D5262CB252C94A60025FA69 /* Assets.xcassets */; };
		8D5262CF252C94A60025FA69 /* LaunchScreen.storyboard in Resources */ = {isa = PBXBuildFile; fileRef = 8D5262CD252C94A60025FA69 /* LaunchScreen.storyboard */; };
		8D5262DA252C94A60025FA69 /* BoxOfficeTests.swift in Sources */ = {isa = PBXBuildFile; fileRef = 8D5262D9252C94A60025FA69 /* BoxOfficeTests.swift */; };
		8D5262E5252C94A60025FA69 /* BoxOfficeUITests.swift in Sources */ = {isa = PBXBuildFile; fileRef = 8D5262E4252C94A60025FA69 /* BoxOfficeUITests.swift */; };
		8D526303252C9CC80025FA69 /* MovieCollectionViewController.swift in Sources */ = {isa = PBXBuildFile; fileRef = 8D526302252C9CC80025FA69 /* MovieCollectionViewController.swift */; };
		8D526308252C9D310025FA69 /* MovieDetailViewController.swift in Sources */ = {isa = PBXBuildFile; fileRef = 8D526307252C9D310025FA69 /* MovieDetailViewController.swift */; };
		8D526310252C9D600025FA69 /* CommentViewController.swift in Sources */ = {isa = PBXBuildFile; fileRef = 8D52630F252C9D600025FA69 /* CommentViewController.swift */; };
		8D52631C252C9EFA0025FA69 /* MovieTableViewCell.swift in Sources */ = {isa = PBXBuildFile; fileRef = 8D52631A252C9EFA0025FA69 /* MovieTableViewCell.swift */; };
		8D52631D252C9EFA0025FA69 /* MovieTableViewCell.xib in Resources */ = {isa = PBXBuildFile; fileRef = 8D52631B252C9EFA0025FA69 /* MovieTableViewCell.xib */; };
		8D526323252C9F200025FA69 /* MovieCollectionViewCell.swift in Sources */ = {isa = PBXBuildFile; fileRef = 8D526321252C9F200025FA69 /* MovieCollectionViewCell.swift */; };
		8D526324252C9F200025FA69 /* MovieCollectionViewCell.xib in Resources */ = {isa = PBXBuildFile; fileRef = 8D526322252C9F200025FA69 /* MovieCollectionViewCell.xib */; };
		8D52632C252CA69B0025FA69 /* Movie.swift in Sources */ = {isa = PBXBuildFile; fileRef = 8D52632B252CA69B0025FA69 /* Movie.swift */; };
		8D7324642539D6F4006067F8 /* AlertController.swift in Sources */ = {isa = PBXBuildFile; fileRef = 8D7324632539D6F4006067F8 /* AlertController.swift */; };
		8D83FABD25380CCD002A7A7B /* API.swift in Sources */ = {isa = PBXBuildFile; fileRef = 8D83FABC25380CCD002A7A7B /* API.swift */; };
		8DA3B9CC253862A900C984FA /* MovieView.swift in Sources */ = {isa = PBXBuildFile; fileRef = 8DA3B9CB253862A900C984FA /* MovieView.swift */; };
/* End PBXBuildFile section */

/* Begin PBXContainerItemProxy section */
		8D5262D6252C94A60025FA69 /* PBXContainerItemProxy */ = {
			isa = PBXContainerItemProxy;
			containerPortal = 8D5262B7252C94A30025FA69 /* Project object */;
			proxyType = 1;
			remoteGlobalIDString = 8D5262BE252C94A30025FA69;
			remoteInfo = BoxOffice;
		};
		8D5262E1252C94A60025FA69 /* PBXContainerItemProxy */ = {
			isa = PBXContainerItemProxy;
			containerPortal = 8D5262B7252C94A30025FA69 /* Project object */;
			proxyType = 1;
			remoteGlobalIDString = 8D5262BE252C94A30025FA69;
			remoteInfo = BoxOffice;
		};
/* End PBXContainerItemProxy section */

/* Begin PBXFileReference section */
		8D0EE7A12539F698004DC044 /* MovieDetailInfomationTableViewCell.swift */ = {isa = PBXFileReference; lastKnownFileType = sourcecode.swift; path = MovieDetailInfomationTableViewCell.swift; sourceTree = "<group>"; };
		8D0EE7A22539F698004DC044 /* MovieDetailInfomationTableViewCell.xib */ = {isa = PBXFileReference; lastKnownFileType = file.xib; path = MovieDetailInfomationTableViewCell.xib; sourceTree = "<group>"; };
		8D0EE7A82539F6BD004DC044 /* MovieSynopsisTableViewCell.swift */ = {isa = PBXFileReference; lastKnownFileType = sourcecode.swift; path = MovieSynopsisTableViewCell.swift; sourceTree = "<group>"; };
		8D0EE7A92539F6BD004DC044 /* MovieSynopsisTableViewCell.xib */ = {isa = PBXFileReference; lastKnownFileType = file.xib; path = MovieSynopsisTableViewCell.xib; sourceTree = "<group>"; };
		8D0EE7BF2539F787004DC044 /* MovieDirectorTableViewCell.swift */ = {isa = PBXFileReference; lastKnownFileType = sourcecode.swift; path = MovieDirectorTableViewCell.swift; sourceTree = "<group>"; };
		8D0EE7C02539F787004DC044 /* MovieDirectorTableViewCell.xib */ = {isa = PBXFileReference; lastKnownFileType = file.xib; path = MovieDirectorTableViewCell.xib; sourceTree = "<group>"; };
		8D0EE7C72539FFC1004DC044 /* CommentTableViewCell.swift */ = {isa = PBXFileReference; lastKnownFileType = sourcecode.swift; path = CommentTableViewCell.swift; sourceTree = "<group>"; };
		8D0EE7C82539FFC1004DC044 /* CommentTableViewCell.xib */ = {isa = PBXFileReference; lastKnownFileType = file.xib; path = CommentTableViewCell.xib; sourceTree = "<group>"; };
		8D0EE7CE253A0470004DC044 /* CommentSectionHeader.swift */ = {isa = PBXFileReference; lastKnownFileType = sourcecode.swift; path = CommentSectionHeader.swift; sourceTree = "<group>"; };
		8D0EE7CF253A0470004DC044 /* CommentSectionHeader.xib */ = {isa = PBXFileReference; lastKnownFileType = file.xib; path = CommentSectionHeader.xib; sourceTree = "<group>"; };
		8D1F68FE252D8EEA00A2E094 /* Comment.swift */ = {isa = PBXFileReference; lastKnownFileType = sourcecode.swift; path = Comment.swift; sourceTree = "<group>"; };
		8D5262BF252C94A30025FA69 /* BoxOffice.app */ = {isa = PBXFileReference; explicitFileType = wrapper.application; includeInIndex = 0; path = BoxOffice.app; sourceTree = BUILT_PRODUCTS_DIR; };
		8D5262C2252C94A30025FA69 /* AppDelegate.swift */ = {isa = PBXFileReference; lastKnownFileType = sourcecode.swift; path = AppDelegate.swift; sourceTree = "<group>"; };
		8D5262C4252C94A30025FA69 /* SceneDelegate.swift */ = {isa = PBXFileReference; lastKnownFileType = sourcecode.swift; path = SceneDelegate.swift; sourceTree = "<group>"; };
		8D5262C6252C94A30025FA69 /* MovieTableViewController.swift */ = {isa = PBXFileReference; lastKnownFileType = sourcecode.swift; path = MovieTableViewController.swift; sourceTree = "<group>"; };
		8D5262C9252C94A30025FA69 /* Base */ = {isa = PBXFileReference; lastKnownFileType = file.storyboard; name = Base; path = Base.lproj/Main.storyboard; sourceTree = "<group>"; };
		8D5262CB252C94A60025FA69 /* Assets.xcassets */ = {isa = PBXFileReference; lastKnownFileType = folder.assetcatalog; path = Assets.xcassets; sourceTree = "<group>"; };
		8D5262CE252C94A60025FA69 /* Base */ = {isa = PBXFileReference; lastKnownFileType = file.storyboard; name = Base; path = Base.lproj/LaunchScreen.storyboard; sourceTree = "<group>"; };
		8D5262D0252C94A60025FA69 /* Info.plist */ = {isa = PBXFileReference; lastKnownFileType = text.plist.xml; path = Info.plist; sourceTree = "<group>"; };
		8D5262D5252C94A60025FA69 /* BoxOfficeTests.xctest */ = {isa = PBXFileReference; explicitFileType = wrapper.cfbundle; includeInIndex = 0; path = BoxOfficeTests.xctest; sourceTree = BUILT_PRODUCTS_DIR; };
		8D5262D9252C94A60025FA69 /* BoxOfficeTests.swift */ = {isa = PBXFileReference; lastKnownFileType = sourcecode.swift; path = BoxOfficeTests.swift; sourceTree = "<group>"; };
		8D5262DB252C94A60025FA69 /* Info.plist */ = {isa = PBXFileReference; lastKnownFileType = text.plist.xml; path = Info.plist; sourceTree = "<group>"; };
		8D5262E0252C94A60025FA69 /* BoxOfficeUITests.xctest */ = {isa = PBXFileReference; explicitFileType = wrapper.cfbundle; includeInIndex = 0; path = BoxOfficeUITests.xctest; sourceTree = BUILT_PRODUCTS_DIR; };
		8D5262E4252C94A60025FA69 /* BoxOfficeUITests.swift */ = {isa = PBXFileReference; lastKnownFileType = sourcecode.swift; path = BoxOfficeUITests.swift; sourceTree = "<group>"; };
		8D5262E6252C94A60025FA69 /* Info.plist */ = {isa = PBXFileReference; lastKnownFileType = text.plist.xml; path = Info.plist; sourceTree = "<group>"; };
		8D526302252C9CC80025FA69 /* MovieCollectionViewController.swift */ = {isa = PBXFileReference; lastKnownFileType = sourcecode.swift; path = MovieCollectionViewController.swift; sourceTree = "<group>"; };
		8D526307252C9D310025FA69 /* MovieDetailViewController.swift */ = {isa = PBXFileReference; lastKnownFileType = sourcecode.swift; path = MovieDetailViewController.swift; sourceTree = "<group>"; };
		8D52630F252C9D600025FA69 /* CommentViewController.swift */ = {isa = PBXFileReference; lastKnownFileType = sourcecode.swift; path = CommentViewController.swift; sourceTree = "<group>"; };
		8D52631A252C9EFA0025FA69 /* MovieTableViewCell.swift */ = {isa = PBXFileReference; lastKnownFileType = sourcecode.swift; path = MovieTableViewCell.swift; sourceTree = "<group>"; };
		8D52631B252C9EFA0025FA69 /* MovieTableViewCell.xib */ = {isa = PBXFileReference; lastKnownFileType = file.xib; path = MovieTableViewCell.xib; sourceTree = "<group>"; };
		8D526321252C9F200025FA69 /* MovieCollectionViewCell.swift */ = {isa = PBXFileReference; lastKnownFileType = sourcecode.swift; path = MovieCollectionViewCell.swift; sourceTree = "<group>"; };
		8D526322252C9F200025FA69 /* MovieCollectionViewCell.xib */ = {isa = PBXFileReference; lastKnownFileType = file.xib; path = MovieCollectionViewCell.xib; sourceTree = "<group>"; };
		8D52632B252CA69B0025FA69 /* Movie.swift */ = {isa = PBXFileReference; lastKnownFileType = sourcecode.swift; path = Movie.swift; sourceTree = "<group>"; };
		8D7324632539D6F4006067F8 /* AlertController.swift */ = {isa = PBXFileReference; lastKnownFileType = sourcecode.swift; path = AlertController.swift; sourceTree = "<group>"; };
		8D83FABC25380CCD002A7A7B /* API.swift */ = {isa = PBXFileReference; lastKnownFileType = sourcecode.swift; path = API.swift; sourceTree = "<group>"; };
		8DA3B9CB253862A900C984FA /* MovieView.swift */ = {isa = PBXFileReference; lastKnownFileType = sourcecode.swift; path = MovieView.swift; sourceTree = "<group>"; };
/* End PBXFileReference section */

/* Begin PBXFrameworksBuildPhase section */
		8D5262BC252C94A30025FA69 /* Frameworks */ = {
			isa = PBXFrameworksBuildPhase;
			buildActionMask = 2147483647;
			files = (
			);
			runOnlyForDeploymentPostprocessing = 0;
		};
		8D5262D2252C94A60025FA69 /* Frameworks */ = {
			isa = PBXFrameworksBuildPhase;
			buildActionMask = 2147483647;
			files = (
			);
			runOnlyForDeploymentPostprocessing = 0;
		};
		8D5262DD252C94A60025FA69 /* Frameworks */ = {
			isa = PBXFrameworksBuildPhase;
			buildActionMask = 2147483647;
			files = (
			);
			runOnlyForDeploymentPostprocessing = 0;
		};
/* End PBXFrameworksBuildPhase section */

/* Begin PBXGroup section */
		8D0EE79D2539E8B6004DC044 /* Detail */ = {
			isa = PBXGroup;
			children = (
				8D0EE7C62539FFA5004DC044 /* Comment */,
				8D0EE7A12539F698004DC044 /* MovieDetailInfomationTableViewCell.swift */,
				8D0EE7A22539F698004DC044 /* MovieDetailInfomationTableViewCell.xib */,
				8D0EE7A82539F6BD004DC044 /* MovieSynopsisTableViewCell.swift */,
				8D0EE7A92539F6BD004DC044 /* MovieSynopsisTableViewCell.xib */,
				8D0EE7BF2539F787004DC044 /* MovieDirectorTableViewCell.swift */,
				8D0EE7C02539F787004DC044 /* MovieDirectorTableViewCell.xib */,
			);
			path = Detail;
			sourceTree = "<group>";
		};
		8D0EE7C62539FFA5004DC044 /* Comment */ = {
			isa = PBXGroup;
			children = (
				8D0EE7C72539FFC1004DC044 /* CommentTableViewCell.swift */,
				8D0EE7C82539FFC1004DC044 /* CommentTableViewCell.xib */,
				8D0EE7CE253A0470004DC044 /* CommentSectionHeader.swift */,
				8D0EE7CF253A0470004DC044 /* CommentSectionHeader.xib */,
			);
			path = Comment;
			sourceTree = "<group>";
		};
		8D5262B6252C94A30025FA69 = {
			isa = PBXGroup;
			children = (
				8D5262C1252C94A30025FA69 /* BoxOffice */,
				8D5262D8252C94A60025FA69 /* BoxOfficeTests */,
				8D5262E3252C94A60025FA69 /* BoxOfficeUITests */,
				8D5262C0252C94A30025FA69 /* Products */,
			);
			sourceTree = "<group>";
		};
		8D5262C0252C94A30025FA69 /* Products */ = {
			isa = PBXGroup;
			children = (
				8D5262BF252C94A30025FA69 /* BoxOffice.app */,
				8D5262D5252C94A60025FA69 /* BoxOfficeTests.xctest */,
				8D5262E0252C94A60025FA69 /* BoxOfficeUITests.xctest */,
			);
			name = Products;
			sourceTree = "<group>";
		};
		8D5262C1252C94A30025FA69 /* BoxOffice */ = {
			isa = PBXGroup;
			children = (
				8D5262D0252C94A60025FA69 /* Info.plist */,
				8DBB7BA02539D140009D8E27 /* Support */,
				8D5262F8252C96090025FA69 /* Model */,
				8D526341252CACA60025FA69 /* Network */,
				8D526340252CAC9E0025FA69 /* Controller */,
				8D0EE79D2539E8B6004DC044 /* Detail */,
				8D52633F252CAC990025FA69 /* View */,
			);
			path = BoxOffice;
			sourceTree = "<group>";
		};
		8D5262D8252C94A60025FA69 /* BoxOfficeTests */ = {
			isa = PBXGroup;
			children = (
				8D5262D9252C94A60025FA69 /* BoxOfficeTests.swift */,
				8D5262DB252C94A60025FA69 /* Info.plist */,
			);
			path = BoxOfficeTests;
			sourceTree = "<group>";
		};
		8D5262E3252C94A60025FA69 /* BoxOfficeUITests */ = {
			isa = PBXGroup;
			children = (
				8D5262E4252C94A60025FA69 /* BoxOfficeUITests.swift */,
				8D5262E6252C94A60025FA69 /* Info.plist */,
			);
			path = BoxOfficeUITests;
			sourceTree = "<group>";
		};
		8D5262F8252C96090025FA69 /* Model */ = {
			isa = PBXGroup;
			children = (
				8D52632B252CA69B0025FA69 /* Movie.swift */,
				8DA3B9CB253862A900C984FA /* MovieView.swift */,
				8D1F68FE252D8EEA00A2E094 /* Comment.swift */,
			);
			path = Model;
			sourceTree = "<group>";
		};
		8D52633F252CAC990025FA69 /* View */ = {
			isa = PBXGroup;
			children = (
				8D5262C8252C94A30025FA69 /* Main.storyboard */,
				8D5262CD252C94A60025FA69 /* LaunchScreen.storyboard */,
			);
			path = View;
			sourceTree = "<group>";
		};
		8D526340252CAC9E0025FA69 /* Controller */ = {
			isa = PBXGroup;
			children = (
				8D5262C6252C94A30025FA69 /* MovieTableViewController.swift */,
				8D526302252C9CC80025FA69 /* MovieCollectionViewController.swift */,
				8D526307252C9D310025FA69 /* MovieDetailViewController.swift */,
				8D52630F252C9D600025FA69 /* CommentViewController.swift */,
				8D7324632539D6F4006067F8 /* AlertController.swift */,
				8DBB7BA12539D159009D8E27 /* Cell */,
			);
			path = Controller;
			sourceTree = "<group>";
		};
		8D526341252CACA60025FA69 /* Network */ = {
			isa = PBXGroup;
			children = (
				8D83FABC25380CCD002A7A7B /* API.swift */,
			);
			path = Network;
			sourceTree = "<group>";
		};
		8DBB7BA02539D140009D8E27 /* Support */ = {
			isa = PBXGroup;
			children = (
				8D5262C2252C94A30025FA69 /* AppDelegate.swift */,
				8D5262C4252C94A30025FA69 /* SceneDelegate.swift */,
				8D5262CB252C94A60025FA69 /* Assets.xcassets */,
			);
			path = Support;
			sourceTree = "<group>";
		};
		8DBB7BA12539D159009D8E27 /* Cell */ = {
			isa = PBXGroup;
			children = (
				8D52631A252C9EFA0025FA69 /* MovieTableViewCell.swift */,
				8D52631B252C9EFA0025FA69 /* MovieTableViewCell.xib */,
				8D526321252C9F200025FA69 /* MovieCollectionViewCell.swift */,
				8D526322252C9F200025FA69 /* MovieCollectionViewCell.xib */,
			);
			path = Cell;
			sourceTree = "<group>";
		};
/* End PBXGroup section */

/* Begin PBXNativeTarget section */
		8D5262BE252C94A30025FA69 /* BoxOffice */ = {
			isa = PBXNativeTarget;
			buildConfigurationList = 8D5262E9252C94A60025FA69 /* Build configuration list for PBXNativeTarget "BoxOffice" */;
			buildPhases = (
				8D5262BB252C94A30025FA69 /* Sources */,
				8D5262BC252C94A30025FA69 /* Frameworks */,
				8D5262BD252C94A30025FA69 /* Resources */,
			);
			buildRules = (
			);
			dependencies = (
			);
			name = BoxOffice;
			productName = BoxOffice;
			productReference = 8D5262BF252C94A30025FA69 /* BoxOffice.app */;
			productType = "com.apple.product-type.application";
		};
		8D5262D4252C94A60025FA69 /* BoxOfficeTests */ = {
			isa = PBXNativeTarget;
			buildConfigurationList = 8D5262EC252C94A60025FA69 /* Build configuration list for PBXNativeTarget "BoxOfficeTests" */;
			buildPhases = (
				8D5262D1252C94A60025FA69 /* Sources */,
				8D5262D2252C94A60025FA69 /* Frameworks */,
				8D5262D3252C94A60025FA69 /* Resources */,
			);
			buildRules = (
			);
			dependencies = (
				8D5262D7252C94A60025FA69 /* PBXTargetDependency */,
			);
			name = BoxOfficeTests;
			productName = BoxOfficeTests;
			productReference = 8D5262D5252C94A60025FA69 /* BoxOfficeTests.xctest */;
			productType = "com.apple.product-type.bundle.unit-test";
		};
		8D5262DF252C94A60025FA69 /* BoxOfficeUITests */ = {
			isa = PBXNativeTarget;
			buildConfigurationList = 8D5262EF252C94A60025FA69 /* Build configuration list for PBXNativeTarget "BoxOfficeUITests" */;
			buildPhases = (
				8D5262DC252C94A60025FA69 /* Sources */,
				8D5262DD252C94A60025FA69 /* Frameworks */,
				8D5262DE252C94A60025FA69 /* Resources */,
			);
			buildRules = (
			);
			dependencies = (
				8D5262E2252C94A60025FA69 /* PBXTargetDependency */,
			);
			name = BoxOfficeUITests;
			productName = BoxOfficeUITests;
			productReference = 8D5262E0252C94A60025FA69 /* BoxOfficeUITests.xctest */;
			productType = "com.apple.product-type.bundle.ui-testing";
		};
/* End PBXNativeTarget section */

/* Begin PBXProject section */
		8D5262B7252C94A30025FA69 /* Project object */ = {
			isa = PBXProject;
			attributes = {
				LastSwiftUpdateCheck = 1200;
				LastUpgradeCheck = 1200;
				TargetAttributes = {
					8D5262BE252C94A30025FA69 = {
						CreatedOnToolsVersion = 12.0.1;
					};
					8D5262D4252C94A60025FA69 = {
						CreatedOnToolsVersion = 12.0.1;
						TestTargetID = 8D5262BE252C94A30025FA69;
					};
					8D5262DF252C94A60025FA69 = {
						CreatedOnToolsVersion = 12.0.1;
						TestTargetID = 8D5262BE252C94A30025FA69;
					};
				};
			};
			buildConfigurationList = 8D5262BA252C94A30025FA69 /* Build configuration list for PBXProject "BoxOffice" */;
			compatibilityVersion = "Xcode 9.3";
			developmentRegion = en;
			hasScannedForEncodings = 0;
			knownRegions = (
				en,
				Base,
			);
			mainGroup = 8D5262B6252C94A30025FA69;
			productRefGroup = 8D5262C0252C94A30025FA69 /* Products */;
			projectDirPath = "";
			projectRoot = "";
			targets = (
				8D5262BE252C94A30025FA69 /* BoxOffice */,
				8D5262D4252C94A60025FA69 /* BoxOfficeTests */,
				8D5262DF252C94A60025FA69 /* BoxOfficeUITests */,
			);
		};
/* End PBXProject section */

/* Begin PBXResourcesBuildPhase section */
		8D5262BD252C94A30025FA69 /* Resources */ = {
			isa = PBXResourcesBuildPhase;
			buildActionMask = 2147483647;
			files = (
				8D526324252C9F200025FA69 /* MovieCollectionViewCell.xib in Resources */,
				8D0EE7A42539F698004DC044 /* MovieDetailInfomationTableViewCell.xib in Resources */,
				8D5262CF252C94A60025FA69 /* LaunchScreen.storyboard in Resources */,
				8D0EE7AB2539F6BD004DC044 /* MovieSynopsisTableViewCell.xib in Resources */,
				8D0EE7D1253A0470004DC044 /* CommentSectionHeader.xib in Resources */,
				8D5262CC252C94A60025FA69 /* Assets.xcassets in Resources */,
				8D52631D252C9EFA0025FA69 /* MovieTableViewCell.xib in Resources */,
				8D0EE7C22539F787004DC044 /* MovieDirectorTableViewCell.xib in Resources */,
				8D0EE7CA2539FFC1004DC044 /* CommentTableViewCell.xib in Resources */,
				8D5262CA252C94A30025FA69 /* Main.storyboard in Resources */,
			);
			runOnlyForDeploymentPostprocessing = 0;
		};
		8D5262D3252C94A60025FA69 /* Resources */ = {
			isa = PBXResourcesBuildPhase;
			buildActionMask = 2147483647;
			files = (
			);
			runOnlyForDeploymentPostprocessing = 0;
		};
		8D5262DE252C94A60025FA69 /* Resources */ = {
			isa = PBXResourcesBuildPhase;
			buildActionMask = 2147483647;
			files = (
			);
			runOnlyForDeploymentPostprocessing = 0;
		};
/* End PBXResourcesBuildPhase section */

/* Begin PBXSourcesBuildPhase section */
		8D5262BB252C94A30025FA69 /* Sources */ = {
			isa = PBXSourcesBuildPhase;
			buildActionMask = 2147483647;
			files = (
				8D7324642539D6F4006067F8 /* AlertController.swift in Sources */,
				8D0EE7A32539F698004DC044 /* MovieDetailInfomationTableViewCell.swift in Sources */,
				8D5262C7252C94A30025FA69 /* MovieTableViewController.swift in Sources */,
				8D526308252C9D310025FA69 /* MovieDetailViewController.swift in Sources */,
				8D0EE7C12539F787004DC044 /* MovieDirectorTableViewCell.swift in Sources */,
				8D52632C252CA69B0025FA69 /* Movie.swift in Sources */,
				8D0EE7C92539FFC1004DC044 /* CommentTableViewCell.swift in Sources */,
				8D52631C252C9EFA0025FA69 /* MovieTableViewCell.swift in Sources */,
				8D83FABD25380CCD002A7A7B /* API.swift in Sources */,
				8DA3B9CC253862A900C984FA /* MovieView.swift in Sources */,
				8D526310252C9D600025FA69 /* CommentViewController.swift in Sources */,
				8D0EE7AA2539F6BD004DC044 /* MovieSynopsisTableViewCell.swift in Sources */,
				8D0EE7D0253A0470004DC044 /* CommentSectionHeader.swift in Sources */,
				8D526303252C9CC80025FA69 /* MovieCollectionViewController.swift in Sources */,
				8D5262C3252C94A30025FA69 /* AppDelegate.swift in Sources */,
				8D5262C5252C94A30025FA69 /* SceneDelegate.swift in Sources */,
				8D1F68FF252D8EEA00A2E094 /* Comment.swift in Sources */,
				8D526323252C9F200025FA69 /* MovieCollectionViewCell.swift in Sources */,
			);
			runOnlyForDeploymentPostprocessing = 0;
		};
		8D5262D1252C94A60025FA69 /* Sources */ = {
			isa = PBXSourcesBuildPhase;
			buildActionMask = 2147483647;
			files = (
				8D5262DA252C94A60025FA69 /* BoxOfficeTests.swift in Sources */,
			);
			runOnlyForDeploymentPostprocessing = 0;
		};
		8D5262DC252C94A60025FA69 /* Sources */ = {
			isa = PBXSourcesBuildPhase;
			buildActionMask = 2147483647;
			files = (
				8D5262E5252C94A60025FA69 /* BoxOfficeUITests.swift in Sources */,
			);
			runOnlyForDeploymentPostprocessing = 0;
		};
/* End PBXSourcesBuildPhase section */

/* Begin PBXTargetDependency section */
		8D5262D7252C94A60025FA69 /* PBXTargetDependency */ = {
			isa = PBXTargetDependency;
			target = 8D5262BE252C94A30025FA69 /* BoxOffice */;
			targetProxy = 8D5262D6252C94A60025FA69 /* PBXContainerItemProxy */;
		};
		8D5262E2252C94A60025FA69 /* PBXTargetDependency */ = {
			isa = PBXTargetDependency;
			target = 8D5262BE252C94A30025FA69 /* BoxOffice */;
			targetProxy = 8D5262E1252C94A60025FA69 /* PBXContainerItemProxy */;
		};
/* End PBXTargetDependency section */

/* Begin PBXVariantGroup section */
		8D5262C8252C94A30025FA69 /* Main.storyboard */ = {
			isa = PBXVariantGroup;
			children = (
				8D5262C9252C94A30025FA69 /* Base */,
			);
			name = Main.storyboard;
			sourceTree = "<group>";
		};
		8D5262CD252C94A60025FA69 /* LaunchScreen.storyboard */ = {
			isa = PBXVariantGroup;
			children = (
				8D5262CE252C94A60025FA69 /* Base */,
			);
			name = LaunchScreen.storyboard;
			sourceTree = "<group>";
		};
/* End PBXVariantGroup section */

/* Begin XCBuildConfiguration section */
		8D5262E7252C94A60025FA69 /* Debug */ = {
			isa = XCBuildConfiguration;
			buildSettings = {
				ALWAYS_SEARCH_USER_PATHS = NO;
				CLANG_ANALYZER_NONNULL = YES;
				CLANG_ANALYZER_NUMBER_OBJECT_CONVERSION = YES_AGGRESSIVE;
				CLANG_CXX_LANGUAGE_STANDARD = "gnu++14";
				CLANG_CXX_LIBRARY = "libc++";
				CLANG_ENABLE_MODULES = YES;
				CLANG_ENABLE_OBJC_ARC = YES;
				CLANG_ENABLE_OBJC_WEAK = YES;
				CLANG_WARN_BLOCK_CAPTURE_AUTORELEASING = YES;
				CLANG_WARN_BOOL_CONVERSION = YES;
				CLANG_WARN_COMMA = YES;
				CLANG_WARN_CONSTANT_CONVERSION = YES;
				CLANG_WARN_DEPRECATED_OBJC_IMPLEMENTATIONS = YES;
				CLANG_WARN_DIRECT_OBJC_ISA_USAGE = YES_ERROR;
				CLANG_WARN_DOCUMENTATION_COMMENTS = YES;
				CLANG_WARN_EMPTY_BODY = YES;
				CLANG_WARN_ENUM_CONVERSION = YES;
				CLANG_WARN_INFINITE_RECURSION = YES;
				CLANG_WARN_INT_CONVERSION = YES;
				CLANG_WARN_NON_LITERAL_NULL_CONVERSION = YES;
				CLANG_WARN_OBJC_IMPLICIT_RETAIN_SELF = YES;
				CLANG_WARN_OBJC_LITERAL_CONVERSION = YES;
				CLANG_WARN_OBJC_ROOT_CLASS = YES_ERROR;
				CLANG_WARN_QUOTED_INCLUDE_IN_FRAMEWORK_HEADER = YES;
				CLANG_WARN_RANGE_LOOP_ANALYSIS = YES;
				CLANG_WARN_STRICT_PROTOTYPES = YES;
				CLANG_WARN_SUSPICIOUS_MOVE = YES;
				CLANG_WARN_UNGUARDED_AVAILABILITY = YES_AGGRESSIVE;
				CLANG_WARN_UNREACHABLE_CODE = YES;
				CLANG_WARN__DUPLICATE_METHOD_MATCH = YES;
				COPY_PHASE_STRIP = NO;
				DEBUG_INFORMATION_FORMAT = dwarf;
				ENABLE_STRICT_OBJC_MSGSEND = YES;
				ENABLE_TESTABILITY = YES;
				GCC_C_LANGUAGE_STANDARD = gnu11;
				GCC_DYNAMIC_NO_PIC = NO;
				GCC_NO_COMMON_BLOCKS = YES;
				GCC_OPTIMIZATION_LEVEL = 0;
				GCC_PREPROCESSOR_DEFINITIONS = (
					"DEBUG=1",
					"$(inherited)",
				);
				GCC_WARN_64_TO_32_BIT_CONVERSION = YES;
				GCC_WARN_ABOUT_RETURN_TYPE = YES_ERROR;
				GCC_WARN_UNDECLARED_SELECTOR = YES;
				GCC_WARN_UNINITIALIZED_AUTOS = YES_AGGRESSIVE;
				GCC_WARN_UNUSED_FUNCTION = YES;
				GCC_WARN_UNUSED_VARIABLE = YES;
				IPHONEOS_DEPLOYMENT_TARGET = 14.0;
				MTL_ENABLE_DEBUG_INFO = INCLUDE_SOURCE;
				MTL_FAST_MATH = YES;
				ONLY_ACTIVE_ARCH = YES;
				SDKROOT = iphoneos;
				SWIFT_ACTIVE_COMPILATION_CONDITIONS = DEBUG;
				SWIFT_OPTIMIZATION_LEVEL = "-Onone";
			};
			name = Debug;
		};
		8D5262E8252C94A60025FA69 /* Release */ = {
			isa = XCBuildConfiguration;
			buildSettings = {
				ALWAYS_SEARCH_USER_PATHS = NO;
				CLANG_ANALYZER_NONNULL = YES;
				CLANG_ANALYZER_NUMBER_OBJECT_CONVERSION = YES_AGGRESSIVE;
				CLANG_CXX_LANGUAGE_STANDARD = "gnu++14";
				CLANG_CXX_LIBRARY = "libc++";
				CLANG_ENABLE_MODULES = YES;
				CLANG_ENABLE_OBJC_ARC = YES;
				CLANG_ENABLE_OBJC_WEAK = YES;
				CLANG_WARN_BLOCK_CAPTURE_AUTORELEASING = YES;
				CLANG_WARN_BOOL_CONVERSION = YES;
				CLANG_WARN_COMMA = YES;
				CLANG_WARN_CONSTANT_CONVERSION = YES;
				CLANG_WARN_DEPRECATED_OBJC_IMPLEMENTATIONS = YES;
				CLANG_WARN_DIRECT_OBJC_ISA_USAGE = YES_ERROR;
				CLANG_WARN_DOCUMENTATION_COMMENTS = YES;
				CLANG_WARN_EMPTY_BODY = YES;
				CLANG_WARN_ENUM_CONVERSION = YES;
				CLANG_WARN_INFINITE_RECURSION = YES;
				CLANG_WARN_INT_CONVERSION = YES;
				CLANG_WARN_NON_LITERAL_NULL_CONVERSION = YES;
				CLANG_WARN_OBJC_IMPLICIT_RETAIN_SELF = YES;
				CLANG_WARN_OBJC_LITERAL_CONVERSION = YES;
				CLANG_WARN_OBJC_ROOT_CLASS = YES_ERROR;
				CLANG_WARN_QUOTED_INCLUDE_IN_FRAMEWORK_HEADER = YES;
				CLANG_WARN_RANGE_LOOP_ANALYSIS = YES;
				CLANG_WARN_STRICT_PROTOTYPES = YES;
				CLANG_WARN_SUSPICIOUS_MOVE = YES;
				CLANG_WARN_UNGUARDED_AVAILABILITY = YES_AGGRESSIVE;
				CLANG_WARN_UNREACHABLE_CODE = YES;
				CLANG_WARN__DUPLICATE_METHOD_MATCH = YES;
				COPY_PHASE_STRIP = NO;
				DEBUG_INFORMATION_FORMAT = "dwarf-with-dsym";
				ENABLE_NS_ASSERTIONS = NO;
				ENABLE_STRICT_OBJC_MSGSEND = YES;
				GCC_C_LANGUAGE_STANDARD = gnu11;
				GCC_NO_COMMON_BLOCKS = YES;
				GCC_WARN_64_TO_32_BIT_CONVERSION = YES;
				GCC_WARN_ABOUT_RETURN_TYPE = YES_ERROR;
				GCC_WARN_UNDECLARED_SELECTOR = YES;
				GCC_WARN_UNINITIALIZED_AUTOS = YES_AGGRESSIVE;
				GCC_WARN_UNUSED_FUNCTION = YES;
				GCC_WARN_UNUSED_VARIABLE = YES;
				IPHONEOS_DEPLOYMENT_TARGET = 14.0;
				MTL_ENABLE_DEBUG_INFO = NO;
				MTL_FAST_MATH = YES;
				SDKROOT = iphoneos;
				SWIFT_COMPILATION_MODE = wholemodule;
				SWIFT_OPTIMIZATION_LEVEL = "-O";
				VALIDATE_PRODUCT = YES;
			};
			name = Release;
		};
		8D5262EA252C94A60025FA69 /* Debug */ = {
			isa = XCBuildConfiguration;
			buildSettings = {
				ASSETCATALOG_COMPILER_APPICON_NAME = AppIcon;
				ASSETCATALOG_COMPILER_GLOBAL_ACCENT_COLOR_NAME = AccentColor;
				CODE_SIGN_STYLE = Automatic;
				INFOPLIST_FILE = BoxOffice/Info.plist;
				LD_RUNPATH_SEARCH_PATHS = (
					"$(inherited)",
					"@executable_path/Frameworks",
				);
				PRODUCT_BUNDLE_IDENTIFIER = com.younoah.BoxOffice;
				PRODUCT_NAME = "$(TARGET_NAME)";
				SWIFT_VERSION = 5.0;
				TARGETED_DEVICE_FAMILY = "1,2";
			};
			name = Debug;
		};
		8D5262EB252C94A60025FA69 /* Release */ = {
			isa = XCBuildConfiguration;
			buildSettings = {
				ASSETCATALOG_COMPILER_APPICON_NAME = AppIcon;
				ASSETCATALOG_COMPILER_GLOBAL_ACCENT_COLOR_NAME = AccentColor;
				CODE_SIGN_STYLE = Automatic;
				INFOPLIST_FILE = BoxOffice/Info.plist;
				LD_RUNPATH_SEARCH_PATHS = (
					"$(inherited)",
					"@executable_path/Frameworks",
				);
				PRODUCT_BUNDLE_IDENTIFIER = com.younoah.BoxOffice;
				PRODUCT_NAME = "$(TARGET_NAME)";
				SWIFT_VERSION = 5.0;
				TARGETED_DEVICE_FAMILY = "1,2";
			};
			name = Release;
		};
		8D5262ED252C94A60025FA69 /* Debug */ = {
			isa = XCBuildConfiguration;
			buildSettings = {
				ALWAYS_EMBED_SWIFT_STANDARD_LIBRARIES = YES;
				BUNDLE_LOADER = "$(TEST_HOST)";
				CODE_SIGN_STYLE = Automatic;
				INFOPLIST_FILE = BoxOfficeTests/Info.plist;
				IPHONEOS_DEPLOYMENT_TARGET = 14.0;
				LD_RUNPATH_SEARCH_PATHS = (
					"$(inherited)",
					"@executable_path/Frameworks",
					"@loader_path/Frameworks",
				);
				PRODUCT_BUNDLE_IDENTIFIER = com.younoah.BoxOfficeTests;
				PRODUCT_NAME = "$(TARGET_NAME)";
				SWIFT_VERSION = 5.0;
				TARGETED_DEVICE_FAMILY = "1,2";
				TEST_HOST = "$(BUILT_PRODUCTS_DIR)/BoxOffice.app/BoxOffice";
			};
			name = Debug;
		};
		8D5262EE252C94A60025FA69 /* Release */ = {
			isa = XCBuildConfiguration;
			buildSettings = {
				ALWAYS_EMBED_SWIFT_STANDARD_LIBRARIES = YES;
				BUNDLE_LOADER = "$(TEST_HOST)";
				CODE_SIGN_STYLE = Automatic;
				INFOPLIST_FILE = BoxOfficeTests/Info.plist;
				IPHONEOS_DEPLOYMENT_TARGET = 14.0;
				LD_RUNPATH_SEARCH_PATHS = (
					"$(inherited)",
					"@executable_path/Frameworks",
					"@loader_path/Frameworks",
				);
				PRODUCT_BUNDLE_IDENTIFIER = com.younoah.BoxOfficeTests;
				PRODUCT_NAME = "$(TARGET_NAME)";
				SWIFT_VERSION = 5.0;
				TARGETED_DEVICE_FAMILY = "1,2";
				TEST_HOST = "$(BUILT_PRODUCTS_DIR)/BoxOffice.app/BoxOffice";
			};
			name = Release;
		};
		8D5262F0252C94A60025FA69 /* Debug */ = {
			isa = XCBuildConfiguration;
			buildSettings = {
				ALWAYS_EMBED_SWIFT_STANDARD_LIBRARIES = YES;
				CODE_SIGN_STYLE = Automatic;
				INFOPLIST_FILE = BoxOfficeUITests/Info.plist;
				LD_RUNPATH_SEARCH_PATHS = (
					"$(inherited)",
					"@executable_path/Frameworks",
					"@loader_path/Frameworks",
				);
				PRODUCT_BUNDLE_IDENTIFIER = com.younoah.BoxOfficeUITests;
				PRODUCT_NAME = "$(TARGET_NAME)";
				SWIFT_VERSION = 5.0;
				TARGETED_DEVICE_FAMILY = "1,2";
				TEST_TARGET_NAME = BoxOffice;
			};
			name = Debug;
		};
		8D5262F1252C94A60025FA69 /* Release */ = {
			isa = XCBuildConfiguration;
			buildSettings = {
				ALWAYS_EMBED_SWIFT_STANDARD_LIBRARIES = YES;
				CODE_SIGN_STYLE = Automatic;
				INFOPLIST_FILE = BoxOfficeUITests/Info.plist;
				LD_RUNPATH_SEARCH_PATHS = (
					"$(inherited)",
					"@executable_path/Frameworks",
					"@loader_path/Frameworks",
				);
				PRODUCT_BUNDLE_IDENTIFIER = com.younoah.BoxOfficeUITests;
				PRODUCT_NAME = "$(TARGET_NAME)";
				SWIFT_VERSION = 5.0;
				TARGETED_DEVICE_FAMILY = "1,2";
				TEST_TARGET_NAME = BoxOffice;
			};
			name = Release;
		};
/* End XCBuildConfiguration section */

/* Begin XCConfigurationList section */
		8D5262BA252C94A30025FA69 /* Build configuration list for PBXProject "BoxOffice" */ = {
			isa = XCConfigurationList;
			buildConfigurations = (
				8D5262E7252C94A60025FA69 /* Debug */,
				8D5262E8252C94A60025FA69 /* Release */,
			);
			defaultConfigurationIsVisible = 0;
			defaultConfigurationName = Release;
		};
		8D5262E9252C94A60025FA69 /* Build configuration list for PBXNativeTarget "BoxOffice" */ = {
			isa = XCConfigurationList;
			buildConfigurations = (
				8D5262EA252C94A60025FA69 /* Debug */,
				8D5262EB252C94A60025FA69 /* Release */,
			);
			defaultConfigurationIsVisible = 0;
			defaultConfigurationName = Release;
		};
		8D5262EC252C94A60025FA69 /* Build configuration list for PBXNativeTarget "BoxOfficeTests" */ = {
			isa = XCConfigurationList;
			buildConfigurations = (
				8D5262ED252C94A60025FA69 /* Debug */,
				8D5262EE252C94A60025FA69 /* Release */,
			);
			defaultConfigurationIsVisible = 0;
			defaultConfigurationName = Release;
		};
		8D5262EF252C94A60025FA69 /* Build configuration list for PBXNativeTarget "BoxOfficeUITests" */ = {
			isa = XCConfigurationList;
			buildConfigurations = (
				8D5262F0252C94A60025FA69 /* Debug */,
				8D5262F1252C94A60025FA69 /* Release */,
			);
			defaultConfigurationIsVisible = 0;
			defaultConfigurationName = Release;
		};
/* End XCConfigurationList section */
	};
	rootObject = 8D5262B7252C94A30025FA69 /* Project object */;
}
